PODS:
  - AcknowList (1.9.2)
  - Action (3.11.0):
    - RxCocoa (~> 4.0)
    - RxSwift (~> 4.0)
  - Alamofire (4.9.0)
  - Crashlytics (3.14.0):
    - Fabric (~> 1.10.2)
  - Differentiator (3.1.0)
  - EarlGrey (1.15.1)
  - Fabric (1.10.2)
  - Fakery (4.1.1)
  - Firebase/ABTesting (6.11.0):
    - Firebase/CoreOnly
    - FirebaseABTesting (~> 3.1.2)
  - Firebase/Analytics (6.11.0):
    - Firebase/Core
  - Firebase/Core (6.11.0):
    - Firebase/CoreOnly
    - FirebaseAnalytics (= 6.1.3)
  - Firebase/CoreOnly (6.11.0):
    - FirebaseCore (= 6.3.2)
  - Firebase/Database (6.11.0):
    - Firebase/CoreOnly
    - FirebaseDatabase (~> 6.1.1)
  - Firebase/Performance (6.11.0):
    - Firebase/CoreOnly
    - FirebasePerformance (~> 3.1.5)
  - Firebase/RemoteConfig (6.11.0):
    - Firebase/CoreOnly
    - FirebaseRemoteConfig (~> 4.4.3)
  - FirebaseABTesting (3.1.2):
    - FirebaseAnalyticsInterop (~> 1.3)
    - FirebaseCore (~> 6.1)
    - Protobuf (>= 3.9.2, ~> 3.9)
  - FirebaseAnalytics (6.1.3):
    - FirebaseCore (~> 6.3)
    - FirebaseInstanceID (~> 4.2)
    - GoogleAppMeasurement (= 6.1.3)
    - GoogleUtilities/AppDelegateSwizzler (~> 6.0)
    - GoogleUtilities/MethodSwizzler (~> 6.0)
    - GoogleUtilities/Network (~> 6.0)
    - "GoogleUtilities/NSData+zlib (~> 6.0)"
    - nanopb (~> 0.3.901)
  - FirebaseAnalyticsInterop (1.4.0)
  - FirebaseAuthInterop (1.0.0)
  - FirebaseCore (6.3.2):
    - FirebaseCoreDiagnostics (~> 1.0)
    - FirebaseCoreDiagnosticsInterop (~> 1.0)
    - GoogleUtilities/Environment (~> 6.2)
    - GoogleUtilities/Logger (~> 6.2)
  - FirebaseCoreDiagnostics (1.1.1):
    - FirebaseCoreDiagnosticsInterop (~> 1.0)
    - GoogleDataTransportCCTSupport (~> 1.0)
    - GoogleUtilities/Environment (~> 6.2)
    - GoogleUtilities/Logger (~> 6.2)
    - nanopb (~> 0.3.901)
  - FirebaseCoreDiagnosticsInterop (1.0.0)
  - FirebaseDatabase (6.1.1):
    - FirebaseAuthInterop (~> 1.0)
    - FirebaseCore (~> 6.0)
    - leveldb-library (~> 1.22)
  - FirebaseInstanceID (4.2.6):
    - FirebaseCore (~> 6.0)
    - GoogleUtilities/Environment (~> 6.0)
    - GoogleUtilities/UserDefaults (~> 6.0)
  - FirebasePerformance (3.1.5):
    - FirebaseCore (~> 6.3)
    - FirebaseInstanceID (~> 4.2)
    - FirebaseRemoteConfig (~> 4.4)
    - GoogleToolboxForMac/Logger (~> 2.1)
    - "GoogleToolboxForMac/NSData+zlib (~> 2.1)"
    - GoogleUtilities/Environment (~> 6.2)
    - GoogleUtilities/ISASwizzler (~> 6.2)
    - GoogleUtilities/MethodSwizzler (~> 6.2)
    - GTMSessionFetcher/Core (~> 1.1)
    - Protobuf (~> 3.9)
  - FirebaseRemoteConfig (4.4.3):
    - FirebaseABTesting (~> 3.1)
    - FirebaseAnalyticsInterop (~> 1.4)
    - FirebaseCore (~> 6.2)
    - FirebaseInstanceID (~> 4.2)
    - GoogleUtilities/Environment (~> 6.2)
    - "GoogleUtilities/NSData+zlib (~> 6.2)"
    - Protobuf (>= 3.9.2, ~> 3.9)
  - Freedom (2.4.0)
  - GoogleAppMeasurement (6.1.3):
    - GoogleUtilities/AppDelegateSwizzler (~> 6.0)
    - GoogleUtilities/MethodSwizzler (~> 6.0)
    - GoogleUtilities/Network (~> 6.0)
    - "GoogleUtilities/NSData+zlib (~> 6.0)"
    - nanopb (~> 0.3.901)
  - GoogleDataTransport (3.0.1)
  - GoogleDataTransportCCTSupport (1.2.1):
    - GoogleDataTransport (~> 3.0)
    - nanopb (~> 0.3.901)
  - GoogleToolboxForMac/Defines (2.2.2)
  - GoogleToolboxForMac/Logger (2.2.2):
    - GoogleToolboxForMac/Defines (= 2.2.2)
  - "GoogleToolboxForMac/NSData+zlib (2.2.2)":
    - GoogleToolboxForMac/Defines (= 2.2.2)
  - GoogleUtilities/AppDelegateSwizzler (6.3.1):
    - GoogleUtilities/Environment
    - GoogleUtilities/Logger
    - GoogleUtilities/Network
  - GoogleUtilities/Environment (6.3.1)
  - GoogleUtilities/ISASwizzler (6.3.1)
  - GoogleUtilities/Logger (6.3.1):
    - GoogleUtilities/Environment
  - GoogleUtilities/MethodSwizzler (6.3.1):
    - GoogleUtilities/Logger
  - GoogleUtilities/Network (6.3.1):
    - GoogleUtilities/Logger
    - "GoogleUtilities/NSData+zlib"
    - GoogleUtilities/Reachability
  - "GoogleUtilities/NSData+zlib (6.3.1)"
  - GoogleUtilities/Reachability (6.3.1):
    - GoogleUtilities/Logger
  - GoogleUtilities/UserDefaults (6.3.1):
    - GoogleUtilities/Logger
  - GRDB.swift (3.5.0)
  - GTMSessionFetcher/Core (1.3.0)
  - IBLinter (0.4.20)
  - iOSSnapshotTestCase (6.1.0):
    - iOSSnapshotTestCase/SwiftSupport (= 6.1.0)
  - iOSSnapshotTestCase/Core (6.1.0)
  - iOSSnapshotTestCase/SwiftSupport (6.1.0):
    - iOSSnapshotTestCase/Core
  - Kanna (5.0.0)
  - Keys (1.0.1)
  - leveldb-library (1.22)
  - MaterialComponents/ActivityIndicator (92.5.0):
    - MaterialComponents/Palettes
    - MaterialComponents/private/Application
    - MDFInternationalization
    - MotionAnimator (~> 2.0)
  - "MaterialComponents/ActivityIndicator+ColorThemer (92.5.0)":
    - MaterialComponents/ActivityIndicator
    - MaterialComponents/schemes/Color
  - MaterialComponents/AnimationTiming (92.5.0)
  - MaterialComponents/AppBar (92.5.0):
    - MaterialComponents/FlexibleHeader
    - MaterialComponents/HeaderStackView
    - MaterialComponents/NavigationBar
    - MaterialComponents/private/Application
    - MaterialComponents/private/Icons/ic_arrow_back
    - MaterialComponents/private/UIMetrics
    - MaterialComponents/ShadowElevations
    - MaterialComponents/ShadowLayer
    - MaterialComponents/Typography
    - MDFInternationalization
  - "MaterialComponents/AppBar+ColorThemer (92.5.0)":
    - MaterialComponents/AppBar
    - "MaterialComponents/FlexibleHeader+ColorThemer"
    - "MaterialComponents/NavigationBar+ColorThemer"
    - MaterialComponents/Themes
  - "MaterialComponents/AppBar+TypographyThemer (92.5.0)":
    - MaterialComponents/AppBar
    - "MaterialComponents/NavigationBar+TypographyThemer"
  - MaterialComponents/BottomSheet (92.5.0):
    - MaterialComponents/Elevation
    - MaterialComponents/private/KeyboardWatcher
    - MaterialComponents/private/Math
    - MaterialComponents/ShadowElevations
    - MaterialComponents/ShadowLayer
    - MaterialComponents/ShapeLibrary
    - MaterialComponents/Shapes
  - MaterialComponents/ButtonBar (92.5.0):
    - MaterialComponents/Buttons
    - MaterialComponents/private/Application
    - MDFInternationalization
  - MaterialComponents/Buttons (92.5.0):
    - MaterialComponents/Elevation
    - MaterialComponents/Ink
    - MaterialComponents/private/Math
    - MaterialComponents/Ripple
    - MaterialComponents/ShadowElevations
    - MaterialComponents/ShadowLayer
    - MaterialComponents/Shapes
    - MaterialComponents/Typography
    - MDFInternationalization
    - MDFTextAccessibility
  - MaterialComponents/Cards (92.5.0):
    - MaterialComponents/Elevation
    - MaterialComponents/Ink
    - MaterialComponents/private/Icons/ic_check_circle
    - MaterialComponents/private/Math
    - MaterialComponents/Ripple
    - MaterialComponents/ShadowLayer
    - MaterialComponents/Shapes
  - "MaterialComponents/Cards+ColorThemer (92.5.0)":
    - MaterialComponents/Cards
    - MaterialComponents/schemes/Color
  - MaterialComponents/CollectionCells (92.5.0):
    - MaterialComponents/CollectionLayoutAttributes
    - MaterialComponents/Ink
    - MaterialComponents/Palettes
    - MaterialComponents/private/Icons/ic_check
    - MaterialComponents/private/Icons/ic_check_circle
    - MaterialComponents/private/Icons/ic_chevron_right
    - MaterialComponents/private/Icons/ic_info
    - MaterialComponents/private/Icons/ic_radio_button_unchecked
    - MaterialComponents/private/Icons/ic_reorder
    - MaterialComponents/private/Math
    - MaterialComponents/Typography
    - MDFInternationalization
  - MaterialComponents/CollectionLayoutAttributes (92.5.0)
  - MaterialComponents/Collections (92.5.0):
    - MaterialComponents/CollectionCells
    - MaterialComponents/CollectionLayoutAttributes
    - MaterialComponents/Ink
    - MaterialComponents/Palettes
    - MaterialComponents/ShadowElevations
    - MaterialComponents/ShadowLayer
    - MaterialComponents/Typography
  - MaterialComponents/Elevation (92.5.0):
    - MaterialComponents/private/Color
    - MaterialComponents/private/Math
  - MaterialComponents/FlexibleHeader (92.5.0):
    - MaterialComponents/Elevation
    - MaterialComponents/private/Application
    - MaterialComponents/private/Math
    - MaterialComponents/private/UIMetrics
    - MaterialComponents/ShadowElevations
    - MaterialComponents/ShadowLayer
    - MDFTextAccessibility
  - "MaterialComponents/FlexibleHeader+ColorThemer (92.5.0)":
    - MaterialComponents/FlexibleHeader
    - MaterialComponents/schemes/Color
  - MaterialComponents/HeaderStackView (92.5.0)
  - MaterialComponents/Ink (92.5.0):
    - MaterialComponents/private/Color
    - MaterialComponents/private/Math
  - MaterialComponents/NavigationBar (92.5.0):
    - MaterialComponents/ButtonBar
    - MaterialComponents/Elevation
    - MaterialComponents/private/Math
    - MaterialComponents/Typography
    - MDFInternationalization
    - MDFTextAccessibility
  - "MaterialComponents/NavigationBar+ColorThemer (92.5.0)":
    - MaterialComponents/NavigationBar
    - MaterialComponents/schemes/Color
  - "MaterialComponents/NavigationBar+TypographyThemer (92.5.0)":
    - MaterialComponents/NavigationBar
    - MaterialComponents/schemes/Typography
  - MaterialComponents/Palettes (92.5.0)
  - MaterialComponents/private/Application (92.5.0)
  - MaterialComponents/private/Color (92.5.0)
  - MaterialComponents/private/Icons/Base (92.5.0)
  - MaterialComponents/private/Icons/ic_arrow_back (92.5.0):
    - MaterialComponents/private/Icons/Base
  - MaterialComponents/private/Icons/ic_check (92.5.0):
    - MaterialComponents/private/Icons/Base
  - MaterialComponents/private/Icons/ic_check_circle (92.5.0):
    - MaterialComponents/private/Icons/Base
  - MaterialComponents/private/Icons/ic_chevron_right (92.5.0):
    - MaterialComponents/private/Icons/Base
  - MaterialComponents/private/Icons/ic_info (92.5.0):
    - MaterialComponents/private/Icons/Base
  - MaterialComponents/private/Icons/ic_radio_button_unchecked (92.5.0):
    - MaterialComponents/private/Icons/Base
  - MaterialComponents/private/Icons/ic_reorder (92.5.0):
    - MaterialComponents/private/Icons/Base
  - MaterialComponents/private/KeyboardWatcher (92.5.0):
    - MaterialComponents/private/Application
  - MaterialComponents/private/Math (92.5.0)
  - MaterialComponents/private/UIMetrics (92.5.0):
    - MaterialComponents/private/Application
  - MaterialComponents/ProgressView (92.5.0):
    - MaterialComponents/Palettes
    - MaterialComponents/private/Math
    - MDFInternationalization
    - MotionAnimator (~> 2.1)
  - "MaterialComponents/ProgressView+ColorThemer (92.5.0)":
    - MaterialComponents/ProgressView
    - MaterialComponents/Themes
  - MaterialComponents/Ripple (92.5.0):
    - MaterialComponents/AnimationTiming
    - MaterialComponents/private/Color
    - MaterialComponents/private/Math
  - MaterialComponents/schemes/Color (92.5.0):
    - MaterialComponents/private/Color
  - MaterialComponents/schemes/Typography (92.5.0):
    - "MaterialComponents/schemes/Typography+BasicFontScheme"
    - MaterialComponents/Typography
  - "MaterialComponents/schemes/Typography+BasicFontScheme (92.5.0)"
  - MaterialComponents/ShadowElevations (92.5.0)
  - MaterialComponents/ShadowLayer (92.5.0):
    - MaterialComponents/ShadowElevations
  - MaterialComponents/ShapeLibrary (92.5.0):
    - MaterialComponents/private/Math
    - MaterialComponents/Shapes
  - MaterialComponents/Shapes (92.5.0):
    - MaterialComponents/private/Color
    - MaterialComponents/private/Math
    - MaterialComponents/ShadowLayer
  - MaterialComponents/Themes (92.5.0):
    - MaterialComponents/schemes/Color
    - MaterialComponents/schemes/Typography
  - MaterialComponents/Typography (92.5.0):
    - MaterialComponents/private/Application
    - MaterialComponents/private/Math
  - MaterialDesignSymbol (2.3.2)
  - MDFInternationalization (2.0.0)
  - MDFTextAccessibility (2.0.0)
  - MotionAnimator (2.8.1):
    - MotionInterchange (~> 1.6)
  - MotionInterchange (1.6.0)
  - Moya/Core (13.0.1):
    - Alamofire (~> 4.1)
    - Result (~> 4.1)
  - Moya/RxSwift (13.0.1):
    - Moya/Core
    - RxSwift (~> 4.0)
  - nanopb (0.3.901):
    - nanopb/decode (= 0.3.901)
    - nanopb/encode (= 0.3.901)
  - nanopb/decode (0.3.901)
  - nanopb/encode (0.3.901)
  - netfox (1.16.0)
  - Nimble (8.0.4)
  - Nimble-Snapshots (8.0.0):
    - Nimble-Snapshots/Core (= 8.0.0)
  - Nimble-Snapshots/Core (8.0.0):
    - iOSSnapshotTestCase (~> 6.0)
    - Nimble (~> 8.0)
  - Nuke (8.3.0)
  - ObjcExceptionBridging (1.0.1):
    - ObjcExceptionBridging/ObjcExceptionBridging (= 1.0.1)
  - ObjcExceptionBridging/ObjcExceptionBridging (1.0.1)
  - OHHTTPStubs/Core (8.0.0)
  - OHHTTPStubs/Default (8.0.0):
    - OHHTTPStubs/Core
    - OHHTTPStubs/JSON
    - OHHTTPStubs/NSURLSession
    - OHHTTPStubs/OHPathHelpers
  - OHHTTPStubs/JSON (8.0.0):
    - OHHTTPStubs/Core
  - OHHTTPStubs/NSURLSession (8.0.0):
    - OHHTTPStubs/Core
  - OHHTTPStubs/OHPathHelpers (8.0.0)
  - OHHTTPStubs/Swift (8.0.0):
    - OHHTTPStubs/Default
  - Protobuf (3.10.0)
  - Quick (2.2.0)
  - Result (4.1.0)
  - Reusable (4.1.0):
    - Reusable/Storyboard (= 4.1.0)
    - Reusable/View (= 4.1.0)
  - Reusable/Storyboard (4.1.0)
  - Reusable/View (4.1.0)
  - RxAlamofire (4.4.1):
    - RxAlamofire/Core (= 4.4.1)
  - RxAlamofire/Core (4.4.1):
    - Alamofire (~> 4.8)
    - RxSwift (~> 4.5)
  - RxBlocking (4.5.0):
    - RxSwift (>= 4.4.2, ~> 4.4)
  - RxCocoa (4.5.0):
    - RxSwift (>= 4.4.2, ~> 4.4)
  - RxDataSources (3.1.0):
    - Differentiator (~> 3.0)
    - RxCocoa (~> 4.0)
    - RxSwift (~> 4.0)
  - RxGRDB (0.13.0):
    - RxGRDB/default (= 0.13.0)
    - RxSwift (~> 4.0)
  - RxGRDB/default (0.13.0):
    - GRDB.swift (~> 3.5)
    - RxSwift (~> 4.0)
  - RxOptional (3.6.2):
    - RxCocoa (~> 4.0)
    - RxSwift (~> 4.0)
  - RxSwift (4.5.0)
  - RxSwiftExt (3.4.0):
    - RxSwiftExt/Core (= 3.4.0)
    - RxSwiftExt/RxCocoa (= 3.4.0)
  - RxSwiftExt/Core (3.4.0):
    - RxSwift (~> 4.0)
  - RxSwiftExt/RxCocoa (3.4.0):
    - RxCocoa (~> 4.0)
    - RxSwiftExt/Core
  - RxWebKit (0.3.7):
    - RxCocoa (~> 4.0)
    - RxSwift (~> 4.0)
  - SwiftFormat/CLI (0.40.13)
  - SwiftHEXColors (1.3.1)
  - SwiftLint (0.36.0)
  - SwiftMoment (0.7)
  - Swinject (2.7.1)
  - TinyConstraints (4.0.1)
  - XCGLogger (7.0.0):
    - XCGLogger/Core (= 7.0.0)
  - XCGLogger/Core (7.0.0):
    - ObjcExceptionBridging

DEPENDENCIES:
  - AcknowList (= 1.9.2)
  - Action (= 3.11.0)
  - Crashlytics (= 3.14.0)
  - EarlGrey (= 1.15.1)
  - Fabric (= 1.10.2)
  - Fakery (= 4.1.1)
  - Firebase/ABTesting (= 6.11.0)
  - Firebase/Analytics (= 6.11.0)
  - Firebase/Core (= 6.11.0)
  - Firebase/Database (= 6.11.0)
  - Firebase/Performance (= 6.11.0)
  - Firebase/RemoteConfig (= 6.11.0)
  - Freedom (= 2.4.0)
  - IBLinter (= 0.4.20)
  - Kanna (= 5.0.0)
  - Keys (from `Pods/CocoaPodsKeys`)
  - MaterialComponents/ActivityIndicator (= 92.5.0)
  - "MaterialComponents/ActivityIndicator+ColorThemer (= 92.5.0)"
  - MaterialComponents/AppBar (= 92.5.0)
  - "MaterialComponents/AppBar+ColorThemer (= 92.5.0)"
  - "MaterialComponents/AppBar+TypographyThemer (= 92.5.0)"
  - MaterialComponents/BottomSheet (= 92.5.0)
  - MaterialComponents/Cards (= 92.5.0)
  - "MaterialComponents/Cards+ColorThemer (= 92.5.0)"
  - MaterialComponents/Collections (= 92.5.0)
  - MaterialComponents/NavigationBar (= 92.5.0)
  - "MaterialComponents/NavigationBar+ColorThemer (= 92.5.0)"
  - "MaterialComponents/NavigationBar+TypographyThemer (= 92.5.0)"
  - MaterialComponents/ProgressView (= 92.5.0)
  - "MaterialComponents/ProgressView+ColorThemer (= 92.5.0)"
  - MaterialComponents/schemes/Color (= 92.5.0)
  - MaterialComponents/schemes/Typography (= 92.5.0)
  - MaterialDesignSymbol (= 2.3.2)
  - Moya/RxSwift (= 13.0.1)
  - netfox (= 1.16.0)
  - Nimble (= 8.0.4)
  - Nimble-Snapshots (= 8.0.0)
  - Nuke (= 8.3.0)
  - OHHTTPStubs/Swift (= 8.0.0)
  - Quick (= 2.2.0)
  - Reusable (= 4.1.0)
  - RxAlamofire (= 4.4.1)
  - RxBlocking (= 4.5.0)
  - RxCocoa (= 4.5.0)
  - RxDataSources (= 3.1.0)
  - RxGRDB (= 0.13.0)
  - RxOptional (= 3.6.2)
  - RxSwift (= 4.5.0)
  - RxSwiftExt (= 3.4.0)
  - RxWebKit (= 0.3.7)
  - SwiftFormat/CLI (= 0.40.13)
  - SwiftHEXColors (= 1.3.1)
  - SwiftLint (= 0.36.0)
  - SwiftMoment (= 0.7)
  - Swinject (= 2.7.1)
  - TinyConstraints (= 4.0.1)
  - XCGLogger (= 7.0.0)

SPEC REPOS:
  https://github.com/CocoaPods/Specs.git:
    - Action
    - Alamofire
    - Crashlytics
    - Differentiator
    - EarlGrey
    - Fabric
    - Fakery
    - Freedom
    - GRDB.swift
    - iOSSnapshotTestCase
    - Kanna
    - MaterialDesignSymbol
    - Moya
    - netfox
    - Nimble
    - Nimble-Snapshots
    - ObjcExceptionBridging
    - OHHTTPStubs
    - Quick
    - Result
    - Reusable
    - RxAlamofire
    - RxBlocking
    - RxCocoa
    - RxDataSources
    - RxGRDB
    - RxOptional
    - RxSwift
    - RxSwiftExt
    - RxWebKit
    - SwiftHEXColors
    - SwiftMoment
    - Swinject
    - XCGLogger
  trunk:
    - AcknowList
    - Firebase
    - FirebaseABTesting
    - FirebaseAnalytics
    - FirebaseAnalyticsInterop
    - FirebaseAuthInterop
    - FirebaseCore
    - FirebaseCoreDiagnostics
    - FirebaseCoreDiagnosticsInterop
    - FirebaseDatabase
    - FirebaseInstanceID
    - FirebasePerformance
    - FirebaseRemoteConfig
    - GoogleAppMeasurement
    - GoogleDataTransport
    - GoogleDataTransportCCTSupport
    - GoogleToolboxForMac
    - GoogleUtilities
    - GTMSessionFetcher
    - IBLinter
    - leveldb-library
    - MaterialComponents
    - MDFInternationalization
    - MDFTextAccessibility
    - MotionAnimator
    - MotionInterchange
    - nanopb
    - Nuke
    - Protobuf
    - SwiftFormat
    - SwiftLint
    - TinyConstraints

EXTERNAL SOURCES:
  Keys:
    :path: Pods/CocoaPodsKeys

SPEC CHECKSUMS:
  AcknowList: 164431f4c3da64b0c867f5fcda24558e6283cbcf
  Action: 689181e4c3f6566844178d8a7da6fef39a9597fc
  Alamofire: afc3e7c6db61476cb45cdd23fed06bad03bbc321
  Crashlytics: 540b7e5f5da5a042647227a5e3ac51d85eed06df
  Differentiator: be49ca3408f0ecfc761e4c7763d20c62be01b9ad
  EarlGrey: 81d0aa7d9471ce89319c3bb0bc5ec2c689a6a3a7
  Fabric: 706c8b8098fff96c33c0db69cbf81f9c551d0d74
  Fakery: d3380c4aa1efe7631c0831d7e26aa9db4491f014
  Firebase: bc9cfc7a96c73268656d5aaab453ff1b4b530e0e
  FirebaseABTesting: 0d10f3cdc3fa00f3f175b5b56c1003c8e888299f
  FirebaseAnalytics: 0e3ecff2c5d86070f7d4325e21f1edabfbd558dc
  FirebaseAnalyticsInterop: d48b6ab67bcf016a05e55b71fc39c61c0cb6b7f3
  FirebaseAuthInterop: 0ffa57668be100582bb7643d4fcb7615496c41fc
  FirebaseCore: beeff42c07c30ea94702471d99db2089b594fbbd
  FirebaseCoreDiagnostics: af29e43048607588c050889d19204f4d7b758c9f
  FirebaseCoreDiagnosticsInterop: 6829da2b8d1fc795ff1bd99df751d3788035d2cb
  FirebaseDatabase: 524802f7694268c79d34aeac3d67997593e1a0c9
  FirebaseInstanceID: d0eafcd8bdbd3447cd694594734078c3e3e77d8b
  FirebasePerformance: f34a8250a9ff3c969e18bf89990486962354d9a2
  FirebaseRemoteConfig: 51df936d5dfba17f267b2344070c89e8daa3fcfb
  Freedom: f51cd6a5fc0643af1b0480d98ffa4382c31c994e
  GoogleAppMeasurement: 434cc7be25e71dc04b8d0e3079125127b330e84a
  GoogleDataTransport: 166f9b9f82cbf60a204e8fe2daa9db3e3ec1fb15
  GoogleDataTransportCCTSupport: f6ab1962e9dc05ab1fb938b795e5b310209edeec
  GoogleToolboxForMac: 800648f8b3127618c1b59c7f97684427630c5ea3
  GoogleUtilities: f895fde57977df4e0233edda0dbeac490e3703b6
  GRDB.swift: 225cf9c1354753e92e20c2a1fa2912b924c9da6e
  GTMSessionFetcher: 43b8b64263023d4f32caa0b40f4c8bfa3c5f36d8
  IBLinter: 38372029d265b3c1696a79b7bde3dec725b5e247
  iOSSnapshotTestCase: 30d540b0c8feb9d7f8ff97acc25a3804b48ee264
  Kanna: a32875df62975f8f4b871e933b4ea1a5c3b8be0f
  Keys: a576f4c9c1c641ca913a959a9c62ed3f215a8de9
  leveldb-library: 55d93ee664b4007aac644a782d11da33fba316f7
  MaterialComponents: 268edb7e34f1277b79d20f701b6ae30c7cd0179a
  MaterialDesignSymbol: 035512746602cc321c50a09a99c6ab0802f9b342
  MDFInternationalization: 010097556d6b09d2c4ea38e0820ea6d37be6a314
  MDFTextAccessibility: 85c09a1bd9c321f494348e632a25063bcda35a53
  MotionAnimator: ee16aa30567c5bae0fb2750c132915829cfaaf8a
  MotionInterchange: ead0e3ae1f3a5fb539e289debbc7ae036160a10d
  Moya: f4a4b80ff2f8a4ffc208dfb31cd91636622fee6e
  nanopb: 2901f78ea1b7b4015c860c2fdd1ea2fee1a18d48
  netfox: 4590811e5b02e392c72a924c73e000a60ee1f0c7
  Nimble: 18d5360282923225d62b09d781f63abc1a0111fc
  Nimble-Snapshots: 8ec63f41ce6c7229a17be9a64edbc123b181f75b
  Nuke: 775e35cf3c12cde80b3bff5fc7a77abb0cf29d0b
  ObjcExceptionBridging: c30e00eb3700467e695faeea30e26e18bd445001
  OHHTTPStubs: 9cbce6364bec557cc3439aa6bb7514670d780881
  Protobuf: a4dc852ad69c027ca2166ed287b856697814375b
  Quick: 7fb19e13be07b5dfb3b90d4f9824c855a11af40e
  Result: bd966fac789cc6c1563440b348ab2598cc24d5c7
  Reusable: 82be188f29d96dc5eff0db7b2393bcc08d2cdd5b
  RxAlamofire: ed65f451f5a9a59419b0b9e705043dc01410edd9
  RxBlocking: 79413e4d916f44bb3e113c5b2cc059e36fe58910
  RxCocoa: cbf70265dc65a981d4ac982e513c10cf23df24a0
  RxDataSources: a843bad90c29817f5923ec8163f4af2de084ceb3
  RxGRDB: 4e2686821ae8f8507c6d6d00d3083ae2df84fea3
  RxOptional: 80426a0ddbd092573e4c482d8cc13302078c4d5e
  RxSwift: f172070dfd1a93d70a9ab97a5a01166206e1c575
  RxSwiftExt: 01f8ecbeeb355698e9c75365ebe908b00dacf45d
  RxWebKit: e39e220919e5e24546c837f5f60689036a1e5920
  SwiftFormat: d548b3585a6dbe64390177b386e95375b8c300b6
  SwiftHEXColors: 7cc78ce189ddaff81f2ec1259b6b1dffdcda7643
  SwiftLint: fc9859e4e1752340664851f667bb1898b9c90114
  SwiftMoment: dc6dd27012e267819104cbb03f74ff9192dd0b42
  Swinject: ddf78b8486dd9b71a667b852cad919ab4484478e
  TinyConstraints: 8dd91295e56797648c7bc335dd20e1d91ec4c192
  XCGLogger: 0434f15e3909cdc450bb63faf638b8792ab782ab

PODFILE CHECKSUM: e700c212258cc0704fdddeff80ecc6b538cd3d65

COCOAPODS: 1.8.4
