PODS:
  - AcknowList (1.8)
  - Action (3.11.0):
    - RxCocoa (~> 4.0)
    - RxSwift (~> 4.0)
  - Alamofire (4.7.3)
  - AlamofireNetworkActivityLogger (2.3.0):
    - Alamofire (~> 4.6)
  - Crashlytics (3.12.0):
    - Fabric (~> 1.9.0)
  - Differentiator (3.1.0)
  - EarlGrey (1.15.0)
  - Fabric (1.9.0)
  - Fakery (3.4.0)
  - Firebase/ABTesting (5.20.2):
    - Firebase/Core
    - FirebaseABTesting (= 2.0.0)
  - Firebase/Analytics (5.20.2):
    - Firebase/Core
  - Firebase/Core (5.20.2):
    - Firebase/CoreOnly
    - FirebaseAnalytics (= 5.8.1)
  - Firebase/CoreOnly (5.20.2):
    - FirebaseCore (= 5.4.1)
  - Firebase/Database (5.20.2):
    - Firebase/CoreOnly
    - FirebaseDatabase (= 5.1.1)
  - Firebase/Performance (5.20.2):
    - Firebase/Core
    - FirebasePerformance (= 2.2.4)
  - Firebase/RemoteConfig (5.20.2):
    - Firebase/Core
    - FirebaseRemoteConfig (= 3.1.0)
  - FirebaseABTesting (2.0.0):
    - FirebaseCore (~> 5.0)
    - Protobuf (~> 3.5)
  - FirebaseAnalytics (5.8.1):
    - FirebaseCore (~> 5.4)
    - FirebaseInstanceID (~> 3.8)
    - GoogleAppMeasurement (= 5.8.1)
    - GoogleUtilities/AppDelegateSwizzler (~> 5.2)
    - GoogleUtilities/MethodSwizzler (~> 5.2)
    - GoogleUtilities/Network (~> 5.2)
    - "GoogleUtilities/NSData+zlib (~> 5.2)"
    - nanopb (~> 0.3)
  - FirebaseAuthInterop (1.0.0)
  - FirebaseCore (5.4.1):
    - GoogleUtilities/Environment (~> 5.2)
    - GoogleUtilities/Logger (~> 5.2)
  - FirebaseDatabase (5.1.1):
    - FirebaseAuthInterop (~> 1.0)
    - FirebaseCore (~> 5.2)
    - leveldb-library (~> 1.18)
  - FirebaseInstanceID (3.8.1):
    - FirebaseCore (~> 5.2)
    - GoogleUtilities/Environment (~> 5.2)
    - GoogleUtilities/UserDefaults (~> 5.2)
  - FirebasePerformance (2.2.4):
    - FirebaseAnalytics (~> 5.8)
    - FirebaseInstanceID (~> 3.8)
    - FirebaseRemoteConfig (~> 3.1)
    - GoogleToolboxForMac/Logger (~> 2.1)
    - "GoogleToolboxForMac/NSData+zlib (~> 2.1)"
    - GoogleUtilities/ISASwizzler (~> 5.2)
    - GoogleUtilities/MethodSwizzler (~> 5.2)
    - GTMSessionFetcher/Core (~> 1.1)
    - Protobuf (~> 3.5)
  - FirebaseRemoteConfig (3.1.0):
    - FirebaseABTesting (~> 2.0)
    - FirebaseAnalytics (~> 5.3)
    - FirebaseCore (~> 5.1)
    - FirebaseInstanceID (~> 3.3)
    - GoogleUtilities/Environment (~> 5.2)
    - "GoogleUtilities/NSData+zlib (~> 5.2)"
    - Protobuf (~> 3.5)
  - Freedom (2.3.0)
  - GoogleAppMeasurement (5.8.1):
    - GoogleUtilities/AppDelegateSwizzler (~> 5.2)
    - GoogleUtilities/MethodSwizzler (~> 5.2)
    - GoogleUtilities/Network (~> 5.2)
    - "GoogleUtilities/NSData+zlib (~> 5.2)"
    - nanopb (~> 0.3)
  - GoogleToolboxForMac/Defines (2.2.0)
  - GoogleToolboxForMac/Logger (2.2.0):
    - GoogleToolboxForMac/Defines (= 2.2.0)
  - "GoogleToolboxForMac/NSData+zlib (2.2.0)":
    - GoogleToolboxForMac/Defines (= 2.2.0)
  - GoogleUtilities/AppDelegateSwizzler (5.7.0):
    - GoogleUtilities/Environment
    - GoogleUtilities/Logger
    - GoogleUtilities/Network
  - GoogleUtilities/Environment (5.7.0)
  - GoogleUtilities/ISASwizzler (5.7.0)
  - GoogleUtilities/Logger (5.7.0):
    - GoogleUtilities/Environment
  - GoogleUtilities/MethodSwizzler (5.7.0):
    - GoogleUtilities/Logger
  - GoogleUtilities/Network (5.7.0):
    - GoogleUtilities/Logger
    - "GoogleUtilities/NSData+zlib"
    - GoogleUtilities/Reachability
  - "GoogleUtilities/NSData+zlib (5.7.0)"
  - GoogleUtilities/Reachability (5.7.0):
    - GoogleUtilities/Logger
  - GoogleUtilities/UserDefaults (5.7.0):
    - GoogleUtilities/Logger
  - GRDB.swift (3.5.0)
  - GTMSessionFetcher/Core (1.2.1)
  - IBLinter (0.4.14)
  - iOSSnapshotTestCase (6.0.0):
    - iOSSnapshotTestCase/SwiftSupport (= 6.0.0)
  - iOSSnapshotTestCase/Core (6.0.0)
  - iOSSnapshotTestCase/SwiftSupport (6.0.0):
    - iOSSnapshotTestCase/Core
  - Kanna (4.0.3)
  - Keys (1.0.1)
  - leveldb-library (1.20)
  - MaterialComponents/ActivityIndicator (81.1.0):
    - MaterialComponents/Palettes
    - MaterialComponents/private/Application
    - MDFInternationalization
    - MotionAnimator (~> 2.0)
  - "MaterialComponents/ActivityIndicator+ColorThemer (81.1.0)":
    - MaterialComponents/ActivityIndicator
    - MaterialComponents/schemes/Color
  - MaterialComponents/AnimationTiming (81.1.0)
  - MaterialComponents/AppBar (81.1.0):
    - MaterialComponents/FlexibleHeader
    - MaterialComponents/HeaderStackView
    - MaterialComponents/NavigationBar
    - MaterialComponents/private/Application
    - MaterialComponents/private/Icons/ic_arrow_back
    - MaterialComponents/private/UIMetrics
    - MaterialComponents/ShadowElevations
    - MaterialComponents/ShadowLayer
    - MaterialComponents/Typography
    - MDFInternationalization
  - "MaterialComponents/AppBar+ColorThemer (81.1.0)":
    - MaterialComponents/AppBar
    - "MaterialComponents/FlexibleHeader+ColorThemer"
    - "MaterialComponents/NavigationBar+ColorThemer"
    - MaterialComponents/Themes
  - "MaterialComponents/AppBar+TypographyThemer (81.1.0)":
    - MaterialComponents/AppBar
    - "MaterialComponents/NavigationBar+TypographyThemer"
  - MaterialComponents/BottomSheet (81.1.0):
    - MaterialComponents/private/KeyboardWatcher
    - MaterialComponents/private/Math
    - MaterialComponents/ShapeLibrary
    - MaterialComponents/Shapes
  - MaterialComponents/ButtonBar (81.1.0):
    - MaterialComponents/Buttons
    - MaterialComponents/private/Application
    - MDFInternationalization
  - MaterialComponents/Buttons (81.1.0):
    - MaterialComponents/Ink
    - MaterialComponents/private/Math
    - MaterialComponents/Ripple
    - MaterialComponents/ShadowElevations
    - MaterialComponents/ShadowLayer
    - MaterialComponents/Shapes
    - MaterialComponents/Typography
    - MDFInternationalization
    - MDFTextAccessibility
  - MaterialComponents/Cards (81.1.0):
    - MaterialComponents/Ink
    - MaterialComponents/private/Icons/ic_check_circle
    - MaterialComponents/private/Math
    - MaterialComponents/Ripple
    - MaterialComponents/ShadowLayer
    - MaterialComponents/Shapes
  - "MaterialComponents/Cards+ColorThemer (81.1.0)":
    - MaterialComponents/Cards
    - MaterialComponents/schemes/Color
  - MaterialComponents/CollectionCells (81.1.0):
    - MaterialComponents/CollectionLayoutAttributes
    - MaterialComponents/Ink
    - MaterialComponents/Palettes
    - MaterialComponents/private/Icons/ic_check
    - MaterialComponents/private/Icons/ic_check_circle
    - MaterialComponents/private/Icons/ic_chevron_right
    - MaterialComponents/private/Icons/ic_info
    - MaterialComponents/private/Icons/ic_radio_button_unchecked
    - MaterialComponents/private/Icons/ic_reorder
    - MaterialComponents/private/Math
    - MaterialComponents/Typography
    - MDFInternationalization
  - MaterialComponents/CollectionLayoutAttributes (81.1.0)
  - MaterialComponents/Collections (81.1.0):
    - MaterialComponents/CollectionCells
    - MaterialComponents/CollectionLayoutAttributes
    - MaterialComponents/Ink
    - MaterialComponents/Palettes
    - MaterialComponents/ShadowElevations
    - MaterialComponents/ShadowLayer
    - MaterialComponents/Typography
  - MaterialComponents/FlexibleHeader (81.1.0):
    - MaterialComponents/private/Application
    - MaterialComponents/private/UIMetrics
    - MDFTextAccessibility
  - "MaterialComponents/FlexibleHeader+ColorThemer (81.1.0)":
    - MaterialComponents/FlexibleHeader
    - MaterialComponents/schemes/Color
  - MaterialComponents/HeaderStackView (81.1.0)
  - MaterialComponents/Ink (81.1.0):
    - MaterialComponents/private/Math
  - MaterialComponents/NavigationBar (81.1.0):
    - MaterialComponents/ButtonBar
    - MaterialComponents/private/Math
    - MaterialComponents/Typography
    - MDFInternationalization
    - MDFTextAccessibility
  - "MaterialComponents/NavigationBar+ColorThemer (81.1.0)":
    - MaterialComponents/NavigationBar
    - MaterialComponents/schemes/Color
  - "MaterialComponents/NavigationBar+TypographyThemer (81.1.0)":
    - MaterialComponents/NavigationBar
    - MaterialComponents/schemes/Typography
  - MaterialComponents/Palettes (81.1.0)
  - MaterialComponents/private/Application (81.1.0)
  - MaterialComponents/private/Icons/Base (81.1.0)
  - MaterialComponents/private/Icons/ic_arrow_back (81.1.0):
    - MaterialComponents/private/Icons/Base
  - MaterialComponents/private/Icons/ic_check (81.1.0):
    - MaterialComponents/private/Icons/Base
  - MaterialComponents/private/Icons/ic_check_circle (81.1.0):
    - MaterialComponents/private/Icons/Base
  - MaterialComponents/private/Icons/ic_chevron_right (81.1.0):
    - MaterialComponents/private/Icons/Base
  - MaterialComponents/private/Icons/ic_info (81.1.0):
    - MaterialComponents/private/Icons/Base
  - MaterialComponents/private/Icons/ic_radio_button_unchecked (81.1.0):
    - MaterialComponents/private/Icons/Base
  - MaterialComponents/private/Icons/ic_reorder (81.1.0):
    - MaterialComponents/private/Icons/Base
  - MaterialComponents/private/KeyboardWatcher (81.1.0):
    - MaterialComponents/private/Application
  - MaterialComponents/private/Math (81.1.0)
  - MaterialComponents/private/UIMetrics (81.1.0):
    - MaterialComponents/private/Application
  - MaterialComponents/ProgressView (81.1.0):
    - MaterialComponents/Palettes
    - MaterialComponents/private/Math
    - MDFInternationalization
    - MotionAnimator (~> 2.1)
  - "MaterialComponents/ProgressView+ColorThemer (81.1.0)":
    - MaterialComponents/ProgressView
    - MaterialComponents/Themes
  - MaterialComponents/Ripple (81.1.0):
    - MaterialComponents/AnimationTiming
    - MaterialComponents/private/Math
  - MaterialComponents/schemes/Color (81.1.0)
  - MaterialComponents/schemes/Typography (81.1.0):
    - MaterialComponents/Typography
  - MaterialComponents/ShadowElevations (81.1.0)
  - MaterialComponents/ShadowLayer (81.1.0):
    - MaterialComponents/ShadowElevations
  - MaterialComponents/ShapeLibrary (81.1.0):
    - MaterialComponents/private/Math
    - MaterialComponents/Shapes
  - MaterialComponents/Shapes (81.1.0):
    - MaterialComponents/private/Math
    - MaterialComponents/ShadowLayer
  - MaterialComponents/Themes (81.1.0):
    - MaterialComponents/schemes/Color
    - MaterialComponents/schemes/Typography
  - MaterialComponents/Typography (81.1.0):
    - MaterialComponents/private/Application
    - MaterialComponents/private/Math
  - MaterialDesignSymbol (2.3.2)
  - MDFInternationalization (2.0.0)
  - MDFTextAccessibility (2.0.0)
  - MotionAnimator (2.8.1):
    - MotionInterchange (~> 1.6)
  - MotionInterchange (1.6.0)
  - Moya/Core (12.0.1):
    - Alamofire (~> 4.1)
    - Result (~> 4.0)
  - Moya/RxSwift (12.0.1):
    - Moya/Core
    - RxSwift (~> 4.0)
  - nanopb (0.3.901):
    - nanopb/decode (= 0.3.901)
    - nanopb/encode (= 0.3.901)
  - nanopb/decode (0.3.901)
  - nanopb/encode (0.3.901)
  - netfox (1.15.0)
  - Nimble (8.0.1)
  - Nimble-Snapshots (7.0.0):
    - Nimble-Snapshots/Core (= 7.0.0)
  - Nimble-Snapshots/Core (7.0.0):
    - iOSSnapshotTestCase (~> 6.0)
    - Nimble (~> 8.0)
  - Nuke (7.6.1)
  - OHHTTPStubs/Core (7.0.0)
  - OHHTTPStubs/Default (7.0.0):
    - OHHTTPStubs/Core
    - OHHTTPStubs/JSON
    - OHHTTPStubs/NSURLSession
    - OHHTTPStubs/OHPathHelpers
  - OHHTTPStubs/JSON (7.0.0):
    - OHHTTPStubs/Core
  - OHHTTPStubs/NSURLSession (7.0.0):
    - OHHTTPStubs/Core
  - OHHTTPStubs/OHPathHelpers (7.0.0)
  - OHHTTPStubs/Swift (7.0.0):
    - OHHTTPStubs/Default
  - Protobuf (3.7.0)
  - Quick (2.0.0)
  - Result (4.0.0)
  - Reusable (4.0.5):
    - Reusable/Storyboard (= 4.0.5)
    - Reusable/View (= 4.0.5)
  - Reusable/Storyboard (4.0.5)
  - Reusable/View (4.0.5)
  - RHPlaceholder (0.0.5)
  - RxAlamofire (4.3.0):
    - RxAlamofire/Core (= 4.3.0)
  - RxAlamofire/Core (4.3.0):
    - Alamofire (~> 4.5)
    - RxSwift (~> 4)
  - RxBlocking (4.5.0):
    - RxSwift (>= 4.4.2, ~> 4.4)
  - RxCocoa (4.5.0):
    - RxSwift (>= 4.4.2, ~> 4.4)
  - RxDataSources (3.1.0):
    - Differentiator (~> 3.0)
    - RxCocoa (~> 4.0)
    - RxSwift (~> 4.0)
  - RxGRDB (0.13.0):
    - RxGRDB/default (= 0.13.0)
    - RxSwift (~> 4.0)
  - RxGRDB/default (0.13.0):
    - GRDB.swift (~> 3.5)
    - RxSwift (~> 4.0)
  - RxOptional (3.6.2):
    - RxCocoa (~> 4.0)
    - RxSwift (~> 4.0)
  - RxSwift (4.5.0)
  - RxSwiftExt (3.4.0):
    - RxSwiftExt/Core (= 3.4.0)
    - RxSwiftExt/RxCocoa (= 3.4.0)
  - RxSwiftExt/Core (3.4.0):
    - RxSwift (~> 4.0)
  - RxSwiftExt/RxCocoa (3.4.0):
    - RxCocoa (~> 4.0)
    - RxSwiftExt/Core
  - RxSwiftUtilities (2.1.0):
    - RxCocoa (~> 4.0)
    - RxSwift (~> 4.0)
  - RxWebKit (0.3.7):
    - RxCocoa (~> 4.0)
    - RxSwift (~> 4.0)
  - SwiftFormat/CLI (0.40.7)
  - SwiftHEXColors (1.2.0)
  - SwiftLinkPreview (3.0.1)
  - SwiftLint (0.31.0)
  - SwiftMoment (0.7)
  - Swinject (2.6.0)

DEPENDENCIES:
  - AcknowList (= 1.8)
  - Action (= 3.11.0)
  - AlamofireNetworkActivityLogger (= 2.3.0)
  - Crashlytics (= 3.12.0)
  - EarlGrey (= 1.15.0)
  - Fabric (= 1.9.0)
  - Fakery (= 3.4.0)
  - Firebase/ABTesting (= 5.20.2)
  - Firebase/Analytics (= 5.20.2)
  - Firebase/Core (= 5.20.2)
  - Firebase/Database (= 5.20.2)
  - Firebase/Performance (= 5.20.2)
  - Firebase/RemoteConfig (= 5.20.2)
  - Freedom (= 2.3.0)
  - IBLinter (= 0.4.14)
  - Kanna (= 4.0.3)
  - Keys (from `Pods/CocoaPodsKeys`)
  - MaterialComponents/ActivityIndicator (= 81.1.0)
  - "MaterialComponents/ActivityIndicator+ColorThemer (= 81.1.0)"
  - MaterialComponents/AppBar (= 81.1.0)
  - "MaterialComponents/AppBar+ColorThemer (= 81.1.0)"
  - "MaterialComponents/AppBar+TypographyThemer (= 81.1.0)"
  - MaterialComponents/BottomSheet (= 81.1.0)
  - MaterialComponents/Cards (= 81.1.0)
  - "MaterialComponents/Cards+ColorThemer (= 81.1.0)"
  - MaterialComponents/Collections (= 81.1.0)
  - MaterialComponents/NavigationBar (= 81.1.0)
  - "MaterialComponents/NavigationBar+ColorThemer (= 81.1.0)"
  - "MaterialComponents/NavigationBar+TypographyThemer (= 81.1.0)"
  - MaterialComponents/ProgressView (= 81.1.0)
  - "MaterialComponents/ProgressView+ColorThemer (= 81.1.0)"
  - MaterialComponents/schemes/Color (= 81.1.0)
  - MaterialComponents/schemes/Typography (= 81.1.0)
  - MaterialDesignSymbol (= 2.3.2)
  - Moya/RxSwift (= 12.0.1)
  - netfox (= 1.15.0)
  - Nimble (= 8.0.1)
  - Nimble-Snapshots (= 7.0.0)
  - Nuke (= 7.6.1)
  - OHHTTPStubs/Swift (= 7.0.0)
  - Quick (= 2.0.0)
  - Reusable (= 4.0.5)
  - RHPlaceholder (= 0.0.5)
  - RxAlamofire (= 4.3.0)
  - RxBlocking (= 4.5.0)
  - RxCocoa (= 4.5.0)
  - RxDataSources (= 3.1.0)
  - RxGRDB (= 0.13.0)
  - RxOptional (= 3.6.2)
  - RxSwift (= 4.5.0)
  - RxSwiftExt (= 3.4.0)
  - RxSwiftUtilities (= 2.1.0)
  - RxWebKit (= 0.3.7)
  - SwiftFormat/CLI (= 0.40.7)
  - SwiftHEXColors (= 1.2.0)
  - SwiftLinkPreview (= 3.0.1)
  - SwiftLint (= 0.31.0)
  - SwiftMoment (= 0.7)
  - Swinject (= 2.6.0)

SPEC REPOS:
  https://github.com/cocoapods/specs.git:
    - AcknowList
    - Action
    - Alamofire
    - AlamofireNetworkActivityLogger
    - Crashlytics
    - Differentiator
    - EarlGrey
    - Fabric
    - Fakery
    - Firebase
    - FirebaseABTesting
    - FirebaseAnalytics
    - FirebaseAuthInterop
    - FirebaseCore
    - FirebaseDatabase
    - FirebaseInstanceID
    - FirebasePerformance
    - FirebaseRemoteConfig
    - Freedom
    - GoogleAppMeasurement
    - GoogleToolboxForMac
    - GoogleUtilities
    - GRDB.swift
    - GTMSessionFetcher
    - IBLinter
    - iOSSnapshotTestCase
    - Kanna
    - leveldb-library
    - MaterialComponents
    - MaterialDesignSymbol
    - MDFInternationalization
    - MDFTextAccessibility
    - MotionAnimator
    - MotionInterchange
    - Moya
    - nanopb
    - netfox
    - Nimble
    - Nimble-Snapshots
    - Nuke
    - OHHTTPStubs
    - Protobuf
    - Quick
    - Result
    - Reusable
    - RHPlaceholder
    - RxAlamofire
    - RxBlocking
    - RxCocoa
    - RxDataSources
    - RxGRDB
    - RxOptional
    - RxSwift
    - RxSwiftExt
    - RxSwiftUtilities
    - RxWebKit
    - SwiftFormat
    - SwiftHEXColors
    - SwiftLinkPreview
    - SwiftLint
    - SwiftMoment
    - Swinject

EXTERNAL SOURCES:
  Keys:
    :path: Pods/CocoaPodsKeys

SPEC CHECKSUMS:
  AcknowList: 5b8820004d019d0a8d6a091ea2392dcb54bd3ad2
  Action: 689181e4c3f6566844178d8a7da6fef39a9597fc
  Alamofire: c7287b6e5d7da964a70935e5db17046b7fde6568
  AlamofireNetworkActivityLogger: 6f3076652ab7fa6c819b59be08ea038d339e36d8
  Crashlytics: 07fb167b1694128c1c9a5a5cc319b0e9c3ca0933
  Differentiator: be49ca3408f0ecfc761e4c7763d20c62be01b9ad
  EarlGrey: 289a16cc7d08a54b962d72881b21e36d5103b549
  Fabric: f988e33c97f08930a413e08123064d2e5f68d655
  Fakery: 885e894a3e7c392e1da96c6e46a1abe5a0b28686
  Firebase: 0c8cf33f266410c61ab3e2265cfa412200351d9c
  FirebaseABTesting: 1f50b8d50f5e3469eea54e7463a7b7fe221d1f5e
  FirebaseAnalytics: ece1aa57a4f43c64d53a648b5a5e05151aae947b
  FirebaseAuthInterop: 0ffa57668be100582bb7643d4fcb7615496c41fc
  FirebaseCore: f1a9a8be1aee4bf71a2fc0f4096df6788bdfda61
  FirebaseDatabase: 2c15b0ea6f2c6eb5e57413f9d6340f1e50b81ae3
  FirebaseInstanceID: a122b0c258720cf250551bb2bedf48c699f80d90
  FirebasePerformance: 25ecee2a260bcf398d7f32d6f4804438df953100
  FirebaseRemoteConfig: 7e11c65f0769c09bff6947997c209515058c5318
  Freedom: 569050cb284372b6ccebeca37cff8ece2fda83ef
  GoogleAppMeasurement: ffe513e90551844a739e7bcbb1d2aca1c28a4338
  GoogleToolboxForMac: ff31605b7d66400dcec09bed5861689aebadda4d
  GoogleUtilities: 273e67030e0de313e7304f6dcfa96fc5214f6c23
  GRDB.swift: 225cf9c1354753e92e20c2a1fa2912b924c9da6e
  GTMSessionFetcher: 32aeca0aa144acea523e1c8e053089dec2cb98ca
  IBLinter: ae19d226ffde4f827a4c72704ffa6bcc7315e2f8
  iOSSnapshotTestCase: f592adfdedffe6113a55528ce698ccc457a550f1
  Kanna: 0ebbdd0e7e3308f0aafbd569e79c8cadc5eb877c
  Keys: a576f4c9c1c641ca913a959a9c62ed3f215a8de9
  leveldb-library: 08cba283675b7ed2d99629a4bc5fd052cd2bb6a5
  MaterialComponents: c2045515505992357e210b33cb3ffc3a404a14fd
  MaterialDesignSymbol: 035512746602cc321c50a09a99c6ab0802f9b342
  MDFInternationalization: 010097556d6b09d2c4ea38e0820ea6d37be6a314
  MDFTextAccessibility: 85c09a1bd9c321f494348e632a25063bcda35a53
  MotionAnimator: ee16aa30567c5bae0fb2750c132915829cfaaf8a
  MotionInterchange: ead0e3ae1f3a5fb539e289debbc7ae036160a10d
  Moya: cf730b3cd9e005401ef37a85143aa141a12fd38f
  nanopb: 2901f78ea1b7b4015c860c2fdd1ea2fee1a18d48
  netfox: 6ddcca687ad0a58550054fea481cb487461b5e0c
  Nimble: 45f786ae66faa9a709624227fae502db55a8bdd0
  Nimble-Snapshots: 2d6d712ceb2d1850d88f850fbd7c732618106022
  Nuke: d0782693c570cb4f79e2a187859ef7f06f19365d
  OHHTTPStubs: ef33a2c353110d306bb98f695435ec56ff5a26c3
  Protobuf: 7a877b7f3e5964e3fce995e2eb323dbc6831bb5a
  Quick: ce1276c7c27ba2da3cb2fd0cde053c3648b3b22d
  Result: 7645bb3f50c2ce726dd0ff2fa7b6f42bbe6c3713
  Reusable: 188be1a54ac0691bc66e5bb24ec6eb91971b315b
  RHPlaceholder: f12ce1ae54fc7ed7af155c00631b703250461158
  RxAlamofire: 09624d0f2d48ed8b686e4eb4cf68e28cbd2df556
  RxBlocking: 79413e4d916f44bb3e113c5b2cc059e36fe58910
  RxCocoa: cbf70265dc65a981d4ac982e513c10cf23df24a0
  RxDataSources: a843bad90c29817f5923ec8163f4af2de084ceb3
  RxGRDB: 4e2686821ae8f8507c6d6d00d3083ae2df84fea3
  RxOptional: 80426a0ddbd092573e4c482d8cc13302078c4d5e
  RxSwift: f172070dfd1a93d70a9ab97a5a01166206e1c575
  RxSwiftExt: 01f8ecbeeb355698e9c75365ebe908b00dacf45d
  RxSwiftUtilities: b486df7454cc867c3ea626ce24110511159e7044
  RxWebKit: e39e220919e5e24546c837f5f60689036a1e5920
  SwiftFormat: 93264523d31b70e5bc109c00ceeda3ae613a59d1
  SwiftHEXColors: a4ebe93a70890a9fa124e205dd785cc7552273b4
  SwiftLinkPreview: 7524438c43bf63a5041615713777c3d8f19a9a31
  SwiftLint: 7a0227733d786395817373b2d0ca799fd0093ff3
  SwiftMoment: dc6dd27012e267819104cbb03f74ff9192dd0b42
  Swinject: 48a96cda93633cf2860697b4ce76ab5db9ebaca2

PODFILE CHECKSUM: 72586b201f9022ea61ecf135dd12f3e1aca61eb2

COCOAPODS: 1.6.1
