// !$*UTF8*$!
{
	archiveVersion = 1;
	classes = {
	};
	objectVersion = 50;
	objects = {

/* Begin PBXBuildFile section */
		4BA5E4C2F2521773F4EA36B6 /* Pods_MyMorningCoffeeTests.framework in Frameworks */ = {isa = PBXBuildFile; fileRef = EE8B8D99F3067C4EF9EF3048 /* Pods_MyMorningCoffeeTests.framework */; };
		5F0FCD5D21260B4F002A289F /* TopNewsViewController.swift in Sources */ = {isa = PBXBuildFile; fileRef = 5F0FCD5C21260B4F002A289F /* TopNewsViewController.swift */; };
		5F13B35F2198B12E00FB1BF4 /* NewsItemViewControllerSpec.swift in Sources */ = {isa = PBXBuildFile; fileRef = 5F13B35E2198B12E00FB1BF4 /* NewsItemViewControllerSpec.swift */; };
		5F13B3612198B2FE00FB1BF4 /* Hurricane-Utah-Wikipedia.html in Resources */ = {isa = PBXBuildFile; fileRef = 5F13B3602198B2FE00FB1BF4 /* Hurricane-Utah-Wikipedia.html */; };
		5F1B31942148610600A18D03 /* StubImageLoader.swift in Sources */ = {isa = PBXBuildFile; fileRef = 5F1B31932148610600A18D03 /* StubImageLoader.swift */; };
		5F1EEBEE21964FF300FB34B4 /* NukeImageLoader.swift in Sources */ = {isa = PBXBuildFile; fileRef = 5F1EEBED21964FF300FB34B4 /* NukeImageLoader.swift */; };
		5F23C182212B55D00030199A /* ScraperService.swift in Sources */ = {isa = PBXBuildFile; fileRef = 5F23C181212B55D00030199A /* ScraperService.swift */; };
		5F23C184212B58FB0030199A /* MercuryWebParserScraperService.swift in Sources */ = {isa = PBXBuildFile; fileRef = 5F23C183212B58FB0030199A /* MercuryWebParserScraperService.swift */; };
		5F23C186212B64630030199A /* MercuryWebParserScraperServiceSpec.swift in Sources */ = {isa = PBXBuildFile; fileRef = 5F23C185212B64630030199A /* MercuryWebParserScraperServiceSpec.swift */; };
		5F43F8C721292FB500BD62CC /* top-stories.json in Resources */ = {isa = PBXBuildFile; fileRef = 5F43F8C621292FB500BD62CC /* top-stories.json */; };
		5F43F8C9212930F300BD62CC /* story.json in Resources */ = {isa = PBXBuildFile; fileRef = 5F43F8C8212930F300BD62CC /* story.json */; };
		5F43F8CC2129311C00BD62CC /* HackerNewsService.swift in Sources */ = {isa = PBXBuildFile; fileRef = 5F43F8CB2129311C00BD62CC /* HackerNewsService.swift */; };
		5F43F8CF2129344200BD62CC /* HackerNewsHTTPServiceSpecs.swift in Sources */ = {isa = PBXBuildFile; fileRef = 5F43F8CE2129344200BD62CC /* HackerNewsHTTPServiceSpecs.swift */; };
		5F43F8D1212934E800BD62CC /* HackerNewsHTTPService.swift in Sources */ = {isa = PBXBuildFile; fileRef = 5F43F8D0212934E800BD62CC /* HackerNewsHTTPService.swift */; };
		5F43F8D3212935C700BD62CC /* TestAppDelegate.swift in Sources */ = {isa = PBXBuildFile; fileRef = 5F43F8D2212935C700BD62CC /* TestAppDelegate.swift */; };
		5F43F8D52129360100BD62CC /* main.swift in Sources */ = {isa = PBXBuildFile; fileRef = 5F43F8D42129360100BD62CC /* main.swift */; };
		5F457C6821484B3300409DF6 /* Device.swift in Sources */ = {isa = PBXBuildFile; fileRef = 5F457C6721484B3300409DF6 /* Device.swift */; };
		5F457C6A21484C6600409DF6 /* TopNewsCellViewSpec.swift in Sources */ = {isa = PBXBuildFile; fileRef = 5F457C6921484C6600409DF6 /* TopNewsCellViewSpec.swift */; };
		5F457C6C21485DCC00409DF6 /* ImageLoader.swift in Sources */ = {isa = PBXBuildFile; fileRef = 5F457C6B21485DCC00409DF6 /* ImageLoader.swift */; };
		5F461124219E13070007AEC2 /* Pods-acknowledgements.plist in Resources */ = {isa = PBXBuildFile; fileRef = 5F461123219E13070007AEC2 /* Pods-acknowledgements.plist */; };
		5F461126219EEBD50007AEC2 /* Icons.swift in Sources */ = {isa = PBXBuildFile; fileRef = 5F461125219EEBD50007AEC2 /* Icons.swift */; };
		5F461129219EEEF40007AEC2 /* OpenSourceViewController.swift in Sources */ = {isa = PBXBuildFile; fileRef = 5F461128219EEEF40007AEC2 /* OpenSourceViewController.swift */; };
		5F49F10B2126029D0071DB49 /* AppDelegate.swift in Sources */ = {isa = PBXBuildFile; fileRef = 5F49F10A2126029D0071DB49 /* AppDelegate.swift */; };
		5F49F1122126029F0071DB49 /* Assets.xcassets in Resources */ = {isa = PBXBuildFile; fileRef = 5F49F1112126029F0071DB49 /* Assets.xcassets */; };
		5F49F1152126029F0071DB49 /* LaunchScreen.storyboard in Resources */ = {isa = PBXBuildFile; fileRef = 5F49F1132126029F0071DB49 /* LaunchScreen.storyboard */; };
		5F577215212DE742009C9E37 /* Environment.swift in Sources */ = {isa = PBXBuildFile; fileRef = 5F577214212DE742009C9E37 /* Environment.swift */; };
		5F655E3A219B6818003E0B27 /* Nunito-SemiBold.ttf in Resources */ = {isa = PBXBuildFile; fileRef = 5F655E38219B67E1003E0B27 /* Nunito-SemiBold.ttf */; };
		5F655E3B219B681B003E0B27 /* Nunito-Regular.ttf in Resources */ = {isa = PBXBuildFile; fileRef = 5F655E39219B67E1003E0B27 /* Nunito-Regular.ttf */; };
		5F655E3D219BF3D2003E0B27 /* Formatter.swift in Sources */ = {isa = PBXBuildFile; fileRef = 5F655E3C219BF3D2003E0B27 /* Formatter.swift */; };
		5F655E3F219BF639003E0B27 /* StubFormatter.swift in Sources */ = {isa = PBXBuildFile; fileRef = 5F655E3E219BF639003E0B27 /* StubFormatter.swift */; };
		5F6ABF83212C9A6E00060690 /* NewsItemRecord.swift in Sources */ = {isa = PBXBuildFile; fileRef = 5F6ABF82212C9A6E00060690 /* NewsItemRecord.swift */; };
		5F6ABF85212CABB200060690 /* DatabaseFactory.swift in Sources */ = {isa = PBXBuildFile; fileRef = 5F6ABF84212CABB200060690 /* DatabaseFactory.swift */; };
		5F6ABF87212CAC4100060690 /* DatabaseMigrations.swift in Sources */ = {isa = PBXBuildFile; fileRef = 5F6ABF86212CAC4100060690 /* DatabaseMigrations.swift */; };
		5F6ABF8A212CAD8000060690 /* NewsItemsGRDBDatabaseSpec.swift in Sources */ = {isa = PBXBuildFile; fileRef = 5F6ABF89212CAD8000060690 /* NewsItemsGRDBDatabaseSpec.swift */; };
		5F7600E821597BFC0038E998 /* HackerNewsAlgoliaServiceSpec.swift in Sources */ = {isa = PBXBuildFile; fileRef = 5F7600E721597BFC0038E998 /* HackerNewsAlgoliaServiceSpec.swift */; };
		5F7600EA21597CD90038E998 /* hn.algolia.search_by_date.success.json in Resources */ = {isa = PBXBuildFile; fileRef = 5F7600E921597CD90038E998 /* hn.algolia.search_by_date.success.json */; };
		5F77A2FA2144612600197926 /* TopNewsViewControllerSpec.swift in Sources */ = {isa = PBXBuildFile; fileRef = 5F77A2F92144612600197926 /* TopNewsViewControllerSpec.swift */; };
		5F7A5A9E212EC07700E49054 /* TopNewsViewModelSpec.swift in Sources */ = {isa = PBXBuildFile; fileRef = 5F7A5A9D212EC07700E49054 /* TopNewsViewModelSpec.swift */; };
		5F7A5AA0212EC36A00E49054 /* Injector.swift in Sources */ = {isa = PBXBuildFile; fileRef = 5F7A5A9F212EC36A00E49054 /* Injector.swift */; };
		5F7A5AA2212EC96A00E49054 /* Fixtures.swift in Sources */ = {isa = PBXBuildFile; fileRef = 5F7A5AA1212EC96A00E49054 /* Fixtures.swift */; };
		5F84856E219755B0001B94D2 /* Router.swift in Sources */ = {isa = PBXBuildFile; fileRef = 5F84856D219755B0001B94D2 /* Router.swift */; };
		5F8485712197FC8D001B94D2 /* NewsItemViewController.swift in Sources */ = {isa = PBXBuildFile; fileRef = 5F8485702197FC8D001B94D2 /* NewsItemViewController.swift */; };
		5F92004D212C2FFB00E824E7 /* MoyaProviderFactory.swift in Sources */ = {isa = PBXBuildFile; fileRef = 5F92004C212C2FFB00E824E7 /* MoyaProviderFactory.swift */; };
		5F92004F212C31B000E824E7 /* mercury-response.json in Resources */ = {isa = PBXBuildFile; fileRef = 5F92004E212C31B000E824E7 /* mercury-response.json */; };
		5FA8C1DA215974A700265046 /* HackerNewsAlgoliaService.swift in Sources */ = {isa = PBXBuildFile; fileRef = 5FA8C1D9215974A700265046 /* HackerNewsAlgoliaService.swift */; };
		5FB2480F21275D0000BFE636 /* MontserratAlternates-Medium.ttf in Resources */ = {isa = PBXBuildFile; fileRef = 5FB247FC21275CFF00BFE636 /* MontserratAlternates-Medium.ttf */; };
		5FB2481721275D0000BFE636 /* MontserratAlternates-Regular.ttf in Resources */ = {isa = PBXBuildFile; fileRef = 5FB2480421275CFF00BFE636 /* MontserratAlternates-Regular.ttf */; };
		5FC38028212D3E82003E1F4B /* NewsItemsDatabase.swift in Sources */ = {isa = PBXBuildFile; fileRef = 5FC38027212D3E82003E1F4B /* NewsItemsDatabase.swift */; };
		5FC574C32128B04100A49664 /* CardImageView.swift in Sources */ = {isa = PBXBuildFile; fileRef = 5FC574C22128B04100A49664 /* CardImageView.swift */; };
		5FCC61FD21277AEF004B0B29 /* TopNewsViewModel.swift in Sources */ = {isa = PBXBuildFile; fileRef = 5FCC61FC21277AEF004B0B29 /* TopNewsViewModel.swift */; };
		5FCC61FF21283571004B0B29 /* TopNewsCellView.xib in Resources */ = {isa = PBXBuildFile; fileRef = 5FCC61FE21283571004B0B29 /* TopNewsCellView.xib */; };
		5FCC620121283583004B0B29 /* TopNewsCellView.swift in Sources */ = {isa = PBXBuildFile; fileRef = 5FCC620021283583004B0B29 /* TopNewsCellView.swift */; };
		5FE238C6212617D100F2AB9A /* Theme.swift in Sources */ = {isa = PBXBuildFile; fileRef = 5FE238C5212617D100F2AB9A /* Theme.swift */; };
		5FE6FD4F214D864600E596C3 /* Dates.swift in Sources */ = {isa = PBXBuildFile; fileRef = 5FE6FD4E214D864600E596C3 /* Dates.swift */; };
		5FE6FD51214D99A800E596C3 /* Images.swift in Sources */ = {isa = PBXBuildFile; fileRef = 5FE6FD50214D99A800E596C3 /* Images.swift */; };
		7FE4F11476946C7014902C8B /* Pods_MyMorningCoffee.framework in Frameworks */ = {isa = PBXBuildFile; fileRef = 9B5A7B2958D25D67C33A1968 /* Pods_MyMorningCoffee.framework */; };
/* End PBXBuildFile section */

/* Begin PBXContainerItemProxy section */
		5F49F11C2126029F0071DB49 /* PBXContainerItemProxy */ = {
			isa = PBXContainerItemProxy;
			containerPortal = 5F49F0FF2126029D0071DB49 /* Project object */;
			proxyType = 1;
			remoteGlobalIDString = 5F49F1062126029D0071DB49;
			remoteInfo = MyMorningCoffee;
		};
/* End PBXContainerItemProxy section */

/* Begin PBXFileReference section */
		187AD5BEB80992E922F99624 /* Pods-MyMorningCoffeeTests.release.xcconfig */ = {isa = PBXFileReference; includeInIndex = 1; lastKnownFileType = text.xcconfig; name = "Pods-MyMorningCoffeeTests.release.xcconfig"; path = "Pods/Target Support Files/Pods-MyMorningCoffeeTests/Pods-MyMorningCoffeeTests.release.xcconfig"; sourceTree = "<group>"; };
		5F0FCD5C21260B4F002A289F /* TopNewsViewController.swift */ = {isa = PBXFileReference; lastKnownFileType = sourcecode.swift; path = TopNewsViewController.swift; sourceTree = "<group>"; };
		5F13B35E2198B12E00FB1BF4 /* NewsItemViewControllerSpec.swift */ = {isa = PBXFileReference; lastKnownFileType = sourcecode.swift; path = NewsItemViewControllerSpec.swift; sourceTree = "<group>"; };
		5F13B3602198B2FE00FB1BF4 /* Hurricane-Utah-Wikipedia.html */ = {isa = PBXFileReference; fileEncoding = 4; lastKnownFileType = text.html; path = "Hurricane-Utah-Wikipedia.html"; sourceTree = "<group>"; };
		5F1B31932148610600A18D03 /* StubImageLoader.swift */ = {isa = PBXFileReference; lastKnownFileType = sourcecode.swift; path = StubImageLoader.swift; sourceTree = "<group>"; };
		5F1EEBED21964FF300FB34B4 /* NukeImageLoader.swift */ = {isa = PBXFileReference; lastKnownFileType = sourcecode.swift; path = NukeImageLoader.swift; sourceTree = "<group>"; };
		5F23C181212B55D00030199A /* ScraperService.swift */ = {isa = PBXFileReference; lastKnownFileType = sourcecode.swift; path = ScraperService.swift; sourceTree = "<group>"; };
		5F23C183212B58FB0030199A /* MercuryWebParserScraperService.swift */ = {isa = PBXFileReference; lastKnownFileType = sourcecode.swift; path = MercuryWebParserScraperService.swift; sourceTree = "<group>"; };
		5F23C185212B64630030199A /* MercuryWebParserScraperServiceSpec.swift */ = {isa = PBXFileReference; lastKnownFileType = sourcecode.swift; path = MercuryWebParserScraperServiceSpec.swift; sourceTree = "<group>"; };
		5F43F8C621292FB500BD62CC /* top-stories.json */ = {isa = PBXFileReference; lastKnownFileType = text.json; path = "top-stories.json"; sourceTree = "<group>"; };
		5F43F8C8212930F300BD62CC /* story.json */ = {isa = PBXFileReference; lastKnownFileType = text.json; path = story.json; sourceTree = "<group>"; };
		5F43F8CB2129311C00BD62CC /* HackerNewsService.swift */ = {isa = PBXFileReference; lastKnownFileType = sourcecode.swift; path = HackerNewsService.swift; sourceTree = "<group>"; };
		5F43F8CE2129344200BD62CC /* HackerNewsHTTPServiceSpecs.swift */ = {isa = PBXFileReference; lastKnownFileType = sourcecode.swift; path = HackerNewsHTTPServiceSpecs.swift; sourceTree = "<group>"; };
		5F43F8D0212934E800BD62CC /* HackerNewsHTTPService.swift */ = {isa = PBXFileReference; lastKnownFileType = sourcecode.swift; path = HackerNewsHTTPService.swift; sourceTree = "<group>"; };
		5F43F8D2212935C700BD62CC /* TestAppDelegate.swift */ = {isa = PBXFileReference; lastKnownFileType = sourcecode.swift; path = TestAppDelegate.swift; sourceTree = "<group>"; };
		5F43F8D42129360100BD62CC /* main.swift */ = {isa = PBXFileReference; lastKnownFileType = sourcecode.swift; path = main.swift; sourceTree = "<group>"; };
		5F457C6721484B3300409DF6 /* Device.swift */ = {isa = PBXFileReference; lastKnownFileType = sourcecode.swift; path = Device.swift; sourceTree = "<group>"; };
		5F457C6921484C6600409DF6 /* TopNewsCellViewSpec.swift */ = {isa = PBXFileReference; lastKnownFileType = sourcecode.swift; path = TopNewsCellViewSpec.swift; sourceTree = "<group>"; };
		5F457C6B21485DCC00409DF6 /* ImageLoader.swift */ = {isa = PBXFileReference; lastKnownFileType = sourcecode.swift; path = ImageLoader.swift; sourceTree = "<group>"; };
		5F461123219E13070007AEC2 /* Pods-acknowledgements.plist */ = {isa = PBXFileReference; fileEncoding = 4; lastKnownFileType = text.plist.xml; path = "Pods-acknowledgements.plist"; sourceTree = "<group>"; };
		5F461125219EEBD50007AEC2 /* Icons.swift */ = {isa = PBXFileReference; lastKnownFileType = sourcecode.swift; path = Icons.swift; sourceTree = "<group>"; };
		5F461128219EEEF40007AEC2 /* OpenSourceViewController.swift */ = {isa = PBXFileReference; lastKnownFileType = sourcecode.swift; path = OpenSourceViewController.swift; sourceTree = "<group>"; };
		5F49F1072126029D0071DB49 /* MyMorningCoffee.app */ = {isa = PBXFileReference; explicitFileType = wrapper.application; includeInIndex = 0; path = MyMorningCoffee.app; sourceTree = BUILT_PRODUCTS_DIR; };
		5F49F10A2126029D0071DB49 /* AppDelegate.swift */ = {isa = PBXFileReference; lastKnownFileType = sourcecode.swift; path = AppDelegate.swift; sourceTree = "<group>"; };
		5F49F1112126029F0071DB49 /* Assets.xcassets */ = {isa = PBXFileReference; lastKnownFileType = folder.assetcatalog; path = Assets.xcassets; sourceTree = "<group>"; };
		5F49F1142126029F0071DB49 /* Base */ = {isa = PBXFileReference; lastKnownFileType = file.storyboard; name = Base; path = Base.lproj/LaunchScreen.storyboard; sourceTree = "<group>"; };
		5F49F1162126029F0071DB49 /* Info.plist */ = {isa = PBXFileReference; lastKnownFileType = text.plist.xml; path = Info.plist; sourceTree = "<group>"; };
		5F49F11B2126029F0071DB49 /* MyMorningCoffeeTests.xctest */ = {isa = PBXFileReference; explicitFileType = wrapper.cfbundle; includeInIndex = 0; path = MyMorningCoffeeTests.xctest; sourceTree = BUILT_PRODUCTS_DIR; };
		5F49F1212126029F0071DB49 /* Info.plist */ = {isa = PBXFileReference; lastKnownFileType = text.plist.xml; path = Info.plist; sourceTree = "<group>"; };
		5F577214212DE742009C9E37 /* Environment.swift */ = {isa = PBXFileReference; lastKnownFileType = sourcecode.swift; path = Environment.swift; sourceTree = "<group>"; };
		5F655E38219B67E1003E0B27 /* Nunito-SemiBold.ttf */ = {isa = PBXFileReference; lastKnownFileType = file; path = "Nunito-SemiBold.ttf"; sourceTree = "<group>"; };
		5F655E39219B67E1003E0B27 /* Nunito-Regular.ttf */ = {isa = PBXFileReference; lastKnownFileType = file; path = "Nunito-Regular.ttf"; sourceTree = "<group>"; };
		5F655E3C219BF3D2003E0B27 /* Formatter.swift */ = {isa = PBXFileReference; lastKnownFileType = sourcecode.swift; path = Formatter.swift; sourceTree = "<group>"; };
		5F655E3E219BF639003E0B27 /* StubFormatter.swift */ = {isa = PBXFileReference; lastKnownFileType = sourcecode.swift; path = StubFormatter.swift; sourceTree = "<group>"; };
		5F6ABF82212C9A6E00060690 /* NewsItemRecord.swift */ = {isa = PBXFileReference; lastKnownFileType = sourcecode.swift; path = NewsItemRecord.swift; sourceTree = "<group>"; };
		5F6ABF84212CABB200060690 /* DatabaseFactory.swift */ = {isa = PBXFileReference; lastKnownFileType = sourcecode.swift; path = DatabaseFactory.swift; sourceTree = "<group>"; };
		5F6ABF86212CAC4100060690 /* DatabaseMigrations.swift */ = {isa = PBXFileReference; lastKnownFileType = sourcecode.swift; path = DatabaseMigrations.swift; sourceTree = "<group>"; };
		5F6ABF89212CAD8000060690 /* NewsItemsGRDBDatabaseSpec.swift */ = {isa = PBXFileReference; lastKnownFileType = sourcecode.swift; path = NewsItemsGRDBDatabaseSpec.swift; sourceTree = "<group>"; };
		5F7600E721597BFC0038E998 /* HackerNewsAlgoliaServiceSpec.swift */ = {isa = PBXFileReference; lastKnownFileType = sourcecode.swift; path = HackerNewsAlgoliaServiceSpec.swift; sourceTree = "<group>"; };
		5F7600E921597CD90038E998 /* hn.algolia.search_by_date.success.json */ = {isa = PBXFileReference; lastKnownFileType = text.json; path = hn.algolia.search_by_date.success.json; sourceTree = "<group>"; };
		5F77A2F92144612600197926 /* TopNewsViewControllerSpec.swift */ = {isa = PBXFileReference; lastKnownFileType = sourcecode.swift; path = TopNewsViewControllerSpec.swift; sourceTree = "<group>"; };
		5F7A5A9D212EC07700E49054 /* TopNewsViewModelSpec.swift */ = {isa = PBXFileReference; lastKnownFileType = sourcecode.swift; path = TopNewsViewModelSpec.swift; sourceTree = "<group>"; };
		5F7A5A9F212EC36A00E49054 /* Injector.swift */ = {isa = PBXFileReference; lastKnownFileType = sourcecode.swift; path = Injector.swift; sourceTree = "<group>"; };
		5F7A5AA1212EC96A00E49054 /* Fixtures.swift */ = {isa = PBXFileReference; lastKnownFileType = sourcecode.swift; path = Fixtures.swift; sourceTree = "<group>"; };
		5F84856D219755B0001B94D2 /* Router.swift */ = {isa = PBXFileReference; lastKnownFileType = sourcecode.swift; path = Router.swift; sourceTree = "<group>"; };
		5F8485702197FC8D001B94D2 /* NewsItemViewController.swift */ = {isa = PBXFileReference; lastKnownFileType = sourcecode.swift; path = NewsItemViewController.swift; sourceTree = "<group>"; };
		5F92004C212C2FFB00E824E7 /* MoyaProviderFactory.swift */ = {isa = PBXFileReference; lastKnownFileType = sourcecode.swift; path = MoyaProviderFactory.swift; sourceTree = "<group>"; };
		5F92004E212C31B000E824E7 /* mercury-response.json */ = {isa = PBXFileReference; lastKnownFileType = text.json; path = "mercury-response.json"; sourceTree = "<group>"; };
		5FA8C1D9215974A700265046 /* HackerNewsAlgoliaService.swift */ = {isa = PBXFileReference; lastKnownFileType = sourcecode.swift; path = HackerNewsAlgoliaService.swift; sourceTree = "<group>"; };
		5FB247FC21275CFF00BFE636 /* MontserratAlternates-Medium.ttf */ = {isa = PBXFileReference; lastKnownFileType = file; path = "MontserratAlternates-Medium.ttf"; sourceTree = "<group>"; };
		5FB2480121275CFF00BFE636 /* OFL.txt */ = {isa = PBXFileReference; fileEncoding = 4; lastKnownFileType = text; path = OFL.txt; sourceTree = "<group>"; };
		5FB2480421275CFF00BFE636 /* MontserratAlternates-Regular.ttf */ = {isa = PBXFileReference; lastKnownFileType = file; path = "MontserratAlternates-Regular.ttf"; sourceTree = "<group>"; };
		5FC38027212D3E82003E1F4B /* NewsItemsDatabase.swift */ = {isa = PBXFileReference; lastKnownFileType = sourcecode.swift; path = NewsItemsDatabase.swift; sourceTree = "<group>"; };
		5FC574C22128B04100A49664 /* CardImageView.swift */ = {isa = PBXFileReference; lastKnownFileType = sourcecode.swift; path = CardImageView.swift; sourceTree = "<group>"; };
		5FCC61FC21277AEF004B0B29 /* TopNewsViewModel.swift */ = {isa = PBXFileReference; lastKnownFileType = sourcecode.swift; path = TopNewsViewModel.swift; sourceTree = "<group>"; };
		5FCC61FE21283571004B0B29 /* TopNewsCellView.xib */ = {isa = PBXFileReference; lastKnownFileType = file.xib; path = TopNewsCellView.xib; sourceTree = "<group>"; };
		5FCC620021283583004B0B29 /* TopNewsCellView.swift */ = {isa = PBXFileReference; lastKnownFileType = sourcecode.swift; path = TopNewsCellView.swift; sourceTree = "<group>"; };
		5FE238C5212617D100F2AB9A /* Theme.swift */ = {isa = PBXFileReference; lastKnownFileType = sourcecode.swift; path = Theme.swift; sourceTree = "<group>"; };
		5FE6FD4E214D864600E596C3 /* Dates.swift */ = {isa = PBXFileReference; lastKnownFileType = sourcecode.swift; path = Dates.swift; sourceTree = "<group>"; };
		5FE6FD50214D99A800E596C3 /* Images.swift */ = {isa = PBXFileReference; lastKnownFileType = sourcecode.swift; path = Images.swift; sourceTree = "<group>"; };
		639CB397A186331A7F542157 /* Pods-MyMorningCoffeeTests.debug.xcconfig */ = {isa = PBXFileReference; includeInIndex = 1; lastKnownFileType = text.xcconfig; name = "Pods-MyMorningCoffeeTests.debug.xcconfig"; path = "Pods/Target Support Files/Pods-MyMorningCoffeeTests/Pods-MyMorningCoffeeTests.debug.xcconfig"; sourceTree = "<group>"; };
		973EDF13CBF7E5FB61A2E82E /* Pods-MyMorningCoffee.release.xcconfig */ = {isa = PBXFileReference; includeInIndex = 1; lastKnownFileType = text.xcconfig; name = "Pods-MyMorningCoffee.release.xcconfig"; path = "Pods/Target Support Files/Pods-MyMorningCoffee/Pods-MyMorningCoffee.release.xcconfig"; sourceTree = "<group>"; };
		9B5A7B2958D25D67C33A1968 /* Pods_MyMorningCoffee.framework */ = {isa = PBXFileReference; explicitFileType = wrapper.framework; includeInIndex = 0; path = Pods_MyMorningCoffee.framework; sourceTree = BUILT_PRODUCTS_DIR; };
		ABEE350EB487DF5B07C78716 /* Pods-MyMorningCoffee.debug.xcconfig */ = {isa = PBXFileReference; includeInIndex = 1; lastKnownFileType = text.xcconfig; name = "Pods-MyMorningCoffee.debug.xcconfig"; path = "Pods/Target Support Files/Pods-MyMorningCoffee/Pods-MyMorningCoffee.debug.xcconfig"; sourceTree = "<group>"; };
		EE8B8D99F3067C4EF9EF3048 /* Pods_MyMorningCoffeeTests.framework */ = {isa = PBXFileReference; explicitFileType = wrapper.framework; includeInIndex = 0; path = Pods_MyMorningCoffeeTests.framework; sourceTree = BUILT_PRODUCTS_DIR; };
/* End PBXFileReference section */

/* Begin PBXFrameworksBuildPhase section */
		5F49F1042126029D0071DB49 /* Frameworks */ = {
			isa = PBXFrameworksBuildPhase;
			buildActionMask = 2147483647;
			files = (
				7FE4F11476946C7014902C8B /* Pods_MyMorningCoffee.framework in Frameworks */,
			);
			runOnlyForDeploymentPostprocessing = 0;
		};
		5F49F1182126029F0071DB49 /* Frameworks */ = {
			isa = PBXFrameworksBuildPhase;
			buildActionMask = 2147483647;
			files = (
				4BA5E4C2F2521773F4EA36B6 /* Pods_MyMorningCoffeeTests.framework in Frameworks */,
			);
			runOnlyForDeploymentPostprocessing = 0;
		};
/* End PBXFrameworksBuildPhase section */

/* Begin PBXGroup section */
		272B305976A7F507ACE59826 /* Frameworks */ = {
			isa = PBXGroup;
			children = (
				9B5A7B2958D25D67C33A1968 /* Pods_MyMorningCoffee.framework */,
				EE8B8D99F3067C4EF9EF3048 /* Pods_MyMorningCoffeeTests.framework */,
			);
			name = Frameworks;
			sourceTree = "<group>";
		};
		5F0FCD5B21260AD2002A289F /* TopNews */ = {
			isa = PBXGroup;
			children = (
				5FCC620021283583004B0B29 /* TopNewsCellView.swift */,
				5FCC61FE21283571004B0B29 /* TopNewsCellView.xib */,
				5F0FCD5C21260B4F002A289F /* TopNewsViewController.swift */,
				5FCC61FC21277AEF004B0B29 /* TopNewsViewModel.swift */,
			);
			path = TopNews;
			sourceTree = "<group>";
		};
		5F13B35D2198B11C00FB1BF4 /* NewsItem */ = {
			isa = PBXGroup;
			children = (
				5F13B3602198B2FE00FB1BF4 /* Hurricane-Utah-Wikipedia.html */,
				5F13B35E2198B12E00FB1BF4 /* NewsItemViewControllerSpec.swift */,
			);
			path = NewsItem;
			sourceTree = "<group>";
		};
		5F43F8C521292F9A00BD62CC /* Stubs */ = {
			isa = PBXGroup;
			children = (
				5FE6FD4E214D864600E596C3 /* Dates.swift */,
				5F7A5AA1212EC96A00E49054 /* Fixtures.swift */,
				5F655E3E219BF639003E0B27 /* StubFormatter.swift */,
				5F1B31932148610600A18D03 /* StubImageLoader.swift */,
				5F7600E921597CD90038E998 /* hn.algolia.search_by_date.success.json */,
				5F92004E212C31B000E824E7 /* mercury-response.json */,
				5F43F8C8212930F300BD62CC /* story.json */,
				5F43F8C621292FB500BD62CC /* top-stories.json */,
			);
			path = Stubs;
			sourceTree = "<group>";
		};
		5F43F8CA2129310600BD62CC /* Services */ = {
			isa = PBXGroup;
			children = (
				5F655E3C219BF3D2003E0B27 /* Formatter.swift */,
				5FA8C1D9215974A700265046 /* HackerNewsAlgoliaService.swift */,
				5F43F8D0212934E800BD62CC /* HackerNewsHTTPService.swift */,
				5F43F8CB2129311C00BD62CC /* HackerNewsService.swift */,
				5F457C6B21485DCC00409DF6 /* ImageLoader.swift */,
				5F23C183212B58FB0030199A /* MercuryWebParserScraperService.swift */,
				5F1EEBED21964FF300FB34B4 /* NukeImageLoader.swift */,
				5F23C181212B55D00030199A /* ScraperService.swift */,
			);
			path = Services;
			sourceTree = "<group>";
		};
		5F43F8CD2129342C00BD62CC /* Services */ = {
			isa = PBXGroup;
			children = (
				5F7600E721597BFC0038E998 /* HackerNewsAlgoliaServiceSpec.swift */,
				5F43F8CE2129344200BD62CC /* HackerNewsHTTPServiceSpecs.swift */,
				5F23C185212B64630030199A /* MercuryWebParserScraperServiceSpec.swift */,
			);
			path = Services;
			sourceTree = "<group>";
		};
		5F461127219EEEE30007AEC2 /* Settings */ = {
			isa = PBXGroup;
			children = (
				5F461128219EEEF40007AEC2 /* OpenSourceViewController.swift */,
			);
			path = Settings;
			sourceTree = "<group>";
		};
		5F49F0FE2126029D0071DB49 = {
			isa = PBXGroup;
			children = (
				272B305976A7F507ACE59826 /* Frameworks */,
				5F49F1092126029D0071DB49 /* MyMorningCoffee */,
				5F49F11E2126029F0071DB49 /* MyMorningCoffeeTests */,
				D679043C3EB7B1EF82C85627 /* Pods */,
				5F49F1082126029D0071DB49 /* Products */,
			);
			sourceTree = "<group>";
		};
		5F49F1082126029D0071DB49 /* Products */ = {
			isa = PBXGroup;
			children = (
				5F49F1072126029D0071DB49 /* MyMorningCoffee.app */,
				5F49F11B2126029F0071DB49 /* MyMorningCoffeeTests.xctest */,
			);
			name = Products;
			sourceTree = "<group>";
		};
		5F49F1092126029D0071DB49 /* MyMorningCoffee */ = {
			isa = PBXGroup;
			children = (
				5F6ABF81212C9A3D00060690 /* Database */,
				5F577213212DE733009C9E37 /* Injection */,
				5F92004B212C2FEC00E824E7 /* Network */,
				5F84856F2197FC80001B94D2 /* NewsItem */,
				5F84856C219755A3001B94D2 /* Router */,
				5F43F8CA2129310600BD62CC /* Services */,
				5F461127219EEEE30007AEC2 /* Settings */,
				5F0FCD5B21260AD2002A289F /* TopNews */,
				5FE238C4212617C600F2AB9A /* UI */,
				5F49F10A2126029D0071DB49 /* AppDelegate.swift */,
				5F49F1112126029F0071DB49 /* Assets.xcassets */,
				5F49F1162126029F0071DB49 /* Info.plist */,
				5F49F1132126029F0071DB49 /* LaunchScreen.storyboard */,
				5F461123219E13070007AEC2 /* Pods-acknowledgements.plist */,
				5F43F8D2212935C700BD62CC /* TestAppDelegate.swift */,
				5F43F8D42129360100BD62CC /* main.swift */,
			);
			path = MyMorningCoffee;
			sourceTree = "<group>";
		};
		5F49F11E2126029F0071DB49 /* MyMorningCoffeeTests */ = {
			isa = PBXGroup;
			children = (
				5F6ABF88212CAD6B00060690 /* Database */,
				5F13B35D2198B11C00FB1BF4 /* NewsItem */,
				5F43F8CD2129342C00BD62CC /* Services */,
				5F43F8C521292F9A00BD62CC /* Stubs */,
				5F7A5A9C212EC05B00E49054 /* TopNews */,
				5F457C6721484B3300409DF6 /* Device.swift */,
				5F49F1212126029F0071DB49 /* Info.plist */,
			);
			path = MyMorningCoffeeTests;
			sourceTree = "<group>";
		};
		5F577213212DE733009C9E37 /* Injection */ = {
			isa = PBXGroup;
			children = (
				5F577214212DE742009C9E37 /* Environment.swift */,
				5F7A5A9F212EC36A00E49054 /* Injector.swift */,
			);
			path = Injection;
			sourceTree = "<group>";
		};
		5F655E37219B67D4003E0B27 /* Nunito */ = {
			isa = PBXGroup;
			children = (
				5F655E39219B67E1003E0B27 /* Nunito-Regular.ttf */,
				5F655E38219B67E1003E0B27 /* Nunito-SemiBold.ttf */,
			);
			path = Nunito;
			sourceTree = "<group>";
		};
		5F6ABF81212C9A3D00060690 /* Database */ = {
			isa = PBXGroup;
			children = (
				5F6ABF84212CABB200060690 /* DatabaseFactory.swift */,
				5F6ABF86212CAC4100060690 /* DatabaseMigrations.swift */,
				5F6ABF82212C9A6E00060690 /* NewsItemRecord.swift */,
				5FC38027212D3E82003E1F4B /* NewsItemsDatabase.swift */,
			);
			path = Database;
			sourceTree = "<group>";
		};
		5F6ABF88212CAD6B00060690 /* Database */ = {
			isa = PBXGroup;
			children = (
				5F6ABF89212CAD8000060690 /* NewsItemsGRDBDatabaseSpec.swift */,
			);
			path = Database;
			sourceTree = "<group>";
		};
		5F7A5A9C212EC05B00E49054 /* TopNews */ = {
			isa = PBXGroup;
			children = (
				5F457C6921484C6600409DF6 /* TopNewsCellViewSpec.swift */,
				5F77A2F92144612600197926 /* TopNewsViewControllerSpec.swift */,
				5F7A5A9D212EC07700E49054 /* TopNewsViewModelSpec.swift */,
			);
			path = TopNews;
			sourceTree = "<group>";
		};
		5F84856C219755A3001B94D2 /* Router */ = {
			isa = PBXGroup;
			children = (
				5F84856D219755B0001B94D2 /* Router.swift */,
			);
			path = Router;
			sourceTree = "<group>";
		};
		5F84856F2197FC80001B94D2 /* NewsItem */ = {
			isa = PBXGroup;
			children = (
				5F8485702197FC8D001B94D2 /* NewsItemViewController.swift */,
			);
			path = NewsItem;
			sourceTree = "<group>";
		};
		5F92004B212C2FEC00E824E7 /* Network */ = {
			isa = PBXGroup;
			children = (
				5F92004C212C2FFB00E824E7 /* MoyaProviderFactory.swift */,
			);
			path = Network;
			sourceTree = "<group>";
		};
		5FB247F421275CF400BFE636 /* Fonts */ = {
			isa = PBXGroup;
			children = (
				5FB247F521275CFF00BFE636 /* Montserrat_Alternates */,
				5F655E37219B67D4003E0B27 /* Nunito */,
			);
			path = Fonts;
			sourceTree = "<group>";
		};
		5FB247F521275CFF00BFE636 /* Montserrat_Alternates */ = {
			isa = PBXGroup;
			children = (
				5FB247FC21275CFF00BFE636 /* MontserratAlternates-Medium.ttf */,
				5FB2480421275CFF00BFE636 /* MontserratAlternates-Regular.ttf */,
				5FB2480121275CFF00BFE636 /* OFL.txt */,
			);
			path = Montserrat_Alternates;
			sourceTree = "<group>";
		};
		5FC574C12128B02D00A49664 /* Components */ = {
			isa = PBXGroup;
			children = (
				5FC574C22128B04100A49664 /* CardImageView.swift */,
			);
			path = Components;
			sourceTree = "<group>";
		};
		5FE238C4212617C600F2AB9A /* UI */ = {
			isa = PBXGroup;
			children = (
				5FC574C12128B02D00A49664 /* Components */,
				5FB247F421275CF400BFE636 /* Fonts */,
				5F461125219EEBD50007AEC2 /* Icons.swift */,
				5FE6FD50214D99A800E596C3 /* Images.swift */,
				5FE238C5212617D100F2AB9A /* Theme.swift */,
			);
			path = UI;
			sourceTree = "<group>";
		};
		D679043C3EB7B1EF82C85627 /* Pods */ = {
			isa = PBXGroup;
			children = (
				ABEE350EB487DF5B07C78716 /* Pods-MyMorningCoffee.debug.xcconfig */,
				973EDF13CBF7E5FB61A2E82E /* Pods-MyMorningCoffee.release.xcconfig */,
				639CB397A186331A7F542157 /* Pods-MyMorningCoffeeTests.debug.xcconfig */,
				187AD5BEB80992E922F99624 /* Pods-MyMorningCoffeeTests.release.xcconfig */,
			);
			name = Pods;
			sourceTree = "<group>";
		};
/* End PBXGroup section */

/* Begin PBXNativeTarget section */
		5F49F1062126029D0071DB49 /* MyMorningCoffee */ = {
			isa = PBXNativeTarget;
			buildConfigurationList = 5F49F1242126029F0071DB49 /* Build configuration list for PBXNativeTarget "MyMorningCoffee" */;
			buildPhases = (
				C7114E465B85441117B50DAE /* [CP] Check Pods Manifest.lock */,
				E8EB66B031366AEA522F1006 /* [CP-User] SwiftFormat */,
				B188C440D26CA615FCEEF027 /* [CP-User] SwiftLint */,
				5F49F1032126029D0071DB49 /* Sources */,
				5F49F1042126029D0071DB49 /* Frameworks */,
				5F49F1052126029D0071DB49 /* Resources */,
				00C16108D44C91B40174158A /* [CP] Embed Pods Frameworks */,
			);
			buildRules = (
			);
			dependencies = (
			);
			name = MyMorningCoffee;
			productName = MyMorningCoffee;
			productReference = 5F49F1072126029D0071DB49 /* MyMorningCoffee.app */;
			productType = "com.apple.product-type.application";
		};
		5F49F11A2126029F0071DB49 /* MyMorningCoffeeTests */ = {
			isa = PBXNativeTarget;
			buildConfigurationList = 5F49F1272126029F0071DB49 /* Build configuration list for PBXNativeTarget "MyMorningCoffeeTests" */;
			buildPhases = (
				3E9686D5FD6F803C2017D4B8 /* [CP] Check Pods Manifest.lock */,
				5F49F1172126029F0071DB49 /* Sources */,
				5F49F1182126029F0071DB49 /* Frameworks */,
				5F49F1192126029F0071DB49 /* Resources */,
				2FE38EC28850E9370771EA14 /* [CP] Embed Pods Frameworks */,
			);
			buildRules = (
			);
			dependencies = (
				5F49F11D2126029F0071DB49 /* PBXTargetDependency */,
			);
			name = MyMorningCoffeeTests;
			productName = MyMorningCoffeeTests;
			productReference = 5F49F11B2126029F0071DB49 /* MyMorningCoffeeTests.xctest */;
			productType = "com.apple.product-type.bundle.unit-test";
		};
/* End PBXNativeTarget section */

/* Begin PBXProject section */
		5F49F0FF2126029D0071DB49 /* Project object */ = {
			isa = PBXProject;
			attributes = {
				LastSwiftUpdateCheck = 1000;
				LastUpgradeCheck = 1000;
				ORGANIZATIONNAME = "Roi Sagiv";
				TargetAttributes = {
					5F49F1062126029D0071DB49 = {
						CreatedOnToolsVersion = 10.0;
						LastSwiftMigration = 1000;
					};
					5F49F11A2126029F0071DB49 = {
						CreatedOnToolsVersion = 10.0;
						LastSwiftMigration = 1000;
						TestTargetID = 5F49F1062126029D0071DB49;
					};
				};
			};
			buildConfigurationList = 5F49F1022126029D0071DB49 /* Build configuration list for PBXProject "MyMorningCoffee" */;
			compatibilityVersion = "Xcode 9.3";
			developmentRegion = en;
			hasScannedForEncodings = 0;
			knownRegions = (
				en,
				Base,
			);
			mainGroup = 5F49F0FE2126029D0071DB49;
			productRefGroup = 5F49F1082126029D0071DB49 /* Products */;
			projectDirPath = "";
			projectRoot = "";
			targets = (
				5F49F1062126029D0071DB49 /* MyMorningCoffee */,
				5F49F11A2126029F0071DB49 /* MyMorningCoffeeTests */,
			);
		};
/* End PBXProject section */

/* Begin PBXResourcesBuildPhase section */
		5F49F1052126029D0071DB49 /* Resources */ = {
			isa = PBXResourcesBuildPhase;
			buildActionMask = 2147483647;
			files = (
				5FB2481721275D0000BFE636 /* MontserratAlternates-Regular.ttf in Resources */,
				5FCC61FF21283571004B0B29 /* TopNewsCellView.xib in Resources */,
				5F655E3A219B6818003E0B27 /* Nunito-SemiBold.ttf in Resources */,
				5F461124219E13070007AEC2 /* Pods-acknowledgements.plist in Resources */,
				5F49F1152126029F0071DB49 /* LaunchScreen.storyboard in Resources */,
				5F655E3B219B681B003E0B27 /* Nunito-Regular.ttf in Resources */,
				5F49F1122126029F0071DB49 /* Assets.xcassets in Resources */,
				5FB2480F21275D0000BFE636 /* MontserratAlternates-Medium.ttf in Resources */,
			);
			runOnlyForDeploymentPostprocessing = 0;
		};
		5F49F1192126029F0071DB49 /* Resources */ = {
			isa = PBXResourcesBuildPhase;
			buildActionMask = 2147483647;
			files = (
				5F43F8C721292FB500BD62CC /* top-stories.json in Resources */,
				5F7600EA21597CD90038E998 /* hn.algolia.search_by_date.success.json in Resources */,
				5F13B3612198B2FE00FB1BF4 /* Hurricane-Utah-Wikipedia.html in Resources */,
				5F43F8C9212930F300BD62CC /* story.json in Resources */,
				5F92004F212C31B000E824E7 /* mercury-response.json in Resources */,
			);
			runOnlyForDeploymentPostprocessing = 0;
		};
/* End PBXResourcesBuildPhase section */

/* Begin PBXShellScriptBuildPhase section */
		00C16108D44C91B40174158A /* [CP] Embed Pods Frameworks */ = {
			isa = PBXShellScriptBuildPhase;
			buildActionMask = 2147483647;
			files = (
			);
			inputPaths = (
				"${SRCROOT}/Pods/Target Support Files/Pods-MyMorningCoffee/Pods-MyMorningCoffee-frameworks.sh",
				"${BUILT_PRODUCTS_DIR}/AcknowList/AcknowList.framework",
				"${BUILT_PRODUCTS_DIR}/Alamofire/Alamofire.framework",
				"${BUILT_PRODUCTS_DIR}/AlamofireNetworkActivityLogger/AlamofireNetworkActivityLogger.framework",
				"${BUILT_PRODUCTS_DIR}/Differentiator/Differentiator.framework",
				"${BUILT_PRODUCTS_DIR}/Fakery/Fakery.framework",
				"${BUILT_PRODUCTS_DIR}/GRDB.swift/GRDB.framework",
				"${BUILT_PRODUCTS_DIR}/GoogleUtilities/GoogleUtilities.framework",
				"${BUILT_PRODUCTS_DIR}/Keys/Keys.framework",
				"${BUILT_PRODUCTS_DIR}/MDFInternationalization/MDFInternationalization.framework",
				"${BUILT_PRODUCTS_DIR}/MDFTextAccessibility/MDFTextAccessibility.framework",
				"${BUILT_PRODUCTS_DIR}/MaterialComponents/MaterialComponents.framework",
				"${BUILT_PRODUCTS_DIR}/MaterialDesignSymbol/MaterialDesignSymbol.framework",
				"${BUILT_PRODUCTS_DIR}/MotionAnimator/MotionAnimator.framework",
				"${BUILT_PRODUCTS_DIR}/MotionInterchange/MotionInterchange.framework",
				"${BUILT_PRODUCTS_DIR}/Moya/Moya.framework",
				"${BUILT_PRODUCTS_DIR}/Nuke/Nuke.framework",
				"${BUILT_PRODUCTS_DIR}/Result/Result.framework",
				"${BUILT_PRODUCTS_DIR}/Reusable/Reusable.framework",
				"${BUILT_PRODUCTS_DIR}/RxAtomic/RxAtomic.framework",
				"${BUILT_PRODUCTS_DIR}/RxCocoa/RxCocoa.framework",
				"${BUILT_PRODUCTS_DIR}/RxDataSources/RxDataSources.framework",
				"${BUILT_PRODUCTS_DIR}/RxGRDB/RxGRDB.framework",
				"${BUILT_PRODUCTS_DIR}/RxSwift/RxSwift.framework",
				"${BUILT_PRODUCTS_DIR}/RxSwiftUtilities/RxSwiftUtilities.framework",
				"${BUILT_PRODUCTS_DIR}/RxWebKit/RxWebKit.framework",
				"${BUILT_PRODUCTS_DIR}/SwiftDate/SwiftDate.framework",
				"${BUILT_PRODUCTS_DIR}/SwiftHEXColors/SwiftHEXColors.framework",
				"${BUILT_PRODUCTS_DIR}/SwiftMoment/SwiftMoment.framework",
				"${BUILT_PRODUCTS_DIR}/Swinject/Swinject.framework",
				"${BUILT_PRODUCTS_DIR}/leveldb-library/leveldb.framework",
				"${BUILT_PRODUCTS_DIR}/netfox/netfox.framework",
			);
			name = "[CP] Embed Pods Frameworks";
			outputPaths = (
				"${TARGET_BUILD_DIR}/${FRAMEWORKS_FOLDER_PATH}/AcknowList.framework",
				"${TARGET_BUILD_DIR}/${FRAMEWORKS_FOLDER_PATH}/Alamofire.framework",
				"${TARGET_BUILD_DIR}/${FRAMEWORKS_FOLDER_PATH}/AlamofireNetworkActivityLogger.framework",
				"${TARGET_BUILD_DIR}/${FRAMEWORKS_FOLDER_PATH}/Differentiator.framework",
				"${TARGET_BUILD_DIR}/${FRAMEWORKS_FOLDER_PATH}/Fakery.framework",
				"${TARGET_BUILD_DIR}/${FRAMEWORKS_FOLDER_PATH}/GRDB.framework",
				"${TARGET_BUILD_DIR}/${FRAMEWORKS_FOLDER_PATH}/GoogleUtilities.framework",
				"${TARGET_BUILD_DIR}/${FRAMEWORKS_FOLDER_PATH}/Keys.framework",
				"${TARGET_BUILD_DIR}/${FRAMEWORKS_FOLDER_PATH}/MDFInternationalization.framework",
				"${TARGET_BUILD_DIR}/${FRAMEWORKS_FOLDER_PATH}/MDFTextAccessibility.framework",
				"${TARGET_BUILD_DIR}/${FRAMEWORKS_FOLDER_PATH}/MaterialComponents.framework",
				"${TARGET_BUILD_DIR}/${FRAMEWORKS_FOLDER_PATH}/MaterialDesignSymbol.framework",
				"${TARGET_BUILD_DIR}/${FRAMEWORKS_FOLDER_PATH}/MotionAnimator.framework",
				"${TARGET_BUILD_DIR}/${FRAMEWORKS_FOLDER_PATH}/MotionInterchange.framework",
				"${TARGET_BUILD_DIR}/${FRAMEWORKS_FOLDER_PATH}/Moya.framework",
				"${TARGET_BUILD_DIR}/${FRAMEWORKS_FOLDER_PATH}/Nuke.framework",
				"${TARGET_BUILD_DIR}/${FRAMEWORKS_FOLDER_PATH}/Result.framework",
				"${TARGET_BUILD_DIR}/${FRAMEWORKS_FOLDER_PATH}/Reusable.framework",
				"${TARGET_BUILD_DIR}/${FRAMEWORKS_FOLDER_PATH}/RxAtomic.framework",
				"${TARGET_BUILD_DIR}/${FRAMEWORKS_FOLDER_PATH}/RxCocoa.framework",
				"${TARGET_BUILD_DIR}/${FRAMEWORKS_FOLDER_PATH}/RxDataSources.framework",
				"${TARGET_BUILD_DIR}/${FRAMEWORKS_FOLDER_PATH}/RxGRDB.framework",
				"${TARGET_BUILD_DIR}/${FRAMEWORKS_FOLDER_PATH}/RxSwift.framework",
				"${TARGET_BUILD_DIR}/${FRAMEWORKS_FOLDER_PATH}/RxSwiftUtilities.framework",
				"${TARGET_BUILD_DIR}/${FRAMEWORKS_FOLDER_PATH}/RxWebKit.framework",
				"${TARGET_BUILD_DIR}/${FRAMEWORKS_FOLDER_PATH}/SwiftDate.framework",
				"${TARGET_BUILD_DIR}/${FRAMEWORKS_FOLDER_PATH}/SwiftHEXColors.framework",
				"${TARGET_BUILD_DIR}/${FRAMEWORKS_FOLDER_PATH}/SwiftMoment.framework",
				"${TARGET_BUILD_DIR}/${FRAMEWORKS_FOLDER_PATH}/Swinject.framework",
				"${TARGET_BUILD_DIR}/${FRAMEWORKS_FOLDER_PATH}/leveldb.framework",
				"${TARGET_BUILD_DIR}/${FRAMEWORKS_FOLDER_PATH}/netfox.framework",
			);
			runOnlyForDeploymentPostprocessing = 0;
			shellPath = /bin/sh;
			shellScript = "\"${SRCROOT}/Pods/Target Support Files/Pods-MyMorningCoffee/Pods-MyMorningCoffee-frameworks.sh\"\n";
			showEnvVarsInLog = 0;
		};
		2FE38EC28850E9370771EA14 /* [CP] Embed Pods Frameworks */ = {
			isa = PBXShellScriptBuildPhase;
			buildActionMask = 2147483647;
			files = (
			);
			inputPaths = (
				"${SRCROOT}/Pods/Target Support Files/Pods-MyMorningCoffeeTests/Pods-MyMorningCoffeeTests-frameworks.sh",
				"${BUILT_PRODUCTS_DIR}/RxAtomic/RxAtomic.framework",
				"${BUILT_PRODUCTS_DIR}/RxSwift/RxSwift.framework",
				"${PODS_ROOT}/EarlGrey/EarlGrey/EarlGrey.framework",
				"${BUILT_PRODUCTS_DIR}/Nimble/Nimble.framework",
				"${BUILT_PRODUCTS_DIR}/Nimble-Snapshots/Nimble_Snapshots.framework",
				"${BUILT_PRODUCTS_DIR}/OHHTTPStubs/OHHTTPStubs.framework",
				"${BUILT_PRODUCTS_DIR}/Quick/Quick.framework",
				"${BUILT_PRODUCTS_DIR}/RxBlocking/RxBlocking.framework",
				"${BUILT_PRODUCTS_DIR}/RxNimble/RxNimble.framework",
				"${BUILT_PRODUCTS_DIR}/iOSSnapshotTestCase/FBSnapshotTestCase.framework",
			);
			name = "[CP] Embed Pods Frameworks";
			outputPaths = (
				"${TARGET_BUILD_DIR}/${FRAMEWORKS_FOLDER_PATH}/RxAtomic.framework",
				"${TARGET_BUILD_DIR}/${FRAMEWORKS_FOLDER_PATH}/RxSwift.framework",
				"${TARGET_BUILD_DIR}/${FRAMEWORKS_FOLDER_PATH}/EarlGrey.framework",
				"${TARGET_BUILD_DIR}/${FRAMEWORKS_FOLDER_PATH}/Nimble.framework",
				"${TARGET_BUILD_DIR}/${FRAMEWORKS_FOLDER_PATH}/Nimble_Snapshots.framework",
				"${TARGET_BUILD_DIR}/${FRAMEWORKS_FOLDER_PATH}/OHHTTPStubs.framework",
				"${TARGET_BUILD_DIR}/${FRAMEWORKS_FOLDER_PATH}/Quick.framework",
				"${TARGET_BUILD_DIR}/${FRAMEWORKS_FOLDER_PATH}/RxBlocking.framework",
				"${TARGET_BUILD_DIR}/${FRAMEWORKS_FOLDER_PATH}/RxNimble.framework",
				"${TARGET_BUILD_DIR}/${FRAMEWORKS_FOLDER_PATH}/FBSnapshotTestCase.framework",
			);
			runOnlyForDeploymentPostprocessing = 0;
			shellPath = /bin/sh;
			shellScript = "\"${SRCROOT}/Pods/Target Support Files/Pods-MyMorningCoffeeTests/Pods-MyMorningCoffeeTests-frameworks.sh\"\n";
			showEnvVarsInLog = 0;
		};
		3E9686D5FD6F803C2017D4B8 /* [CP] Check Pods Manifest.lock */ = {
			isa = PBXShellScriptBuildPhase;
			buildActionMask = 2147483647;
			files = (
			);
			inputPaths = (
				"${PODS_PODFILE_DIR_PATH}/Podfile.lock",
				"${PODS_ROOT}/Manifest.lock",
			);
			name = "[CP] Check Pods Manifest.lock";
			outputPaths = (
				"$(DERIVED_FILE_DIR)/Pods-MyMorningCoffeeTests-checkManifestLockResult.txt",
			);
			runOnlyForDeploymentPostprocessing = 0;
			shellPath = /bin/sh;
			shellScript = "diff \"${PODS_PODFILE_DIR_PATH}/Podfile.lock\" \"${PODS_ROOT}/Manifest.lock\" > /dev/null\nif [ $? != 0 ] ; then\n    # print error to STDERR\n    echo \"error: The sandbox is not in sync with the Podfile.lock. Run 'pod install' or update your CocoaPods installation.\" >&2\n    exit 1\nfi\n# This output is used by Xcode 'outputs' to avoid re-running this script phase.\necho \"SUCCESS\" > \"${SCRIPT_OUTPUT_FILE_0}\"\n";
			showEnvVarsInLog = 0;
		};
		B188C440D26CA615FCEEF027 /* [CP-User] SwiftLint */ = {
			isa = PBXShellScriptBuildPhase;
			buildActionMask = 2147483647;
			files = (
			);
			inputFileListPaths = (
			);
			inputPaths = (
			);
			name = "[CP-User] SwiftLint";
			outputFileListPaths = (
			);
			outputPaths = (
			);
			runOnlyForDeploymentPostprocessing = 0;
			shellPath = /bin/sh;
			shellScript = "\"${PODS_ROOT}/SwiftLint/swiftlint\"";
			showEnvVarsInLog = 0;
		};
		C7114E465B85441117B50DAE /* [CP] Check Pods Manifest.lock */ = {
			isa = PBXShellScriptBuildPhase;
			buildActionMask = 2147483647;
			files = (
			);
			inputPaths = (
				"${PODS_PODFILE_DIR_PATH}/Podfile.lock",
				"${PODS_ROOT}/Manifest.lock",
			);
			name = "[CP] Check Pods Manifest.lock";
			outputPaths = (
				"$(DERIVED_FILE_DIR)/Pods-MyMorningCoffee-checkManifestLockResult.txt",
			);
			runOnlyForDeploymentPostprocessing = 0;
			shellPath = /bin/sh;
			shellScript = "diff \"${PODS_PODFILE_DIR_PATH}/Podfile.lock\" \"${PODS_ROOT}/Manifest.lock\" > /dev/null\nif [ $? != 0 ] ; then\n    # print error to STDERR\n    echo \"error: The sandbox is not in sync with the Podfile.lock. Run 'pod install' or update your CocoaPods installation.\" >&2\n    exit 1\nfi\n# This output is used by Xcode 'outputs' to avoid re-running this script phase.\necho \"SUCCESS\" > \"${SCRIPT_OUTPUT_FILE_0}\"\n";
			showEnvVarsInLog = 0;
		};
		E8EB66B031366AEA522F1006 /* [CP-User] SwiftFormat */ = {
			isa = PBXShellScriptBuildPhase;
			buildActionMask = 2147483647;
			files = (
			);
			inputFileListPaths = (
			);
			inputPaths = (
			);
			name = "[CP-User] SwiftFormat";
			outputFileListPaths = (
			);
			outputPaths = (
			);
			runOnlyForDeploymentPostprocessing = 0;
			shellPath = /bin/sh;
			shellScript = "\"${PODS_ROOT}/SwiftFormat/CommandLineTool/swiftformat\" \"${SRCROOT}/MyMorningCoffee\" \"${SRCROOT}/MyMorningCoffeeTests\" \"--config\" \".swiftformat\"";
			showEnvVarsInLog = 0;
		};
/* End PBXShellScriptBuildPhase section */

/* Begin PBXSourcesBuildPhase section */
		5F49F1032126029D0071DB49 /* Sources */ = {
			isa = PBXSourcesBuildPhase;
			buildActionMask = 2147483647;
			files = (
				5FE238C6212617D100F2AB9A /* Theme.swift in Sources */,
				5F43F8CC2129311C00BD62CC /* HackerNewsService.swift in Sources */,
				5F457C6C21485DCC00409DF6 /* ImageLoader.swift in Sources */,
				5FE6FD51214D99A800E596C3 /* Images.swift in Sources */,
				5F655E3D219BF3D2003E0B27 /* Formatter.swift in Sources */,
				5FA8C1DA215974A700265046 /* HackerNewsAlgoliaService.swift in Sources */,
				5F1EEBEE21964FF300FB34B4 /* NukeImageLoader.swift in Sources */,
				5F461129219EEEF40007AEC2 /* OpenSourceViewController.swift in Sources */,
				5F23C184212B58FB0030199A /* MercuryWebParserScraperService.swift in Sources */,
				5F43F8D3212935C700BD62CC /* TestAppDelegate.swift in Sources */,
				5F43F8D1212934E800BD62CC /* HackerNewsHTTPService.swift in Sources */,
				5FCC620121283583004B0B29 /* TopNewsCellView.swift in Sources */,
				5FCC61FD21277AEF004B0B29 /* TopNewsViewModel.swift in Sources */,
				5F6ABF85212CABB200060690 /* DatabaseFactory.swift in Sources */,
				5F43F8D52129360100BD62CC /* main.swift in Sources */,
				5F461126219EEBD50007AEC2 /* Icons.swift in Sources */,
				5F92004D212C2FFB00E824E7 /* MoyaProviderFactory.swift in Sources */,
				5F49F10B2126029D0071DB49 /* AppDelegate.swift in Sources */,
				5F6ABF87212CAC4100060690 /* DatabaseMigrations.swift in Sources */,
				5F84856E219755B0001B94D2 /* Router.swift in Sources */,
				5F6ABF83212C9A6E00060690 /* NewsItemRecord.swift in Sources */,
				5F577215212DE742009C9E37 /* Environment.swift in Sources */,
				5F7A5AA0212EC36A00E49054 /* Injector.swift in Sources */,
				5FC574C32128B04100A49664 /* CardImageView.swift in Sources */,
				5F23C182212B55D00030199A /* ScraperService.swift in Sources */,
				5F8485712197FC8D001B94D2 /* NewsItemViewController.swift in Sources */,
				5F0FCD5D21260B4F002A289F /* TopNewsViewController.swift in Sources */,
				5FC38028212D3E82003E1F4B /* NewsItemsDatabase.swift in Sources */,
			);
			runOnlyForDeploymentPostprocessing = 0;
		};
		5F49F1172126029F0071DB49 /* Sources */ = {
			isa = PBXSourcesBuildPhase;
			buildActionMask = 2147483647;
			files = (
				5F6ABF8A212CAD8000060690 /* NewsItemsGRDBDatabaseSpec.swift in Sources */,
				5F655E3F219BF639003E0B27 /* StubFormatter.swift in Sources */,
				5FE6FD4F214D864600E596C3 /* Dates.swift in Sources */,
				5F7A5A9E212EC07700E49054 /* TopNewsViewModelSpec.swift in Sources */,
				5F1B31942148610600A18D03 /* StubImageLoader.swift in Sources */,
				5F457C6A21484C6600409DF6 /* TopNewsCellViewSpec.swift in Sources */,
				5F23C186212B64630030199A /* MercuryWebParserScraperServiceSpec.swift in Sources */,
				5F7A5AA2212EC96A00E49054 /* Fixtures.swift in Sources */,
				5F13B35F2198B12E00FB1BF4 /* NewsItemViewControllerSpec.swift in Sources */,
				5F77A2FA2144612600197926 /* TopNewsViewControllerSpec.swift in Sources */,
				5F457C6821484B3300409DF6 /* Device.swift in Sources */,
				5F7600E821597BFC0038E998 /* HackerNewsAlgoliaServiceSpec.swift in Sources */,
				5F43F8CF2129344200BD62CC /* HackerNewsHTTPServiceSpecs.swift in Sources */,
			);
			runOnlyForDeploymentPostprocessing = 0;
		};
/* End PBXSourcesBuildPhase section */

/* Begin PBXTargetDependency section */
		5F49F11D2126029F0071DB49 /* PBXTargetDependency */ = {
			isa = PBXTargetDependency;
			target = 5F49F1062126029D0071DB49 /* MyMorningCoffee */;
			targetProxy = 5F49F11C2126029F0071DB49 /* PBXContainerItemProxy */;
		};
/* End PBXTargetDependency section */

/* Begin PBXVariantGroup section */
		5F49F1132126029F0071DB49 /* LaunchScreen.storyboard */ = {
			isa = PBXVariantGroup;
			children = (
				5F49F1142126029F0071DB49 /* Base */,
			);
			name = LaunchScreen.storyboard;
			path = .;
			sourceTree = "<group>";
		};
/* End PBXVariantGroup section */

/* Begin XCBuildConfiguration section */
		5F49F1222126029F0071DB49 /* Debug */ = {
			isa = XCBuildConfiguration;
			buildSettings = {
				ALWAYS_SEARCH_USER_PATHS = NO;
				CLANG_ANALYZER_NONNULL = YES;
				CLANG_ANALYZER_NUMBER_OBJECT_CONVERSION = YES_AGGRESSIVE;
				CLANG_CXX_LANGUAGE_STANDARD = "gnu++14";
				CLANG_CXX_LIBRARY = "libc++";
				CLANG_ENABLE_MODULES = YES;
				CLANG_ENABLE_OBJC_ARC = YES;
				CLANG_ENABLE_OBJC_WEAK = YES;
				CLANG_WARN_BLOCK_CAPTURE_AUTORELEASING = YES;
				CLANG_WARN_BOOL_CONVERSION = YES;
				CLANG_WARN_COMMA = YES;
				CLANG_WARN_CONSTANT_CONVERSION = YES;
				CLANG_WARN_DEPRECATED_OBJC_IMPLEMENTATIONS = YES;
				CLANG_WARN_DIRECT_OBJC_ISA_USAGE = YES_ERROR;
				CLANG_WARN_DOCUMENTATION_COMMENTS = YES;
				CLANG_WARN_EMPTY_BODY = YES;
				CLANG_WARN_ENUM_CONVERSION = YES;
				CLANG_WARN_INFINITE_RECURSION = YES;
				CLANG_WARN_INT_CONVERSION = YES;
				CLANG_WARN_NON_LITERAL_NULL_CONVERSION = YES;
				CLANG_WARN_OBJC_IMPLICIT_RETAIN_SELF = YES;
				CLANG_WARN_OBJC_LITERAL_CONVERSION = YES;
				CLANG_WARN_OBJC_ROOT_CLASS = YES_ERROR;
				CLANG_WARN_RANGE_LOOP_ANALYSIS = YES;
				CLANG_WARN_STRICT_PROTOTYPES = YES;
				CLANG_WARN_SUSPICIOUS_MOVE = YES;
				CLANG_WARN_UNGUARDED_AVAILABILITY = YES_AGGRESSIVE;
				CLANG_WARN_UNREACHABLE_CODE = YES;
				CLANG_WARN__DUPLICATE_METHOD_MATCH = YES;
				CODE_SIGN_IDENTITY = "iPhone Developer";
				COPY_PHASE_STRIP = NO;
				DEBUG_INFORMATION_FORMAT = dwarf;
				ENABLE_STRICT_OBJC_MSGSEND = YES;
				ENABLE_TESTABILITY = YES;
				GCC_C_LANGUAGE_STANDARD = gnu11;
				GCC_DYNAMIC_NO_PIC = NO;
				GCC_NO_COMMON_BLOCKS = YES;
				GCC_OPTIMIZATION_LEVEL = 0;
				GCC_PREPROCESSOR_DEFINITIONS = (
					"DEBUG=1",
					"$(inherited)",
				);
				GCC_WARN_64_TO_32_BIT_CONVERSION = YES;
				GCC_WARN_ABOUT_RETURN_TYPE = YES_ERROR;
				GCC_WARN_UNDECLARED_SELECTOR = YES;
				GCC_WARN_UNINITIALIZED_AUTOS = YES_AGGRESSIVE;
				GCC_WARN_UNUSED_FUNCTION = YES;
				GCC_WARN_UNUSED_VARIABLE = YES;
				IPHONEOS_DEPLOYMENT_TARGET = 11.4;
				MTL_ENABLE_DEBUG_INFO = INCLUDE_SOURCE;
				MTL_FAST_MATH = YES;
				ONLY_ACTIVE_ARCH = YES;
				SDKROOT = iphoneos;
				SWIFT_ACTIVE_COMPILATION_CONDITIONS = DEBUG;
				SWIFT_OPTIMIZATION_LEVEL = "-Onone";
				SWIFT_VERSION = 4.0;
			};
			name = Debug;
		};
		5F49F1232126029F0071DB49 /* Release */ = {
			isa = XCBuildConfiguration;
			buildSettings = {
				ALWAYS_SEARCH_USER_PATHS = NO;
				CLANG_ANALYZER_NONNULL = YES;
				CLANG_ANALYZER_NUMBER_OBJECT_CONVERSION = YES_AGGRESSIVE;
				CLANG_CXX_LANGUAGE_STANDARD = "gnu++14";
				CLANG_CXX_LIBRARY = "libc++";
				CLANG_ENABLE_MODULES = YES;
				CLANG_ENABLE_OBJC_ARC = YES;
				CLANG_ENABLE_OBJC_WEAK = YES;
				CLANG_WARN_BLOCK_CAPTURE_AUTORELEASING = YES;
				CLANG_WARN_BOOL_CONVERSION = YES;
				CLANG_WARN_COMMA = YES;
				CLANG_WARN_CONSTANT_CONVERSION = YES;
				CLANG_WARN_DEPRECATED_OBJC_IMPLEMENTATIONS = YES;
				CLANG_WARN_DIRECT_OBJC_ISA_USAGE = YES_ERROR;
				CLANG_WARN_DOCUMENTATION_COMMENTS = YES;
				CLANG_WARN_EMPTY_BODY = YES;
				CLANG_WARN_ENUM_CONVERSION = YES;
				CLANG_WARN_INFINITE_RECURSION = YES;
				CLANG_WARN_INT_CONVERSION = YES;
				CLANG_WARN_NON_LITERAL_NULL_CONVERSION = YES;
				CLANG_WARN_OBJC_IMPLICIT_RETAIN_SELF = YES;
				CLANG_WARN_OBJC_LITERAL_CONVERSION = YES;
				CLANG_WARN_OBJC_ROOT_CLASS = YES_ERROR;
				CLANG_WARN_RANGE_LOOP_ANALYSIS = YES;
				CLANG_WARN_STRICT_PROTOTYPES = YES;
				CLANG_WARN_SUSPICIOUS_MOVE = YES;
				CLANG_WARN_UNGUARDED_AVAILABILITY = YES_AGGRESSIVE;
				CLANG_WARN_UNREACHABLE_CODE = YES;
				CLANG_WARN__DUPLICATE_METHOD_MATCH = YES;
				CODE_SIGN_IDENTITY = "iPhone Developer";
				COPY_PHASE_STRIP = NO;
				DEBUG_INFORMATION_FORMAT = "dwarf-with-dsym";
				ENABLE_NS_ASSERTIONS = NO;
				ENABLE_STRICT_OBJC_MSGSEND = YES;
				GCC_C_LANGUAGE_STANDARD = gnu11;
				GCC_NO_COMMON_BLOCKS = YES;
				GCC_WARN_64_TO_32_BIT_CONVERSION = YES;
				GCC_WARN_ABOUT_RETURN_TYPE = YES_ERROR;
				GCC_WARN_UNDECLARED_SELECTOR = YES;
				GCC_WARN_UNINITIALIZED_AUTOS = YES_AGGRESSIVE;
				GCC_WARN_UNUSED_FUNCTION = YES;
				GCC_WARN_UNUSED_VARIABLE = YES;
				IPHONEOS_DEPLOYMENT_TARGET = 11.4;
				MTL_ENABLE_DEBUG_INFO = NO;
				MTL_FAST_MATH = YES;
				SDKROOT = iphoneos;
				SWIFT_COMPILATION_MODE = wholemodule;
				SWIFT_OPTIMIZATION_LEVEL = "-O";
				SWIFT_VERSION = 4.0;
				VALIDATE_PRODUCT = YES;
			};
			name = Release;
		};
		5F49F1252126029F0071DB49 /* Debug */ = {
			isa = XCBuildConfiguration;
			baseConfigurationReference = ABEE350EB487DF5B07C78716 /* Pods-MyMorningCoffee.debug.xcconfig */;
			buildSettings = {
				ASSETCATALOG_COMPILER_APPICON_NAME = AppIcon;
				CODE_SIGN_STYLE = Automatic;
				DEVELOPMENT_TEAM = NG236BMM5W;
				INFOPLIST_FILE = MyMorningCoffee/Info.plist;
				LD_RUNPATH_SEARCH_PATHS = (
					"$(inherited)",
					"@executable_path/Frameworks",
				);
				"OTHER_SWIFT_FLAGS[arch=*]" = "$(inherited) \"-D\" \"COCOAPODS\" -Xfrontend -warn-long-function-bodies=100 -Xfrontend -warn-long-expression-type-checking=100";
				PRODUCT_BUNDLE_IDENTIFIER = io.github.roisagiv.MyMorningCoffee;
				PRODUCT_NAME = "$(TARGET_NAME)";
				TARGETED_DEVICE_FAMILY = "1,2";
			};
			name = Debug;
		};
		5F49F1262126029F0071DB49 /* Release */ = {
			isa = XCBuildConfiguration;
			baseConfigurationReference = 973EDF13CBF7E5FB61A2E82E /* Pods-MyMorningCoffee.release.xcconfig */;
			buildSettings = {
				ASSETCATALOG_COMPILER_APPICON_NAME = AppIcon;
				CODE_SIGN_STYLE = Automatic;
				DEVELOPMENT_TEAM = NG236BMM5W;
				INFOPLIST_FILE = MyMorningCoffee/Info.plist;
				LD_RUNPATH_SEARCH_PATHS = (
					"$(inherited)",
					"@executable_path/Frameworks",
				);
				PRODUCT_BUNDLE_IDENTIFIER = io.github.roisagiv.MyMorningCoffee;
				PRODUCT_NAME = "$(TARGET_NAME)";
				TARGETED_DEVICE_FAMILY = "1,2";
			};
			name = Release;
		};
		5F49F1282126029F0071DB49 /* Debug */ = {
			isa = XCBuildConfiguration;
			baseConfigurationReference = 639CB397A186331A7F542157 /* Pods-MyMorningCoffeeTests.debug.xcconfig */;
			buildSettings = {
				BUNDLE_LOADER = "$(TEST_HOST)";
				CODE_SIGN_STYLE = Automatic;
				DEVELOPMENT_TEAM = NG236BMM5W;
				INFOPLIST_FILE = MyMorningCoffeeTests/Info.plist;
				LD_RUNPATH_SEARCH_PATHS = (
					"$(inherited)",
					"@executable_path/Frameworks",
					"@loader_path/Frameworks",
				);
				PRODUCT_BUNDLE_IDENTIFIER = io.github.roisagiv.MyMorningCoffeeTests;
				PRODUCT_NAME = "$(TARGET_NAME)";
				TARGETED_DEVICE_FAMILY = "1,2";
				TEST_HOST = "$(BUILT_PRODUCTS_DIR)/MyMorningCoffee.app/MyMorningCoffee";
			};
			name = Debug;
		};
		5F49F1292126029F0071DB49 /* Release */ = {
			isa = XCBuildConfiguration;
			baseConfigurationReference = 187AD5BEB80992E922F99624 /* Pods-MyMorningCoffeeTests.release.xcconfig */;
			buildSettings = {
				BUNDLE_LOADER = "$(TEST_HOST)";
				CODE_SIGN_STYLE = Automatic;
				DEVELOPMENT_TEAM = NG236BMM5W;
				INFOPLIST_FILE = MyMorningCoffeeTests/Info.plist;
				LD_RUNPATH_SEARCH_PATHS = (
					"$(inherited)",
					"@executable_path/Frameworks",
					"@loader_path/Frameworks",
				);
				PRODUCT_BUNDLE_IDENTIFIER = io.github.roisagiv.MyMorningCoffeeTests;
				PRODUCT_NAME = "$(TARGET_NAME)";
				TARGETED_DEVICE_FAMILY = "1,2";
				TEST_HOST = "$(BUILT_PRODUCTS_DIR)/MyMorningCoffee.app/MyMorningCoffee";
			};
			name = Release;
		};
/* End XCBuildConfiguration section */

/* Begin XCConfigurationList section */
		5F49F1022126029D0071DB49 /* Build configuration list for PBXProject "MyMorningCoffee" */ = {
			isa = XCConfigurationList;
			buildConfigurations = (
				5F49F1222126029F0071DB49 /* Debug */,
				5F49F1232126029F0071DB49 /* Release */,
			);
			defaultConfigurationIsVisible = 0;
			defaultConfigurationName = Release;
		};
		5F49F1242126029F0071DB49 /* Build configuration list for PBXNativeTarget "MyMorningCoffee" */ = {
			isa = XCConfigurationList;
			buildConfigurations = (
				5F49F1252126029F0071DB49 /* Debug */,
				5F49F1262126029F0071DB49 /* Release */,
			);
			defaultConfigurationIsVisible = 0;
			defaultConfigurationName = Release;
		};
		5F49F1272126029F0071DB49 /* Build configuration list for PBXNativeTarget "MyMorningCoffeeTests" */ = {
			isa = XCConfigurationList;
			buildConfigurations = (
				5F49F1282126029F0071DB49 /* Debug */,
				5F49F1292126029F0071DB49 /* Release */,
			);
			defaultConfigurationIsVisible = 0;
			defaultConfigurationName = Release;
		};
/* End XCConfigurationList section */
	};
	rootObject = 5F49F0FF2126029D0071DB49 /* Project object */;
}
