// !$*UTF8*$!
{
	archiveVersion = 1;
	classes = {
	};
	objectVersion = 50;
	objects = {

/* Begin PBXBuildFile section */
		4BA5E4C2F2521773F4EA36B6 /* Pods_MyMorningCoffeeTests.framework in Frameworks */ = {isa = PBXBuildFile; fileRef = EE8B8D99F3067C4EF9EF3048 /* Pods_MyMorningCoffeeTests.framework */; };
		5F00839021CF597E00DF9ABA /* MyMorningCoffee-Shared.xcconfig in Resources */ = {isa = PBXBuildFile; fileRef = 5F00838721CF597E00DF9ABA /* MyMorningCoffee-Shared.xcconfig */; };
		5F00839121CF597E00DF9ABA /* MyMorningCoffeeTests-Debug.xcconfig in Resources */ = {isa = PBXBuildFile; fileRef = 5F00838821CF597E00DF9ABA /* MyMorningCoffeeTests-Debug.xcconfig */; };
		5F00839221CF597E00DF9ABA /* MyMorningCoffeeTests-Release.xcconfig in Resources */ = {isa = PBXBuildFile; fileRef = 5F00838921CF597E00DF9ABA /* MyMorningCoffeeTests-Release.xcconfig */; };
		5F00839321CF597E00DF9ABA /* Project-Release.xcconfig in Resources */ = {isa = PBXBuildFile; fileRef = 5F00838A21CF597E00DF9ABA /* Project-Release.xcconfig */; };
		5F00839421CF597E00DF9ABA /* MyMorningCoffee-Debug.xcconfig in Resources */ = {isa = PBXBuildFile; fileRef = 5F00838B21CF597E00DF9ABA /* MyMorningCoffee-Debug.xcconfig */; };
		5F00839521CF597E00DF9ABA /* Project-Shared.xcconfig in Resources */ = {isa = PBXBuildFile; fileRef = 5F00838C21CF597E00DF9ABA /* Project-Shared.xcconfig */; };
		5F00839621CF597E00DF9ABA /* MyMorningCoffeeTests-Shared.xcconfig in Resources */ = {isa = PBXBuildFile; fileRef = 5F00838D21CF597E00DF9ABA /* MyMorningCoffeeTests-Shared.xcconfig */; };
		5F00839721CF597E00DF9ABA /* Project-Debug.xcconfig in Resources */ = {isa = PBXBuildFile; fileRef = 5F00838E21CF597E00DF9ABA /* Project-Debug.xcconfig */; };
		5F00839821CF597E00DF9ABA /* MyMorningCoffee-Release.xcconfig in Resources */ = {isa = PBXBuildFile; fileRef = 5F00838F21CF597E00DF9ABA /* MyMorningCoffee-Release.xcconfig */; };
		5F02237421AB27ED00802796 /* NewsItemMoreMenuViewController.swift in Sources */ = {isa = PBXBuildFile; fileRef = 5F02237321AB27ED00802796 /* NewsItemMoreMenuViewController.swift */; };
		5F0FCD5D21260B4F002A289F /* TopNewsViewController.swift in Sources */ = {isa = PBXBuildFile; fileRef = 5F0FCD5C21260B4F002A289F /* TopNewsViewController.swift */; };
		5F13B35F2198B12E00FB1BF4 /* NewsItemViewControllerSpec.swift in Sources */ = {isa = PBXBuildFile; fileRef = 5F13B35E2198B12E00FB1BF4 /* NewsItemViewControllerSpec.swift */; };
		5F13B3612198B2FE00FB1BF4 /* Hurricane-Utah-Wikipedia.html in Resources */ = {isa = PBXBuildFile; fileRef = 5F13B3602198B2FE00FB1BF4 /* Hurricane-Utah-Wikipedia.html */; };
		5F1B31942148610600A18D03 /* StubImageLoader.swift in Sources */ = {isa = PBXBuildFile; fileRef = 5F1B31932148610600A18D03 /* StubImageLoader.swift */; };
		5F1C957A21B0768600175F07 /* StubAnalyticsService.swift in Sources */ = {isa = PBXBuildFile; fileRef = 5F1C957921B0768600175F07 /* StubAnalyticsService.swift */; };
		5F1C957D21B1DE2600175F07 /* SplashViewController.swift in Sources */ = {isa = PBXBuildFile; fileRef = 5F1C957C21B1DE2600175F07 /* SplashViewController.swift */; };
		5F23C182212B55D00030199A /* ScraperService.swift in Sources */ = {isa = PBXBuildFile; fileRef = 5F23C181212B55D00030199A /* ScraperService.swift */; };
		5F23C184212B58FB0030199A /* MercuryWebParserScraperService.swift in Sources */ = {isa = PBXBuildFile; fileRef = 5F23C183212B58FB0030199A /* MercuryWebParserScraperService.swift */; };
		5F23C186212B64630030199A /* MercuryWebParserScraperServiceSpec.swift in Sources */ = {isa = PBXBuildFile; fileRef = 5F23C185212B64630030199A /* MercuryWebParserScraperServiceSpec.swift */; };
		5F2D394E21BA709400D30A51 /* RemoteConfigDefaults.plist in Resources */ = {isa = PBXBuildFile; fileRef = 5F2D394D21BA709400D30A51 /* RemoteConfigDefaults.plist */; };
		5F3A0A0221C6E17400F87598 /* SplashSkeletonCellView.xib in Resources */ = {isa = PBXBuildFile; fileRef = 5F3A0A0121C6E17400F87598 /* SplashSkeletonCellView.xib */; };
		5F3A0A0421C6E19F00F87598 /* SplashSkeletonCellView.swift in Sources */ = {isa = PBXBuildFile; fileRef = 5F3A0A0321C6E19F00F87598 /* SplashSkeletonCellView.swift */; };
		5F43F8C721292FB500BD62CC /* top-stories.json in Resources */ = {isa = PBXBuildFile; fileRef = 5F43F8C621292FB500BD62CC /* top-stories.json */; };
		5F43F8C9212930F300BD62CC /* story.json in Resources */ = {isa = PBXBuildFile; fileRef = 5F43F8C8212930F300BD62CC /* story.json */; };
		5F43F8CC2129311C00BD62CC /* HackerNewsService.swift in Sources */ = {isa = PBXBuildFile; fileRef = 5F43F8CB2129311C00BD62CC /* HackerNewsService.swift */; };
		5F43F8CF2129344200BD62CC /* HackerNewsHTTPServiceSpecs.swift in Sources */ = {isa = PBXBuildFile; fileRef = 5F43F8CE2129344200BD62CC /* HackerNewsHTTPServiceSpecs.swift */; };
		5F43F8D1212934E800BD62CC /* HackerNewsHTTPService.swift in Sources */ = {isa = PBXBuildFile; fileRef = 5F43F8D0212934E800BD62CC /* HackerNewsHTTPService.swift */; };
		5F43F8D3212935C700BD62CC /* TestAppDelegate.swift in Sources */ = {isa = PBXBuildFile; fileRef = 5F43F8D2212935C700BD62CC /* TestAppDelegate.swift */; };
		5F43F8D52129360100BD62CC /* main.swift in Sources */ = {isa = PBXBuildFile; fileRef = 5F43F8D42129360100BD62CC /* main.swift */; };
		5F457C6821484B3300409DF6 /* Device.swift in Sources */ = {isa = PBXBuildFile; fileRef = 5F457C6721484B3300409DF6 /* Device.swift */; };
		5F457C6A21484C6600409DF6 /* TopNewsCellViewSpec.swift in Sources */ = {isa = PBXBuildFile; fileRef = 5F457C6921484C6600409DF6 /* TopNewsCellViewSpec.swift */; };
		5F457C6C21485DCC00409DF6 /* ImageLoaderType.swift in Sources */ = {isa = PBXBuildFile; fileRef = 5F457C6B21485DCC00409DF6 /* ImageLoaderType.swift */; };
		5F461124219E13070007AEC2 /* Pods-acknowledgements.plist in Resources */ = {isa = PBXBuildFile; fileRef = 5F461123219E13070007AEC2 /* Pods-acknowledgements.plist */; };
		5F461126219EEBD50007AEC2 /* Icons.swift in Sources */ = {isa = PBXBuildFile; fileRef = 5F461125219EEBD50007AEC2 /* Icons.swift */; };
		5F461129219EEEF40007AEC2 /* OpenSourceViewController.swift in Sources */ = {isa = PBXBuildFile; fileRef = 5F461128219EEEF40007AEC2 /* OpenSourceViewController.swift */; };
		5F49F10B2126029D0071DB49 /* AppDelegate.swift in Sources */ = {isa = PBXBuildFile; fileRef = 5F49F10A2126029D0071DB49 /* AppDelegate.swift */; };
		5F49F1122126029F0071DB49 /* Assets.xcassets in Resources */ = {isa = PBXBuildFile; fileRef = 5F49F1112126029F0071DB49 /* Assets.xcassets */; };
		5F49F1152126029F0071DB49 /* LaunchScreen.storyboard in Resources */ = {isa = PBXBuildFile; fileRef = 5F49F1132126029F0071DB49 /* LaunchScreen.storyboard */; };
		5F5654C421B5950800908612 /* Layout.swift in Sources */ = {isa = PBXBuildFile; fileRef = 5F5654C321B5950800908612 /* Layout.swift */; };
		5F56F3F721E3241500EDD306 /* SettingsViewController.swift in Sources */ = {isa = PBXBuildFile; fileRef = 5F56F3F621E3241500EDD306 /* SettingsViewController.swift */; };
		5F577215212DE742009C9E37 /* Environment.swift in Sources */ = {isa = PBXBuildFile; fileRef = 5F577214212DE742009C9E37 /* Environment.swift */; };
		5F5E5F4B2251D7BC0084E811 /* bloomberg.com.html in Resources */ = {isa = PBXBuildFile; fileRef = 5F5E5F4A2251D7BC0084E811 /* bloomberg.com.html */; };
		5F655E3A219B6818003E0B27 /* Nunito-SemiBold.ttf in Resources */ = {isa = PBXBuildFile; fileRef = 5F655E38219B67E1003E0B27 /* Nunito-SemiBold.ttf */; };
		5F655E3B219B681B003E0B27 /* Nunito-Regular.ttf in Resources */ = {isa = PBXBuildFile; fileRef = 5F655E39219B67E1003E0B27 /* Nunito-Regular.ttf */; };
		5F655E3D219BF3D2003E0B27 /* Formatter.swift in Sources */ = {isa = PBXBuildFile; fileRef = 5F655E3C219BF3D2003E0B27 /* Formatter.swift */; };
		5F655E3F219BF639003E0B27 /* StubFormatter.swift in Sources */ = {isa = PBXBuildFile; fileRef = 5F655E3E219BF639003E0B27 /* StubFormatter.swift */; };
		5F6ABF83212C9A6E00060690 /* NewsItemRecord.swift in Sources */ = {isa = PBXBuildFile; fileRef = 5F6ABF82212C9A6E00060690 /* NewsItemRecord.swift */; };
		5F6ABF85212CABB200060690 /* DatabaseFactory.swift in Sources */ = {isa = PBXBuildFile; fileRef = 5F6ABF84212CABB200060690 /* DatabaseFactory.swift */; };
		5F6ABF87212CAC4100060690 /* DatabaseMigrations.swift in Sources */ = {isa = PBXBuildFile; fileRef = 5F6ABF86212CAC4100060690 /* DatabaseMigrations.swift */; };
		5F6ABF8A212CAD8000060690 /* NewsItemsGRDBDatabaseSpec.swift in Sources */ = {isa = PBXBuildFile; fileRef = 5F6ABF89212CAD8000060690 /* NewsItemsGRDBDatabaseSpec.swift */; };
		5F7600E821597BFC0038E998 /* HackerNewsAlgoliaServiceSpec.swift in Sources */ = {isa = PBXBuildFile; fileRef = 5F7600E721597BFC0038E998 /* HackerNewsAlgoliaServiceSpec.swift */; };
		5F7600EA21597CD90038E998 /* hn.algolia.search_by_date.success.json in Resources */ = {isa = PBXBuildFile; fileRef = 5F7600E921597CD90038E998 /* hn.algolia.search_by_date.success.json */; };
		5F77A2FA2144612600197926 /* TopNewsViewControllerSpec.swift in Sources */ = {isa = PBXBuildFile; fileRef = 5F77A2F92144612600197926 /* TopNewsViewControllerSpec.swift */; };
		5F77B3F321F6E83A0045ACE6 /* UIViewController+Rx.swift in Sources */ = {isa = PBXBuildFile; fileRef = 5F77B3F221F6E83A0045ACE6 /* UIViewController+Rx.swift */; };
		5F7A5A9E212EC07700E49054 /* TopNewsViewModelSpec.swift in Sources */ = {isa = PBXBuildFile; fileRef = 5F7A5A9D212EC07700E49054 /* TopNewsViewModelSpec.swift */; };
		5F7A5AA0212EC36A00E49054 /* Injector.swift in Sources */ = {isa = PBXBuildFile; fileRef = 5F7A5A9F212EC36A00E49054 /* Injector.swift */; };
		5F7A5AA2212EC96A00E49054 /* Fixtures.swift in Sources */ = {isa = PBXBuildFile; fileRef = 5F7A5AA1212EC96A00E49054 /* Fixtures.swift */; };
		5F84856E219755B0001B94D2 /* Router.swift in Sources */ = {isa = PBXBuildFile; fileRef = 5F84856D219755B0001B94D2 /* Router.swift */; };
		5F8485712197FC8D001B94D2 /* NewsItemViewController.swift in Sources */ = {isa = PBXBuildFile; fileRef = 5F8485702197FC8D001B94D2 /* NewsItemViewController.swift */; };
		5F87E17421E5C56000715B44 /* SettingsViewModel.swift in Sources */ = {isa = PBXBuildFile; fileRef = 5F87E17321E5C56000715B44 /* SettingsViewModel.swift */; };
		5F8DC5ED21F27CBD0026A9F5 /* StubNewsItemsDatabaseType.swift in Sources */ = {isa = PBXBuildFile; fileRef = 5F8DC5EC21F27CBD0026A9F5 /* StubNewsItemsDatabaseType.swift */; };
		5F8FDAC021AED51B0068E1EF /* AnalyticsService.swift in Sources */ = {isa = PBXBuildFile; fileRef = 5F8FDABF21AED51B0068E1EF /* AnalyticsService.swift */; };
		5F8FDAC621AFB6120068E1EF /* AnalyticsEvent.swift in Sources */ = {isa = PBXBuildFile; fileRef = 5F8FDAC521AFB6120068E1EF /* AnalyticsEvent.swift */; };
		5F9187A621E282F400D95CEA /* OpenSourceViewControllerSpec.swift in Sources */ = {isa = PBXBuildFile; fileRef = 5F9187A521E282F400D95CEA /* OpenSourceViewControllerSpec.swift */; };
		5F92004D212C2FFB00E824E7 /* MoyaProviderFactory.swift in Sources */ = {isa = PBXBuildFile; fileRef = 5F92004C212C2FFB00E824E7 /* MoyaProviderFactory.swift */; };
		5F92004F212C31B000E824E7 /* mercury-response.json in Resources */ = {isa = PBXBuildFile; fileRef = 5F92004E212C31B000E824E7 /* mercury-response.json */; };
		5FA8C1DA215974A700265046 /* HackerNewsAlgoliaService.swift in Sources */ = {isa = PBXBuildFile; fileRef = 5FA8C1D9215974A700265046 /* HackerNewsAlgoliaService.swift */; };
		5FAB2AFE2262F9FE0021F75A /* forbes.com.html in Resources */ = {isa = PBXBuildFile; fileRef = 5FAB2AFD2262F9FE0021F75A /* forbes.com.html */; };
		5FAB2AFF2262FFC10021F75A /* Dates.swift in Sources */ = {isa = PBXBuildFile; fileRef = 5FE6FD4E214D864600E596C3 /* Dates.swift */; };
		5FABFA3C224824EF009B204E /* KannaScraperService.swift in Sources */ = {isa = PBXBuildFile; fileRef = 5FABFA3B224824EF009B204E /* KannaScraperService.swift */; };
		5FAEE57D2253B2BE00B50628 /* ft.com.html in Resources */ = {isa = PBXBuildFile; fileRef = 5FAEE57C2253B2BE00B50628 /* ft.com.html */; };
		5FB2480F21275D0000BFE636 /* MontserratAlternates-Medium.ttf in Resources */ = {isa = PBXBuildFile; fileRef = 5FB247FC21275CFF00BFE636 /* MontserratAlternates-Medium.ttf */; };
		5FB2481721275D0000BFE636 /* MontserratAlternates-Regular.ttf in Resources */ = {isa = PBXBuildFile; fileRef = 5FB2480421275CFF00BFE636 /* MontserratAlternates-Regular.ttf */; };
		5FC1F03721E4760000120F3D /* SettingsViewControllerSpec.swift in Sources */ = {isa = PBXBuildFile; fileRef = 5FC1F03621E4760000120F3D /* SettingsViewControllerSpec.swift */; };
		5FC38028212D3E82003E1F4B /* NewsItemsDatabase.swift in Sources */ = {isa = PBXBuildFile; fileRef = 5FC38027212D3E82003E1F4B /* NewsItemsDatabase.swift */; };
		5FC574C32128B04100A49664 /* CardImageView.swift in Sources */ = {isa = PBXBuildFile; fileRef = 5FC574C22128B04100A49664 /* CardImageView.swift */; };
		5FC8AF9021B4FD7700BCB73C /* SplashViewControllerSpec.swift in Sources */ = {isa = PBXBuildFile; fileRef = 5FC8AF8F21B4FD7700BCB73C /* SplashViewControllerSpec.swift */; };
		5FC8AF9221B4FDE100BCB73C /* StubRouter.swift in Sources */ = {isa = PBXBuildFile; fileRef = 5FC8AF9121B4FDE100BCB73C /* StubRouter.swift */; };
		5FC8AF9421B4FE4900BCB73C /* StubRemoteConfig.swift in Sources */ = {isa = PBXBuildFile; fileRef = 5FC8AF9321B4FE4900BCB73C /* StubRemoteConfig.swift */; };
		5FC8AF9721B5011C00BCB73C /* FirebaseRemoteConfig.swift in Sources */ = {isa = PBXBuildFile; fileRef = 5FC8AF9621B5011C00BCB73C /* FirebaseRemoteConfig.swift */; };
		5FCAB98422475B520097A614 /* SwiftLinkPreviewScraperService.swift in Sources */ = {isa = PBXBuildFile; fileRef = 5FCAB98322475B520097A614 /* SwiftLinkPreviewScraperService.swift */; };
		5FCC61FD21277AEF004B0B29 /* TopNewsViewModel.swift in Sources */ = {isa = PBXBuildFile; fileRef = 5FCC61FC21277AEF004B0B29 /* TopNewsViewModel.swift */; };
		5FCC61FF21283571004B0B29 /* TopNewsCellView.xib in Resources */ = {isa = PBXBuildFile; fileRef = 5FCC61FE21283571004B0B29 /* TopNewsCellView.xib */; };
		5FCC620121283583004B0B29 /* TopNewsCellView.swift in Sources */ = {isa = PBXBuildFile; fileRef = 5FCC620021283583004B0B29 /* TopNewsCellView.swift */; };
		5FD6CDB821E71F2D0053DAD1 /* BuildIdentityService.swift in Sources */ = {isa = PBXBuildFile; fileRef = 5FD6CDB721E71F2D0053DAD1 /* BuildIdentityService.swift */; };
		5FD9C8F2224933E500BA581A /* KannaScraperServiceSpec.swift in Sources */ = {isa = PBXBuildFile; fileRef = 5FD9C8F1224933E500BA581A /* KannaScraperServiceSpec.swift */; };
		5FD9C8F42249351C00BA581A /* fast-company.html in Resources */ = {isa = PBXBuildFile; fileRef = 5FD9C8F32249351C00BA581A /* fast-company.html */; };
		5FE238C6212617D100F2AB9A /* Theme.swift in Sources */ = {isa = PBXBuildFile; fileRef = 5FE238C5212617D100F2AB9A /* Theme.swift */; };
		5FE6B1F221BDB6E1006D144D /* PreConfigAssembly.swift in Sources */ = {isa = PBXBuildFile; fileRef = 5FE6B1F121BDB6E1006D144D /* PreConfigAssembly.swift */; };
		5FE6B1F421BDB784006D144D /* PostConfigAssembly.swift in Sources */ = {isa = PBXBuildFile; fileRef = 5FE6B1F321BDB784006D144D /* PostConfigAssembly.swift */; };
		5FE6FD51214D99A800E596C3 /* Images.swift in Sources */ = {isa = PBXBuildFile; fileRef = 5FE6FD50214D99A800E596C3 /* Images.swift */; };
		7FE4F11476946C7014902C8B /* Pods_MyMorningCoffee.framework in Frameworks */ = {isa = PBXBuildFile; fileRef = 9B5A7B2958D25D67C33A1968 /* Pods_MyMorningCoffee.framework */; };
/* End PBXBuildFile section */

/* Begin PBXContainerItemProxy section */
		5F49F11C2126029F0071DB49 /* PBXContainerItemProxy */ = {
			isa = PBXContainerItemProxy;
			containerPortal = 5F49F0FF2126029D0071DB49 /* Project object */;
			proxyType = 1;
			remoteGlobalIDString = 5F49F1062126029D0071DB49;
			remoteInfo = MyMorningCoffee;
		};
/* End PBXContainerItemProxy section */

/* Begin PBXFileReference section */
		187AD5BEB80992E922F99624 /* Pods-MyMorningCoffeeTests.release.xcconfig */ = {isa = PBXFileReference; includeInIndex = 1; lastKnownFileType = text.xcconfig; name = "Pods-MyMorningCoffeeTests.release.xcconfig"; path = "Pods/Target Support Files/Pods-MyMorningCoffeeTests/Pods-MyMorningCoffeeTests.release.xcconfig"; sourceTree = "<group>"; };
		5F00838721CF597E00DF9ABA /* MyMorningCoffee-Shared.xcconfig */ = {isa = PBXFileReference; fileEncoding = 4; lastKnownFileType = text.xcconfig; path = "MyMorningCoffee-Shared.xcconfig"; sourceTree = "<group>"; };
		5F00838821CF597E00DF9ABA /* MyMorningCoffeeTests-Debug.xcconfig */ = {isa = PBXFileReference; fileEncoding = 4; lastKnownFileType = text.xcconfig; path = "MyMorningCoffeeTests-Debug.xcconfig"; sourceTree = "<group>"; };
		5F00838921CF597E00DF9ABA /* MyMorningCoffeeTests-Release.xcconfig */ = {isa = PBXFileReference; fileEncoding = 4; lastKnownFileType = text.xcconfig; path = "MyMorningCoffeeTests-Release.xcconfig"; sourceTree = "<group>"; };
		5F00838A21CF597E00DF9ABA /* Project-Release.xcconfig */ = {isa = PBXFileReference; fileEncoding = 4; lastKnownFileType = text.xcconfig; path = "Project-Release.xcconfig"; sourceTree = "<group>"; };
		5F00838B21CF597E00DF9ABA /* MyMorningCoffee-Debug.xcconfig */ = {isa = PBXFileReference; fileEncoding = 4; lastKnownFileType = text.xcconfig; path = "MyMorningCoffee-Debug.xcconfig"; sourceTree = "<group>"; };
		5F00838C21CF597E00DF9ABA /* Project-Shared.xcconfig */ = {isa = PBXFileReference; fileEncoding = 4; lastKnownFileType = text.xcconfig; path = "Project-Shared.xcconfig"; sourceTree = "<group>"; };
		5F00838D21CF597E00DF9ABA /* MyMorningCoffeeTests-Shared.xcconfig */ = {isa = PBXFileReference; fileEncoding = 4; lastKnownFileType = text.xcconfig; path = "MyMorningCoffeeTests-Shared.xcconfig"; sourceTree = "<group>"; };
		5F00838E21CF597E00DF9ABA /* Project-Debug.xcconfig */ = {isa = PBXFileReference; fileEncoding = 4; lastKnownFileType = text.xcconfig; path = "Project-Debug.xcconfig"; sourceTree = "<group>"; };
		5F00838F21CF597E00DF9ABA /* MyMorningCoffee-Release.xcconfig */ = {isa = PBXFileReference; fileEncoding = 4; lastKnownFileType = text.xcconfig; path = "MyMorningCoffee-Release.xcconfig"; sourceTree = "<group>"; };
		5F02237321AB27ED00802796 /* NewsItemMoreMenuViewController.swift */ = {isa = PBXFileReference; lastKnownFileType = sourcecode.swift; path = NewsItemMoreMenuViewController.swift; sourceTree = "<group>"; };
		5F0FCD5C21260B4F002A289F /* TopNewsViewController.swift */ = {isa = PBXFileReference; lastKnownFileType = sourcecode.swift; path = TopNewsViewController.swift; sourceTree = "<group>"; };
		5F13B35E2198B12E00FB1BF4 /* NewsItemViewControllerSpec.swift */ = {isa = PBXFileReference; lastKnownFileType = sourcecode.swift; path = NewsItemViewControllerSpec.swift; sourceTree = "<group>"; };
		5F13B3602198B2FE00FB1BF4 /* Hurricane-Utah-Wikipedia.html */ = {isa = PBXFileReference; fileEncoding = 4; lastKnownFileType = text.html; path = "Hurricane-Utah-Wikipedia.html"; sourceTree = "<group>"; };
		5F1B31932148610600A18D03 /* StubImageLoader.swift */ = {isa = PBXFileReference; lastKnownFileType = sourcecode.swift; path = StubImageLoader.swift; sourceTree = "<group>"; };
		5F1C957921B0768600175F07 /* StubAnalyticsService.swift */ = {isa = PBXFileReference; lastKnownFileType = sourcecode.swift; path = StubAnalyticsService.swift; sourceTree = "<group>"; };
		5F1C957C21B1DE2600175F07 /* SplashViewController.swift */ = {isa = PBXFileReference; lastKnownFileType = sourcecode.swift; path = SplashViewController.swift; sourceTree = "<group>"; };
		5F23C181212B55D00030199A /* ScraperService.swift */ = {isa = PBXFileReference; lastKnownFileType = sourcecode.swift; path = ScraperService.swift; sourceTree = "<group>"; };
		5F23C183212B58FB0030199A /* MercuryWebParserScraperService.swift */ = {isa = PBXFileReference; lastKnownFileType = sourcecode.swift; path = MercuryWebParserScraperService.swift; sourceTree = "<group>"; };
		5F23C185212B64630030199A /* MercuryWebParserScraperServiceSpec.swift */ = {isa = PBXFileReference; lastKnownFileType = sourcecode.swift; path = MercuryWebParserScraperServiceSpec.swift; sourceTree = "<group>"; };
		5F2D394D21BA709400D30A51 /* RemoteConfigDefaults.plist */ = {isa = PBXFileReference; lastKnownFileType = text.plist.xml; path = RemoteConfigDefaults.plist; sourceTree = "<group>"; };
		5F3A0A0121C6E17400F87598 /* SplashSkeletonCellView.xib */ = {isa = PBXFileReference; lastKnownFileType = file.xib; path = SplashSkeletonCellView.xib; sourceTree = "<group>"; };
		5F3A0A0321C6E19F00F87598 /* SplashSkeletonCellView.swift */ = {isa = PBXFileReference; lastKnownFileType = sourcecode.swift; path = SplashSkeletonCellView.swift; sourceTree = "<group>"; };
		5F43F8C621292FB500BD62CC /* top-stories.json */ = {isa = PBXFileReference; lastKnownFileType = text.json; path = "top-stories.json"; sourceTree = "<group>"; };
		5F43F8C8212930F300BD62CC /* story.json */ = {isa = PBXFileReference; lastKnownFileType = text.json; path = story.json; sourceTree = "<group>"; };
		5F43F8CB2129311C00BD62CC /* HackerNewsService.swift */ = {isa = PBXFileReference; lastKnownFileType = sourcecode.swift; path = HackerNewsService.swift; sourceTree = "<group>"; };
		5F43F8CE2129344200BD62CC /* HackerNewsHTTPServiceSpecs.swift */ = {isa = PBXFileReference; lastKnownFileType = sourcecode.swift; path = HackerNewsHTTPServiceSpecs.swift; sourceTree = "<group>"; };
		5F43F8D0212934E800BD62CC /* HackerNewsHTTPService.swift */ = {isa = PBXFileReference; lastKnownFileType = sourcecode.swift; path = HackerNewsHTTPService.swift; sourceTree = "<group>"; };
		5F43F8D2212935C700BD62CC /* TestAppDelegate.swift */ = {isa = PBXFileReference; lastKnownFileType = sourcecode.swift; path = TestAppDelegate.swift; sourceTree = "<group>"; };
		5F43F8D42129360100BD62CC /* main.swift */ = {isa = PBXFileReference; lastKnownFileType = sourcecode.swift; path = main.swift; sourceTree = "<group>"; };
		5F457C6721484B3300409DF6 /* Device.swift */ = {isa = PBXFileReference; lastKnownFileType = sourcecode.swift; path = Device.swift; sourceTree = "<group>"; };
		5F457C6921484C6600409DF6 /* TopNewsCellViewSpec.swift */ = {isa = PBXFileReference; lastKnownFileType = sourcecode.swift; path = TopNewsCellViewSpec.swift; sourceTree = "<group>"; };
		5F457C6B21485DCC00409DF6 /* ImageLoaderType.swift */ = {isa = PBXFileReference; lastKnownFileType = sourcecode.swift; path = ImageLoaderType.swift; sourceTree = "<group>"; };
		5F461123219E13070007AEC2 /* Pods-acknowledgements.plist */ = {isa = PBXFileReference; fileEncoding = 4; lastKnownFileType = text.plist.xml; path = "Pods-acknowledgements.plist"; sourceTree = "<group>"; };
		5F461125219EEBD50007AEC2 /* Icons.swift */ = {isa = PBXFileReference; lastKnownFileType = sourcecode.swift; path = Icons.swift; sourceTree = "<group>"; };
		5F461128219EEEF40007AEC2 /* OpenSourceViewController.swift */ = {isa = PBXFileReference; lastKnownFileType = sourcecode.swift; path = OpenSourceViewController.swift; sourceTree = "<group>"; };
		5F49F1072126029D0071DB49 /* MyMorningCoffee.app */ = {isa = PBXFileReference; explicitFileType = wrapper.application; includeInIndex = 0; path = MyMorningCoffee.app; sourceTree = BUILT_PRODUCTS_DIR; };
		5F49F10A2126029D0071DB49 /* AppDelegate.swift */ = {isa = PBXFileReference; lastKnownFileType = sourcecode.swift; path = AppDelegate.swift; sourceTree = "<group>"; };
		5F49F1112126029F0071DB49 /* Assets.xcassets */ = {isa = PBXFileReference; lastKnownFileType = folder.assetcatalog; path = Assets.xcassets; sourceTree = "<group>"; };
		5F49F1142126029F0071DB49 /* Base */ = {isa = PBXFileReference; lastKnownFileType = file.storyboard; name = Base; path = Base.lproj/LaunchScreen.storyboard; sourceTree = "<group>"; };
		5F49F1162126029F0071DB49 /* Info.plist */ = {isa = PBXFileReference; lastKnownFileType = text.plist.xml; path = Info.plist; sourceTree = "<group>"; };
		5F49F11B2126029F0071DB49 /* MyMorningCoffeeTests.xctest */ = {isa = PBXFileReference; explicitFileType = wrapper.cfbundle; includeInIndex = 0; path = MyMorningCoffeeTests.xctest; sourceTree = BUILT_PRODUCTS_DIR; };
		5F49F1212126029F0071DB49 /* Info.plist */ = {isa = PBXFileReference; lastKnownFileType = text.plist.xml; path = Info.plist; sourceTree = "<group>"; };
		5F5654C321B5950800908612 /* Layout.swift */ = {isa = PBXFileReference; lastKnownFileType = sourcecode.swift; path = Layout.swift; sourceTree = "<group>"; };
		5F56F3F621E3241500EDD306 /* SettingsViewController.swift */ = {isa = PBXFileReference; lastKnownFileType = sourcecode.swift; path = SettingsViewController.swift; sourceTree = "<group>"; };
		5F577214212DE742009C9E37 /* Environment.swift */ = {isa = PBXFileReference; lastKnownFileType = sourcecode.swift; path = Environment.swift; sourceTree = "<group>"; };
		5F5E5F4A2251D7BC0084E811 /* bloomberg.com.html */ = {isa = PBXFileReference; lastKnownFileType = text.html; path = bloomberg.com.html; sourceTree = "<group>"; };
		5F655E38219B67E1003E0B27 /* Nunito-SemiBold.ttf */ = {isa = PBXFileReference; lastKnownFileType = file; path = "Nunito-SemiBold.ttf"; sourceTree = "<group>"; };
		5F655E39219B67E1003E0B27 /* Nunito-Regular.ttf */ = {isa = PBXFileReference; lastKnownFileType = file; path = "Nunito-Regular.ttf"; sourceTree = "<group>"; };
		5F655E3C219BF3D2003E0B27 /* Formatter.swift */ = {isa = PBXFileReference; lastKnownFileType = sourcecode.swift; path = Formatter.swift; sourceTree = "<group>"; };
		5F655E3E219BF639003E0B27 /* StubFormatter.swift */ = {isa = PBXFileReference; lastKnownFileType = sourcecode.swift; path = StubFormatter.swift; sourceTree = "<group>"; };
		5F6ABF82212C9A6E00060690 /* NewsItemRecord.swift */ = {isa = PBXFileReference; lastKnownFileType = sourcecode.swift; path = NewsItemRecord.swift; sourceTree = "<group>"; };
		5F6ABF84212CABB200060690 /* DatabaseFactory.swift */ = {isa = PBXFileReference; lastKnownFileType = sourcecode.swift; path = DatabaseFactory.swift; sourceTree = "<group>"; };
		5F6ABF86212CAC4100060690 /* DatabaseMigrations.swift */ = {isa = PBXFileReference; lastKnownFileType = sourcecode.swift; path = DatabaseMigrations.swift; sourceTree = "<group>"; };
		5F6ABF89212CAD8000060690 /* NewsItemsGRDBDatabaseSpec.swift */ = {isa = PBXFileReference; lastKnownFileType = sourcecode.swift; path = NewsItemsGRDBDatabaseSpec.swift; sourceTree = "<group>"; };
		5F7600E721597BFC0038E998 /* HackerNewsAlgoliaServiceSpec.swift */ = {isa = PBXFileReference; lastKnownFileType = sourcecode.swift; path = HackerNewsAlgoliaServiceSpec.swift; sourceTree = "<group>"; };
		5F7600E921597CD90038E998 /* hn.algolia.search_by_date.success.json */ = {isa = PBXFileReference; lastKnownFileType = text.json; path = hn.algolia.search_by_date.success.json; sourceTree = "<group>"; };
		5F77A2F92144612600197926 /* TopNewsViewControllerSpec.swift */ = {isa = PBXFileReference; lastKnownFileType = sourcecode.swift; path = TopNewsViewControllerSpec.swift; sourceTree = "<group>"; };
		5F77B3F221F6E83A0045ACE6 /* UIViewController+Rx.swift */ = {isa = PBXFileReference; lastKnownFileType = sourcecode.swift; path = "UIViewController+Rx.swift"; sourceTree = "<group>"; };
		5F7A5A9D212EC07700E49054 /* TopNewsViewModelSpec.swift */ = {isa = PBXFileReference; lastKnownFileType = sourcecode.swift; path = TopNewsViewModelSpec.swift; sourceTree = "<group>"; };
		5F7A5A9F212EC36A00E49054 /* Injector.swift */ = {isa = PBXFileReference; lastKnownFileType = sourcecode.swift; path = Injector.swift; sourceTree = "<group>"; };
		5F7A5AA1212EC96A00E49054 /* Fixtures.swift */ = {isa = PBXFileReference; lastKnownFileType = sourcecode.swift; path = Fixtures.swift; sourceTree = "<group>"; };
		5F84856D219755B0001B94D2 /* Router.swift */ = {isa = PBXFileReference; lastKnownFileType = sourcecode.swift; path = Router.swift; sourceTree = "<group>"; };
		5F8485702197FC8D001B94D2 /* NewsItemViewController.swift */ = {isa = PBXFileReference; lastKnownFileType = sourcecode.swift; path = NewsItemViewController.swift; sourceTree = "<group>"; };
		5F87E17321E5C56000715B44 /* SettingsViewModel.swift */ = {isa = PBXFileReference; lastKnownFileType = sourcecode.swift; path = SettingsViewModel.swift; sourceTree = "<group>"; };
		5F8DC5EC21F27CBD0026A9F5 /* StubNewsItemsDatabaseType.swift */ = {isa = PBXFileReference; lastKnownFileType = sourcecode.swift; path = StubNewsItemsDatabaseType.swift; sourceTree = "<group>"; };
		5F8FDABF21AED51B0068E1EF /* AnalyticsService.swift */ = {isa = PBXFileReference; lastKnownFileType = sourcecode.swift; path = AnalyticsService.swift; sourceTree = "<group>"; };
		5F8FDAC521AFB6120068E1EF /* AnalyticsEvent.swift */ = {isa = PBXFileReference; lastKnownFileType = sourcecode.swift; path = AnalyticsEvent.swift; sourceTree = "<group>"; };
		5F9187A521E282F400D95CEA /* OpenSourceViewControllerSpec.swift */ = {isa = PBXFileReference; lastKnownFileType = sourcecode.swift; path = OpenSourceViewControllerSpec.swift; sourceTree = "<group>"; };
		5F92004C212C2FFB00E824E7 /* MoyaProviderFactory.swift */ = {isa = PBXFileReference; lastKnownFileType = sourcecode.swift; path = MoyaProviderFactory.swift; sourceTree = "<group>"; };
		5F92004E212C31B000E824E7 /* mercury-response.json */ = {isa = PBXFileReference; lastKnownFileType = text.json; path = "mercury-response.json"; sourceTree = "<group>"; };
		5FA8C1D9215974A700265046 /* HackerNewsAlgoliaService.swift */ = {isa = PBXFileReference; lastKnownFileType = sourcecode.swift; path = HackerNewsAlgoliaService.swift; sourceTree = "<group>"; };
		5FAB2AFD2262F9FE0021F75A /* forbes.com.html */ = {isa = PBXFileReference; lastKnownFileType = text.html; path = forbes.com.html; sourceTree = "<group>"; };
		5FABFA3B224824EF009B204E /* KannaScraperService.swift */ = {isa = PBXFileReference; lastKnownFileType = sourcecode.swift; path = KannaScraperService.swift; sourceTree = "<group>"; };
		5FAEE57C2253B2BE00B50628 /* ft.com.html */ = {isa = PBXFileReference; lastKnownFileType = text.html; path = ft.com.html; sourceTree = "<group>"; };
		5FB247FC21275CFF00BFE636 /* MontserratAlternates-Medium.ttf */ = {isa = PBXFileReference; lastKnownFileType = file; path = "MontserratAlternates-Medium.ttf"; sourceTree = "<group>"; };
		5FB2480121275CFF00BFE636 /* OFL.txt */ = {isa = PBXFileReference; fileEncoding = 4; lastKnownFileType = text; path = OFL.txt; sourceTree = "<group>"; };
		5FB2480421275CFF00BFE636 /* MontserratAlternates-Regular.ttf */ = {isa = PBXFileReference; lastKnownFileType = file; path = "MontserratAlternates-Regular.ttf"; sourceTree = "<group>"; };
		5FC1F03621E4760000120F3D /* SettingsViewControllerSpec.swift */ = {isa = PBXFileReference; fileEncoding = 4; lastKnownFileType = sourcecode.swift; path = SettingsViewControllerSpec.swift; sourceTree = "<group>"; };
		5FC38027212D3E82003E1F4B /* NewsItemsDatabase.swift */ = {isa = PBXFileReference; lastKnownFileType = sourcecode.swift; path = NewsItemsDatabase.swift; sourceTree = "<group>"; };
		5FC574C22128B04100A49664 /* CardImageView.swift */ = {isa = PBXFileReference; lastKnownFileType = sourcecode.swift; path = CardImageView.swift; sourceTree = "<group>"; };
		5FC8AF8F21B4FD7700BCB73C /* SplashViewControllerSpec.swift */ = {isa = PBXFileReference; lastKnownFileType = sourcecode.swift; path = SplashViewControllerSpec.swift; sourceTree = "<group>"; };
		5FC8AF9121B4FDE100BCB73C /* StubRouter.swift */ = {isa = PBXFileReference; lastKnownFileType = sourcecode.swift; path = StubRouter.swift; sourceTree = "<group>"; };
		5FC8AF9321B4FE4900BCB73C /* StubRemoteConfig.swift */ = {isa = PBXFileReference; lastKnownFileType = sourcecode.swift; path = StubRemoteConfig.swift; sourceTree = "<group>"; };
		5FC8AF9621B5011C00BCB73C /* FirebaseRemoteConfig.swift */ = {isa = PBXFileReference; lastKnownFileType = sourcecode.swift; path = FirebaseRemoteConfig.swift; sourceTree = "<group>"; };
		5FCAB98322475B520097A614 /* SwiftLinkPreviewScraperService.swift */ = {isa = PBXFileReference; lastKnownFileType = sourcecode.swift; path = SwiftLinkPreviewScraperService.swift; sourceTree = "<group>"; };
		5FCC61FC21277AEF004B0B29 /* TopNewsViewModel.swift */ = {isa = PBXFileReference; lastKnownFileType = sourcecode.swift; path = TopNewsViewModel.swift; sourceTree = "<group>"; };
		5FCC61FE21283571004B0B29 /* TopNewsCellView.xib */ = {isa = PBXFileReference; lastKnownFileType = file.xib; path = TopNewsCellView.xib; sourceTree = "<group>"; };
		5FCC620021283583004B0B29 /* TopNewsCellView.swift */ = {isa = PBXFileReference; lastKnownFileType = sourcecode.swift; path = TopNewsCellView.swift; sourceTree = "<group>"; };
		5FD6CDB721E71F2D0053DAD1 /* BuildIdentityService.swift */ = {isa = PBXFileReference; lastKnownFileType = sourcecode.swift; path = BuildIdentityService.swift; sourceTree = "<group>"; };
		5FD9C8F1224933E500BA581A /* KannaScraperServiceSpec.swift */ = {isa = PBXFileReference; lastKnownFileType = sourcecode.swift; path = KannaScraperServiceSpec.swift; sourceTree = "<group>"; };
		5FD9C8F32249351C00BA581A /* fast-company.html */ = {isa = PBXFileReference; lastKnownFileType = text.html; path = "fast-company.html"; sourceTree = "<group>"; };
		5FE238C5212617D100F2AB9A /* Theme.swift */ = {isa = PBXFileReference; lastKnownFileType = sourcecode.swift; path = Theme.swift; sourceTree = "<group>"; };
		5FE6B1F121BDB6E1006D144D /* PreConfigAssembly.swift */ = {isa = PBXFileReference; lastKnownFileType = sourcecode.swift; path = PreConfigAssembly.swift; sourceTree = "<group>"; };
		5FE6B1F321BDB784006D144D /* PostConfigAssembly.swift */ = {isa = PBXFileReference; lastKnownFileType = sourcecode.swift; path = PostConfigAssembly.swift; sourceTree = "<group>"; };
		5FE6FD4E214D864600E596C3 /* Dates.swift */ = {isa = PBXFileReference; lastKnownFileType = sourcecode.swift; path = Dates.swift; sourceTree = "<group>"; };
		5FE6FD50214D99A800E596C3 /* Images.swift */ = {isa = PBXFileReference; lastKnownFileType = sourcecode.swift; path = Images.swift; sourceTree = "<group>"; };
		639CB397A186331A7F542157 /* Pods-MyMorningCoffeeTests.debug.xcconfig */ = {isa = PBXFileReference; includeInIndex = 1; lastKnownFileType = text.xcconfig; name = "Pods-MyMorningCoffeeTests.debug.xcconfig"; path = "Pods/Target Support Files/Pods-MyMorningCoffeeTests/Pods-MyMorningCoffeeTests.debug.xcconfig"; sourceTree = "<group>"; };
		973EDF13CBF7E5FB61A2E82E /* Pods-MyMorningCoffee.release.xcconfig */ = {isa = PBXFileReference; includeInIndex = 1; lastKnownFileType = text.xcconfig; name = "Pods-MyMorningCoffee.release.xcconfig"; path = "Pods/Target Support Files/Pods-MyMorningCoffee/Pods-MyMorningCoffee.release.xcconfig"; sourceTree = "<group>"; };
		9B5A7B2958D25D67C33A1968 /* Pods_MyMorningCoffee.framework */ = {isa = PBXFileReference; explicitFileType = wrapper.framework; includeInIndex = 0; path = Pods_MyMorningCoffee.framework; sourceTree = BUILT_PRODUCTS_DIR; };
		ABEE350EB487DF5B07C78716 /* Pods-MyMorningCoffee.debug.xcconfig */ = {isa = PBXFileReference; includeInIndex = 1; lastKnownFileType = text.xcconfig; name = "Pods-MyMorningCoffee.debug.xcconfig"; path = "Pods/Target Support Files/Pods-MyMorningCoffee/Pods-MyMorningCoffee.debug.xcconfig"; sourceTree = "<group>"; };
		EE8B8D99F3067C4EF9EF3048 /* Pods_MyMorningCoffeeTests.framework */ = {isa = PBXFileReference; explicitFileType = wrapper.framework; includeInIndex = 0; path = Pods_MyMorningCoffeeTests.framework; sourceTree = BUILT_PRODUCTS_DIR; };
/* End PBXFileReference section */

/* Begin PBXFrameworksBuildPhase section */
		5F49F1042126029D0071DB49 /* Frameworks */ = {
			isa = PBXFrameworksBuildPhase;
			buildActionMask = 2147483647;
			files = (
				7FE4F11476946C7014902C8B /* Pods_MyMorningCoffee.framework in Frameworks */,
			);
			runOnlyForDeploymentPostprocessing = 0;
		};
		5F49F1182126029F0071DB49 /* Frameworks */ = {
			isa = PBXFrameworksBuildPhase;
			buildActionMask = 2147483647;
			files = (
				4BA5E4C2F2521773F4EA36B6 /* Pods_MyMorningCoffeeTests.framework in Frameworks */,
			);
			runOnlyForDeploymentPostprocessing = 0;
		};
/* End PBXFrameworksBuildPhase section */

/* Begin PBXGroup section */
		272B305976A7F507ACE59826 /* Frameworks */ = {
			isa = PBXGroup;
			children = (
				9B5A7B2958D25D67C33A1968 /* Pods_MyMorningCoffee.framework */,
				EE8B8D99F3067C4EF9EF3048 /* Pods_MyMorningCoffeeTests.framework */,
			);
			name = Frameworks;
			sourceTree = "<group>";
		};
		5F00838621CF597E00DF9ABA /* xcconfig */ = {
			isa = PBXGroup;
			children = (
				5F00838B21CF597E00DF9ABA /* MyMorningCoffee-Debug.xcconfig */,
				5F00838F21CF597E00DF9ABA /* MyMorningCoffee-Release.xcconfig */,
				5F00838721CF597E00DF9ABA /* MyMorningCoffee-Shared.xcconfig */,
				5F00838821CF597E00DF9ABA /* MyMorningCoffeeTests-Debug.xcconfig */,
				5F00838921CF597E00DF9ABA /* MyMorningCoffeeTests-Release.xcconfig */,
				5F00838D21CF597E00DF9ABA /* MyMorningCoffeeTests-Shared.xcconfig */,
				5F00838E21CF597E00DF9ABA /* Project-Debug.xcconfig */,
				5F00838A21CF597E00DF9ABA /* Project-Release.xcconfig */,
				5F00838C21CF597E00DF9ABA /* Project-Shared.xcconfig */,
			);
			path = xcconfig;
			sourceTree = "<group>";
		};
		5F0FCD5B21260AD2002A289F /* TopNews */ = {
			isa = PBXGroup;
			children = (
				5FCC620021283583004B0B29 /* TopNewsCellView.swift */,
				5FCC61FE21283571004B0B29 /* TopNewsCellView.xib */,
				5F0FCD5C21260B4F002A289F /* TopNewsViewController.swift */,
				5FCC61FC21277AEF004B0B29 /* TopNewsViewModel.swift */,
			);
			path = TopNews;
			sourceTree = "<group>";
		};
		5F13B35D2198B11C00FB1BF4 /* NewsItem */ = {
			isa = PBXGroup;
			children = (
				5F13B3602198B2FE00FB1BF4 /* Hurricane-Utah-Wikipedia.html */,
				5F13B35E2198B12E00FB1BF4 /* NewsItemViewControllerSpec.swift */,
			);
			path = NewsItem;
			sourceTree = "<group>";
		};
		5F1C957B21B1DE1600175F07 /* Splash */ = {
			isa = PBXGroup;
			children = (
				5F3A0A0321C6E19F00F87598 /* SplashSkeletonCellView.swift */,
				5F3A0A0121C6E17400F87598 /* SplashSkeletonCellView.xib */,
				5F1C957C21B1DE2600175F07 /* SplashViewController.swift */,
			);
			path = Splash;
			sourceTree = "<group>";
		};
		5F43F8C521292F9A00BD62CC /* Stubs */ = {
			isa = PBXGroup;
			children = (
				5F7A5AA1212EC96A00E49054 /* Fixtures.swift */,
				5F1C957921B0768600175F07 /* StubAnalyticsService.swift */,
				5F655E3E219BF639003E0B27 /* StubFormatter.swift */,
				5F1B31932148610600A18D03 /* StubImageLoader.swift */,
				5F8DC5EC21F27CBD0026A9F5 /* StubNewsItemsDatabaseType.swift */,
				5FC8AF9321B4FE4900BCB73C /* StubRemoteConfig.swift */,
				5FC8AF9121B4FDE100BCB73C /* StubRouter.swift */,
				5F7600E921597CD90038E998 /* hn.algolia.search_by_date.success.json */,
				5F92004E212C31B000E824E7 /* mercury-response.json */,
				5F43F8C8212930F300BD62CC /* story.json */,
				5F43F8C621292FB500BD62CC /* top-stories.json */,
			);
			path = Stubs;
			sourceTree = "<group>";
		};
		5F43F8CA2129310600BD62CC /* Services */ = {
			isa = PBXGroup;
			children = (
				5F8FDAC421AFB5F70068E1EF /* Analytics */,
				5FC8AF9521B5010600BCB73C /* Firebase */,
				5FABFA3922482458009B204E /* Scraper */,
				5FD6CDB721E71F2D0053DAD1 /* BuildIdentityService.swift */,
				5FE6FD4E214D864600E596C3 /* Dates.swift */,
				5F655E3C219BF3D2003E0B27 /* Formatter.swift */,
				5FA8C1D9215974A700265046 /* HackerNewsAlgoliaService.swift */,
				5F43F8D0212934E800BD62CC /* HackerNewsHTTPService.swift */,
				5F43F8CB2129311C00BD62CC /* HackerNewsService.swift */,
				5F457C6B21485DCC00409DF6 /* ImageLoaderType.swift */,
			);
			path = Services;
			sourceTree = "<group>";
		};
		5F43F8CD2129342C00BD62CC /* Services */ = {
			isa = PBXGroup;
			children = (
				5FABFA3A22482472009B204E /* Scraper */,
				5F7600E721597BFC0038E998 /* HackerNewsAlgoliaServiceSpec.swift */,
				5F43F8CE2129344200BD62CC /* HackerNewsHTTPServiceSpecs.swift */,
			);
			path = Services;
			sourceTree = "<group>";
		};
		5F461127219EEEE30007AEC2 /* Settings */ = {
			isa = PBXGroup;
			children = (
				5F461128219EEEF40007AEC2 /* OpenSourceViewController.swift */,
				5F56F3F621E3241500EDD306 /* SettingsViewController.swift */,
				5F87E17321E5C56000715B44 /* SettingsViewModel.swift */,
			);
			path = Settings;
			sourceTree = "<group>";
		};
		5F49F0FE2126029D0071DB49 = {
			isa = PBXGroup;
			children = (
				272B305976A7F507ACE59826 /* Frameworks */,
				5F49F1092126029D0071DB49 /* MyMorningCoffee */,
				5F49F11E2126029F0071DB49 /* MyMorningCoffeeTests */,
				D679043C3EB7B1EF82C85627 /* Pods */,
				5F49F1082126029D0071DB49 /* Products */,
			);
			sourceTree = "<group>";
		};
		5F49F1082126029D0071DB49 /* Products */ = {
			isa = PBXGroup;
			children = (
				5F49F1072126029D0071DB49 /* MyMorningCoffee.app */,
				5F49F11B2126029F0071DB49 /* MyMorningCoffeeTests.xctest */,
			);
			name = Products;
			sourceTree = "<group>";
		};
		5F49F1092126029D0071DB49 /* MyMorningCoffee */ = {
			isa = PBXGroup;
			children = (
				5F6ABF81212C9A3D00060690 /* Database */,
				5F77B3F121F6E82B0045ACE6 /* Extensions */,
				5F577213212DE733009C9E37 /* Injection */,
				5F92004B212C2FEC00E824E7 /* Network */,
				5F84856F2197FC80001B94D2 /* NewsItem */,
				5F84856C219755A3001B94D2 /* Router */,
				5F43F8CA2129310600BD62CC /* Services */,
				5F461127219EEEE30007AEC2 /* Settings */,
				5F1C957B21B1DE1600175F07 /* Splash */,
				5F0FCD5B21260AD2002A289F /* TopNews */,
				5FE238C4212617C600F2AB9A /* UI */,
				5F00838621CF597E00DF9ABA /* xcconfig */,
				5F49F10A2126029D0071DB49 /* AppDelegate.swift */,
				5F49F1112126029F0071DB49 /* Assets.xcassets */,
				5F49F1162126029F0071DB49 /* Info.plist */,
				5F49F1132126029F0071DB49 /* LaunchScreen.storyboard */,
				5F461123219E13070007AEC2 /* Pods-acknowledgements.plist */,
				5F43F8D2212935C700BD62CC /* TestAppDelegate.swift */,
				5F43F8D42129360100BD62CC /* main.swift */,
			);
			path = MyMorningCoffee;
			sourceTree = "<group>";
		};
		5F49F11E2126029F0071DB49 /* MyMorningCoffeeTests */ = {
			isa = PBXGroup;
			children = (
				5F6ABF88212CAD6B00060690 /* Database */,
				5F13B35D2198B11C00FB1BF4 /* NewsItem */,
				5F43F8CD2129342C00BD62CC /* Services */,
				5F9187A421E282D600D95CEA /* Settings */,
				5FC8AF8E21B4FD6200BCB73C /* Splash */,
				5F43F8C521292F9A00BD62CC /* Stubs */,
				5F7A5A9C212EC05B00E49054 /* TopNews */,
				5F457C6721484B3300409DF6 /* Device.swift */,
				5F49F1212126029F0071DB49 /* Info.plist */,
			);
			path = MyMorningCoffeeTests;
			sourceTree = "<group>";
		};
		5F577213212DE733009C9E37 /* Injection */ = {
			isa = PBXGroup;
			children = (
				5F577214212DE742009C9E37 /* Environment.swift */,
				5F7A5A9F212EC36A00E49054 /* Injector.swift */,
				5FE6B1F321BDB784006D144D /* PostConfigAssembly.swift */,
				5FE6B1F121BDB6E1006D144D /* PreConfigAssembly.swift */,
			);
			path = Injection;
			sourceTree = "<group>";
		};
		5F5E5F492251D7A00084E811 /* Fixtures */ = {
			isa = PBXGroup;
			children = (
				5F5E5F4A2251D7BC0084E811 /* bloomberg.com.html */,
				5FD9C8F32249351C00BA581A /* fast-company.html */,
				5FAB2AFD2262F9FE0021F75A /* forbes.com.html */,
				5FAEE57C2253B2BE00B50628 /* ft.com.html */,
			);
			path = Fixtures;
			sourceTree = "<group>";
		};
		5F655E37219B67D4003E0B27 /* Nunito */ = {
			isa = PBXGroup;
			children = (
				5F655E39219B67E1003E0B27 /* Nunito-Regular.ttf */,
				5F655E38219B67E1003E0B27 /* Nunito-SemiBold.ttf */,
			);
			path = Nunito;
			sourceTree = "<group>";
		};
		5F6ABF81212C9A3D00060690 /* Database */ = {
			isa = PBXGroup;
			children = (
				5F6ABF84212CABB200060690 /* DatabaseFactory.swift */,
				5F6ABF86212CAC4100060690 /* DatabaseMigrations.swift */,
				5F6ABF82212C9A6E00060690 /* NewsItemRecord.swift */,
				5FC38027212D3E82003E1F4B /* NewsItemsDatabase.swift */,
			);
			path = Database;
			sourceTree = "<group>";
		};
		5F6ABF88212CAD6B00060690 /* Database */ = {
			isa = PBXGroup;
			children = (
				5F6ABF89212CAD8000060690 /* NewsItemsGRDBDatabaseSpec.swift */,
			);
			path = Database;
			sourceTree = "<group>";
		};
		5F77B3F121F6E82B0045ACE6 /* Extensions */ = {
			isa = PBXGroup;
			children = (
				5F77B3F221F6E83A0045ACE6 /* UIViewController+Rx.swift */,
			);
			path = Extensions;
			sourceTree = "<group>";
		};
		5F7A5A9C212EC05B00E49054 /* TopNews */ = {
			isa = PBXGroup;
			children = (
				5F457C6921484C6600409DF6 /* TopNewsCellViewSpec.swift */,
				5F77A2F92144612600197926 /* TopNewsViewControllerSpec.swift */,
				5F7A5A9D212EC07700E49054 /* TopNewsViewModelSpec.swift */,
			);
			path = TopNews;
			sourceTree = "<group>";
		};
		5F84856C219755A3001B94D2 /* Router */ = {
			isa = PBXGroup;
			children = (
				5F84856D219755B0001B94D2 /* Router.swift */,
			);
			path = Router;
			sourceTree = "<group>";
		};
		5F84856F2197FC80001B94D2 /* NewsItem */ = {
			isa = PBXGroup;
			children = (
				5F02237321AB27ED00802796 /* NewsItemMoreMenuViewController.swift */,
				5F8485702197FC8D001B94D2 /* NewsItemViewController.swift */,
			);
			path = NewsItem;
			sourceTree = "<group>";
		};
		5F8FDAC421AFB5F70068E1EF /* Analytics */ = {
			isa = PBXGroup;
			children = (
				5F8FDAC521AFB6120068E1EF /* AnalyticsEvent.swift */,
				5F8FDABF21AED51B0068E1EF /* AnalyticsService.swift */,
			);
			path = Analytics;
			sourceTree = "<group>";
		};
		5F9187A421E282D600D95CEA /* Settings */ = {
			isa = PBXGroup;
			children = (
				5F9187A521E282F400D95CEA /* OpenSourceViewControllerSpec.swift */,
				5FC1F03621E4760000120F3D /* SettingsViewControllerSpec.swift */,
			);
			path = Settings;
			sourceTree = "<group>";
		};
		5F92004B212C2FEC00E824E7 /* Network */ = {
			isa = PBXGroup;
			children = (
				5F92004C212C2FFB00E824E7 /* MoyaProviderFactory.swift */,
			);
			path = Network;
			sourceTree = "<group>";
		};
		5FABFA3922482458009B204E /* Scraper */ = {
			isa = PBXGroup;
			children = (
				5FABFA3B224824EF009B204E /* KannaScraperService.swift */,
				5F23C183212B58FB0030199A /* MercuryWebParserScraperService.swift */,
				5F23C181212B55D00030199A /* ScraperService.swift */,
				5FCAB98322475B520097A614 /* SwiftLinkPreviewScraperService.swift */,
			);
			path = Scraper;
			sourceTree = "<group>";
		};
		5FABFA3A22482472009B204E /* Scraper */ = {
			isa = PBXGroup;
			children = (
				5F5E5F492251D7A00084E811 /* Fixtures */,
				5FD9C8F1224933E500BA581A /* KannaScraperServiceSpec.swift */,
				5F23C185212B64630030199A /* MercuryWebParserScraperServiceSpec.swift */,
			);
			path = Scraper;
			sourceTree = "<group>";
		};
		5FB247F421275CF400BFE636 /* Fonts */ = {
			isa = PBXGroup;
			children = (
				5FB247F521275CFF00BFE636 /* Montserrat_Alternates */,
				5F655E37219B67D4003E0B27 /* Nunito */,
			);
			path = Fonts;
			sourceTree = "<group>";
		};
		5FB247F521275CFF00BFE636 /* Montserrat_Alternates */ = {
			isa = PBXGroup;
			children = (
				5FB247FC21275CFF00BFE636 /* MontserratAlternates-Medium.ttf */,
				5FB2480421275CFF00BFE636 /* MontserratAlternates-Regular.ttf */,
				5FB2480121275CFF00BFE636 /* OFL.txt */,
			);
			path = Montserrat_Alternates;
			sourceTree = "<group>";
		};
		5FC574C12128B02D00A49664 /* Components */ = {
			isa = PBXGroup;
			children = (
				5FC574C22128B04100A49664 /* CardImageView.swift */,
			);
			path = Components;
			sourceTree = "<group>";
		};
		5FC8AF8E21B4FD6200BCB73C /* Splash */ = {
			isa = PBXGroup;
			children = (
				5FC8AF8F21B4FD7700BCB73C /* SplashViewControllerSpec.swift */,
			);
			path = Splash;
			sourceTree = "<group>";
		};
		5FC8AF9521B5010600BCB73C /* Firebase */ = {
			isa = PBXGroup;
			children = (
				5FC8AF9621B5011C00BCB73C /* FirebaseRemoteConfig.swift */,
				5F2D394D21BA709400D30A51 /* RemoteConfigDefaults.plist */,
			);
			path = Firebase;
			sourceTree = "<group>";
		};
		5FE238C4212617C600F2AB9A /* UI */ = {
			isa = PBXGroup;
			children = (
				5FC574C12128B02D00A49664 /* Components */,
				5FB247F421275CF400BFE636 /* Fonts */,
				5F461125219EEBD50007AEC2 /* Icons.swift */,
				5FE6FD50214D99A800E596C3 /* Images.swift */,
				5F5654C321B5950800908612 /* Layout.swift */,
				5FE238C5212617D100F2AB9A /* Theme.swift */,
			);
			path = UI;
			sourceTree = "<group>";
		};
		D679043C3EB7B1EF82C85627 /* Pods */ = {
			isa = PBXGroup;
			children = (
				ABEE350EB487DF5B07C78716 /* Pods-MyMorningCoffee.debug.xcconfig */,
				973EDF13CBF7E5FB61A2E82E /* Pods-MyMorningCoffee.release.xcconfig */,
				639CB397A186331A7F542157 /* Pods-MyMorningCoffeeTests.debug.xcconfig */,
				187AD5BEB80992E922F99624 /* Pods-MyMorningCoffeeTests.release.xcconfig */,
			);
			name = Pods;
			sourceTree = "<group>";
		};
/* End PBXGroup section */

/* Begin PBXNativeTarget section */
		5F49F1062126029D0071DB49 /* MyMorningCoffee */ = {
			isa = PBXNativeTarget;
			buildConfigurationList = 5F49F1242126029F0071DB49 /* Build configuration list for PBXNativeTarget "MyMorningCoffee" */;
			buildPhases = (
				C7114E465B85441117B50DAE /* [CP] Check Pods Manifest.lock */,
				5F49F1032126029D0071DB49 /* Sources */,
				5F49F1042126029D0071DB49 /* Frameworks */,
				5F49F1052126029D0071DB49 /* Resources */,
				00C16108D44C91B40174158A /* [CP] Embed Pods Frameworks */,
				F0AAEA8B5622887B0E1DCB39 /* [CP-User] Fabric */,
			);
			buildRules = (
			);
			dependencies = (
			);
			name = MyMorningCoffee;
			productName = MyMorningCoffee;
			productReference = 5F49F1072126029D0071DB49 /* MyMorningCoffee.app */;
			productType = "com.apple.product-type.application";
		};
		5F49F11A2126029F0071DB49 /* MyMorningCoffeeTests */ = {
			isa = PBXNativeTarget;
			buildConfigurationList = 5F49F1272126029F0071DB49 /* Build configuration list for PBXNativeTarget "MyMorningCoffeeTests" */;
			buildPhases = (
				3E9686D5FD6F803C2017D4B8 /* [CP] Check Pods Manifest.lock */,
				5F49F1172126029F0071DB49 /* Sources */,
				5F49F1182126029F0071DB49 /* Frameworks */,
				5F49F1192126029F0071DB49 /* Resources */,
				2FE38EC28850E9370771EA14 /* [CP] Embed Pods Frameworks */,
			);
			buildRules = (
			);
			dependencies = (
				5F49F11D2126029F0071DB49 /* PBXTargetDependency */,
			);
			name = MyMorningCoffeeTests;
			productName = MyMorningCoffeeTests;
			productReference = 5F49F11B2126029F0071DB49 /* MyMorningCoffeeTests.xctest */;
			productType = "com.apple.product-type.bundle.unit-test";
		};
/* End PBXNativeTarget section */

/* Begin PBXProject section */
		5F49F0FF2126029D0071DB49 /* Project object */ = {
			isa = PBXProject;
			attributes = {
				LastSwiftUpdateCheck = 1000;
				LastUpgradeCheck = 1000;
				ORGANIZATIONNAME = "Roi Sagiv";
				TargetAttributes = {
					5F49F1062126029D0071DB49 = {
						CreatedOnToolsVersion = 10.0;
						LastSwiftMigration = 1000;
					};
					5F49F11A2126029F0071DB49 = {
						CreatedOnToolsVersion = 10.0;
						LastSwiftMigration = 1000;
						TestTargetID = 5F49F1062126029D0071DB49;
					};
				};
			};
			buildConfigurationList = 5F49F1022126029D0071DB49 /* Build configuration list for PBXProject "MyMorningCoffee" */;
			compatibilityVersion = "Xcode 9.3";
			developmentRegion = en;
			hasScannedForEncodings = 0;
			knownRegions = (
				en,
				Base,
			);
			mainGroup = 5F49F0FE2126029D0071DB49;
			productRefGroup = 5F49F1082126029D0071DB49 /* Products */;
			projectDirPath = "";
			projectRoot = "";
			targets = (
				5F49F1062126029D0071DB49 /* MyMorningCoffee */,
				5F49F11A2126029F0071DB49 /* MyMorningCoffeeTests */,
			);
		};
/* End PBXProject section */

/* Begin PBXResourcesBuildPhase section */
		5F49F1052126029D0071DB49 /* Resources */ = {
			isa = PBXResourcesBuildPhase;
			buildActionMask = 2147483647;
			files = (
				5F00839421CF597E00DF9ABA /* MyMorningCoffee-Debug.xcconfig in Resources */,
				5F00839521CF597E00DF9ABA /* Project-Shared.xcconfig in Resources */,
				5FB2481721275D0000BFE636 /* MontserratAlternates-Regular.ttf in Resources */,
				5F00839821CF597E00DF9ABA /* MyMorningCoffee-Release.xcconfig in Resources */,
				5F00839121CF597E00DF9ABA /* MyMorningCoffeeTests-Debug.xcconfig in Resources */,
				5F3A0A0221C6E17400F87598 /* SplashSkeletonCellView.xib in Resources */,
				5FCC61FF21283571004B0B29 /* TopNewsCellView.xib in Resources */,
				5F00839721CF597E00DF9ABA /* Project-Debug.xcconfig in Resources */,
				5F00839621CF597E00DF9ABA /* MyMorningCoffeeTests-Shared.xcconfig in Resources */,
				5F655E3A219B6818003E0B27 /* Nunito-SemiBold.ttf in Resources */,
				5F461124219E13070007AEC2 /* Pods-acknowledgements.plist in Resources */,
				5F00839021CF597E00DF9ABA /* MyMorningCoffee-Shared.xcconfig in Resources */,
				5F49F1152126029F0071DB49 /* LaunchScreen.storyboard in Resources */,
				5F00839321CF597E00DF9ABA /* Project-Release.xcconfig in Resources */,
				5F655E3B219B681B003E0B27 /* Nunito-Regular.ttf in Resources */,
				5F2D394E21BA709400D30A51 /* RemoteConfigDefaults.plist in Resources */,
				5F00839221CF597E00DF9ABA /* MyMorningCoffeeTests-Release.xcconfig in Resources */,
				5F49F1122126029F0071DB49 /* Assets.xcassets in Resources */,
				5FB2480F21275D0000BFE636 /* MontserratAlternates-Medium.ttf in Resources */,
			);
			runOnlyForDeploymentPostprocessing = 0;
		};
		5F49F1192126029F0071DB49 /* Resources */ = {
			isa = PBXResourcesBuildPhase;
			buildActionMask = 2147483647;
			files = (
				5F43F8C721292FB500BD62CC /* top-stories.json in Resources */,
				5F5E5F4B2251D7BC0084E811 /* bloomberg.com.html in Resources */,
				5FAB2AFE2262F9FE0021F75A /* forbes.com.html in Resources */,
				5F7600EA21597CD90038E998 /* hn.algolia.search_by_date.success.json in Resources */,
				5FD9C8F42249351C00BA581A /* fast-company.html in Resources */,
				5F13B3612198B2FE00FB1BF4 /* Hurricane-Utah-Wikipedia.html in Resources */,
				5FAEE57D2253B2BE00B50628 /* ft.com.html in Resources */,
				5F43F8C9212930F300BD62CC /* story.json in Resources */,
				5F92004F212C31B000E824E7 /* mercury-response.json in Resources */,
			);
			runOnlyForDeploymentPostprocessing = 0;
		};
/* End PBXResourcesBuildPhase section */

/* Begin PBXShellScriptBuildPhase section */
		00C16108D44C91B40174158A /* [CP] Embed Pods Frameworks */ = {
			isa = PBXShellScriptBuildPhase;
			buildActionMask = 2147483647;
			files = (
			);
			inputPaths = (
				"${PODS_ROOT}/Target Support Files/Pods-MyMorningCoffee/Pods-MyMorningCoffee-frameworks.sh",
				"${BUILT_PRODUCTS_DIR}/AcknowList/AcknowList.framework",
				"${BUILT_PRODUCTS_DIR}/Action/Action.framework",
				"${BUILT_PRODUCTS_DIR}/Alamofire/Alamofire.framework",
				"${BUILT_PRODUCTS_DIR}/AlamofireNetworkActivityLogger/AlamofireNetworkActivityLogger.framework",
				"${BUILT_PRODUCTS_DIR}/Differentiator/Differentiator.framework",
				"${BUILT_PRODUCTS_DIR}/Freedom/Freedom.framework",
				"${BUILT_PRODUCTS_DIR}/GRDB.swift/GRDB.framework",
				"${BUILT_PRODUCTS_DIR}/GTMSessionFetcher/GTMSessionFetcher.framework",
				"${BUILT_PRODUCTS_DIR}/GoogleToolboxForMac/GoogleToolboxForMac.framework",
				"${BUILT_PRODUCTS_DIR}/GoogleUtilities/GoogleUtilities.framework",
				"${BUILT_PRODUCTS_DIR}/Kanna/Kanna.framework",
				"${BUILT_PRODUCTS_DIR}/Keys/Keys.framework",
				"${BUILT_PRODUCTS_DIR}/MDFInternationalization/MDFInternationalization.framework",
				"${BUILT_PRODUCTS_DIR}/MDFTextAccessibility/MDFTextAccessibility.framework",
				"${BUILT_PRODUCTS_DIR}/MaterialComponents/MaterialComponents.framework",
				"${BUILT_PRODUCTS_DIR}/MaterialDesignSymbol/MaterialDesignSymbol.framework",
				"${BUILT_PRODUCTS_DIR}/MotionAnimator/MotionAnimator.framework",
				"${BUILT_PRODUCTS_DIR}/MotionInterchange/MotionInterchange.framework",
				"${BUILT_PRODUCTS_DIR}/Moya/Moya.framework",
				"${BUILT_PRODUCTS_DIR}/Nuke/Nuke.framework",
				"${BUILT_PRODUCTS_DIR}/Protobuf/Protobuf.framework",
				"${BUILT_PRODUCTS_DIR}/RHPlaceholder/RHPlaceholder.framework",
				"${BUILT_PRODUCTS_DIR}/Result/Result.framework",
				"${BUILT_PRODUCTS_DIR}/Reusable/Reusable.framework",
				"${BUILT_PRODUCTS_DIR}/RxAlamofire/RxAlamofire.framework",
				"${BUILT_PRODUCTS_DIR}/RxCocoa/RxCocoa.framework",
				"${BUILT_PRODUCTS_DIR}/RxDataSources/RxDataSources.framework",
				"${BUILT_PRODUCTS_DIR}/RxGRDB/RxGRDB.framework",
				"${BUILT_PRODUCTS_DIR}/RxOptional/RxOptional.framework",
				"${BUILT_PRODUCTS_DIR}/RxSwift/RxSwift.framework",
				"${BUILT_PRODUCTS_DIR}/RxSwiftExt/RxSwiftExt.framework",
				"${BUILT_PRODUCTS_DIR}/RxSwiftUtilities/RxSwiftUtilities.framework",
				"${BUILT_PRODUCTS_DIR}/RxWebKit/RxWebKit.framework",
				"${BUILT_PRODUCTS_DIR}/SwiftHEXColors/SwiftHEXColors.framework",
				"${BUILT_PRODUCTS_DIR}/SwiftLinkPreview/SwiftLinkPreview.framework",
				"${BUILT_PRODUCTS_DIR}/SwiftMoment/SwiftMoment.framework",
				"${BUILT_PRODUCTS_DIR}/Swinject/Swinject.framework",
				"${BUILT_PRODUCTS_DIR}/leveldb-library/leveldb.framework",
				"${BUILT_PRODUCTS_DIR}/nanopb/nanopb.framework",
				"${BUILT_PRODUCTS_DIR}/netfox/netfox.framework",
			);
			name = "[CP] Embed Pods Frameworks";
			outputPaths = (
				"${TARGET_BUILD_DIR}/${FRAMEWORKS_FOLDER_PATH}/AcknowList.framework",
				"${TARGET_BUILD_DIR}/${FRAMEWORKS_FOLDER_PATH}/Action.framework",
				"${TARGET_BUILD_DIR}/${FRAMEWORKS_FOLDER_PATH}/Alamofire.framework",
				"${TARGET_BUILD_DIR}/${FRAMEWORKS_FOLDER_PATH}/AlamofireNetworkActivityLogger.framework",
				"${TARGET_BUILD_DIR}/${FRAMEWORKS_FOLDER_PATH}/Differentiator.framework",
				"${TARGET_BUILD_DIR}/${FRAMEWORKS_FOLDER_PATH}/Freedom.framework",
				"${TARGET_BUILD_DIR}/${FRAMEWORKS_FOLDER_PATH}/GRDB.framework",
				"${TARGET_BUILD_DIR}/${FRAMEWORKS_FOLDER_PATH}/GTMSessionFetcher.framework",
				"${TARGET_BUILD_DIR}/${FRAMEWORKS_FOLDER_PATH}/GoogleToolboxForMac.framework",
				"${TARGET_BUILD_DIR}/${FRAMEWORKS_FOLDER_PATH}/GoogleUtilities.framework",
				"${TARGET_BUILD_DIR}/${FRAMEWORKS_FOLDER_PATH}/Kanna.framework",
				"${TARGET_BUILD_DIR}/${FRAMEWORKS_FOLDER_PATH}/Keys.framework",
				"${TARGET_BUILD_DIR}/${FRAMEWORKS_FOLDER_PATH}/MDFInternationalization.framework",
				"${TARGET_BUILD_DIR}/${FRAMEWORKS_FOLDER_PATH}/MDFTextAccessibility.framework",
				"${TARGET_BUILD_DIR}/${FRAMEWORKS_FOLDER_PATH}/MaterialComponents.framework",
				"${TARGET_BUILD_DIR}/${FRAMEWORKS_FOLDER_PATH}/MaterialDesignSymbol.framework",
				"${TARGET_BUILD_DIR}/${FRAMEWORKS_FOLDER_PATH}/MotionAnimator.framework",
				"${TARGET_BUILD_DIR}/${FRAMEWORKS_FOLDER_PATH}/MotionInterchange.framework",
				"${TARGET_BUILD_DIR}/${FRAMEWORKS_FOLDER_PATH}/Moya.framework",
				"${TARGET_BUILD_DIR}/${FRAMEWORKS_FOLDER_PATH}/Nuke.framework",
				"${TARGET_BUILD_DIR}/${FRAMEWORKS_FOLDER_PATH}/Protobuf.framework",
				"${TARGET_BUILD_DIR}/${FRAMEWORKS_FOLDER_PATH}/RHPlaceholder.framework",
				"${TARGET_BUILD_DIR}/${FRAMEWORKS_FOLDER_PATH}/Result.framework",
				"${TARGET_BUILD_DIR}/${FRAMEWORKS_FOLDER_PATH}/Reusable.framework",
				"${TARGET_BUILD_DIR}/${FRAMEWORKS_FOLDER_PATH}/RxAlamofire.framework",
				"${TARGET_BUILD_DIR}/${FRAMEWORKS_FOLDER_PATH}/RxCocoa.framework",
				"${TARGET_BUILD_DIR}/${FRAMEWORKS_FOLDER_PATH}/RxDataSources.framework",
				"${TARGET_BUILD_DIR}/${FRAMEWORKS_FOLDER_PATH}/RxGRDB.framework",
				"${TARGET_BUILD_DIR}/${FRAMEWORKS_FOLDER_PATH}/RxOptional.framework",
				"${TARGET_BUILD_DIR}/${FRAMEWORKS_FOLDER_PATH}/RxSwift.framework",
				"${TARGET_BUILD_DIR}/${FRAMEWORKS_FOLDER_PATH}/RxSwiftExt.framework",
				"${TARGET_BUILD_DIR}/${FRAMEWORKS_FOLDER_PATH}/RxSwiftUtilities.framework",
				"${TARGET_BUILD_DIR}/${FRAMEWORKS_FOLDER_PATH}/RxWebKit.framework",
				"${TARGET_BUILD_DIR}/${FRAMEWORKS_FOLDER_PATH}/SwiftHEXColors.framework",
				"${TARGET_BUILD_DIR}/${FRAMEWORKS_FOLDER_PATH}/SwiftLinkPreview.framework",
				"${TARGET_BUILD_DIR}/${FRAMEWORKS_FOLDER_PATH}/SwiftMoment.framework",
				"${TARGET_BUILD_DIR}/${FRAMEWORKS_FOLDER_PATH}/Swinject.framework",
				"${TARGET_BUILD_DIR}/${FRAMEWORKS_FOLDER_PATH}/leveldb.framework",
				"${TARGET_BUILD_DIR}/${FRAMEWORKS_FOLDER_PATH}/nanopb.framework",
				"${TARGET_BUILD_DIR}/${FRAMEWORKS_FOLDER_PATH}/netfox.framework",
			);
			runOnlyForDeploymentPostprocessing = 0;
			shellPath = /bin/sh;
			shellScript = "\"${PODS_ROOT}/Target Support Files/Pods-MyMorningCoffee/Pods-MyMorningCoffee-frameworks.sh\"\n";
			showEnvVarsInLog = 0;
		};
		2FE38EC28850E9370771EA14 /* [CP] Embed Pods Frameworks */ = {
			isa = PBXShellScriptBuildPhase;
			buildActionMask = 2147483647;
			files = (
			);
			inputPaths = (
				"${PODS_ROOT}/Target Support Files/Pods-MyMorningCoffeeTests/Pods-MyMorningCoffeeTests-frameworks.sh",
				"${BUILT_PRODUCTS_DIR}/RxSwift/RxSwift.framework",
				"${PODS_ROOT}/EarlGrey/EarlGrey/EarlGrey.framework",
				"${BUILT_PRODUCTS_DIR}/Fakery/Fakery.framework",
				"${BUILT_PRODUCTS_DIR}/Nimble/Nimble.framework",
				"${BUILT_PRODUCTS_DIR}/Nimble-Snapshots/Nimble_Snapshots.framework",
				"${BUILT_PRODUCTS_DIR}/OHHTTPStubs/OHHTTPStubs.framework",
				"${BUILT_PRODUCTS_DIR}/Quick/Quick.framework",
				"${BUILT_PRODUCTS_DIR}/RxBlocking/RxBlocking.framework",
				"${BUILT_PRODUCTS_DIR}/iOSSnapshotTestCase/FBSnapshotTestCase.framework",
			);
			name = "[CP] Embed Pods Frameworks";
			outputPaths = (
				"${TARGET_BUILD_DIR}/${FRAMEWORKS_FOLDER_PATH}/RxSwift.framework",
				"${TARGET_BUILD_DIR}/${FRAMEWORKS_FOLDER_PATH}/EarlGrey.framework",
				"${TARGET_BUILD_DIR}/${FRAMEWORKS_FOLDER_PATH}/Fakery.framework",
				"${TARGET_BUILD_DIR}/${FRAMEWORKS_FOLDER_PATH}/Nimble.framework",
				"${TARGET_BUILD_DIR}/${FRAMEWORKS_FOLDER_PATH}/Nimble_Snapshots.framework",
				"${TARGET_BUILD_DIR}/${FRAMEWORKS_FOLDER_PATH}/OHHTTPStubs.framework",
				"${TARGET_BUILD_DIR}/${FRAMEWORKS_FOLDER_PATH}/Quick.framework",
				"${TARGET_BUILD_DIR}/${FRAMEWORKS_FOLDER_PATH}/RxBlocking.framework",
				"${TARGET_BUILD_DIR}/${FRAMEWORKS_FOLDER_PATH}/FBSnapshotTestCase.framework",
			);
			runOnlyForDeploymentPostprocessing = 0;
			shellPath = /bin/sh;
			shellScript = "\"${PODS_ROOT}/Target Support Files/Pods-MyMorningCoffeeTests/Pods-MyMorningCoffeeTests-frameworks.sh\"\n";
			showEnvVarsInLog = 0;
		};
		3E9686D5FD6F803C2017D4B8 /* [CP] Check Pods Manifest.lock */ = {
			isa = PBXShellScriptBuildPhase;
			buildActionMask = 2147483647;
			files = (
			);
			inputPaths = (
				"${PODS_PODFILE_DIR_PATH}/Podfile.lock",
				"${PODS_ROOT}/Manifest.lock",
			);
			name = "[CP] Check Pods Manifest.lock";
			outputPaths = (
				"$(DERIVED_FILE_DIR)/Pods-MyMorningCoffeeTests-checkManifestLockResult.txt",
			);
			runOnlyForDeploymentPostprocessing = 0;
			shellPath = /bin/sh;
			shellScript = "diff \"${PODS_PODFILE_DIR_PATH}/Podfile.lock\" \"${PODS_ROOT}/Manifest.lock\" > /dev/null\nif [ $? != 0 ] ; then\n    # print error to STDERR\n    echo \"error: The sandbox is not in sync with the Podfile.lock. Run 'pod install' or update your CocoaPods installation.\" >&2\n    exit 1\nfi\n# This output is used by Xcode 'outputs' to avoid re-running this script phase.\necho \"SUCCESS\" > \"${SCRIPT_OUTPUT_FILE_0}\"\n";
			showEnvVarsInLog = 0;
		};
		C7114E465B85441117B50DAE /* [CP] Check Pods Manifest.lock */ = {
			isa = PBXShellScriptBuildPhase;
			buildActionMask = 2147483647;
			files = (
			);
			inputPaths = (
				"${PODS_PODFILE_DIR_PATH}/Podfile.lock",
				"${PODS_ROOT}/Manifest.lock",
			);
			name = "[CP] Check Pods Manifest.lock";
			outputPaths = (
				"$(DERIVED_FILE_DIR)/Pods-MyMorningCoffee-checkManifestLockResult.txt",
			);
			runOnlyForDeploymentPostprocessing = 0;
			shellPath = /bin/sh;
			shellScript = "diff \"${PODS_PODFILE_DIR_PATH}/Podfile.lock\" \"${PODS_ROOT}/Manifest.lock\" > /dev/null\nif [ $? != 0 ] ; then\n    # print error to STDERR\n    echo \"error: The sandbox is not in sync with the Podfile.lock. Run 'pod install' or update your CocoaPods installation.\" >&2\n    exit 1\nfi\n# This output is used by Xcode 'outputs' to avoid re-running this script phase.\necho \"SUCCESS\" > \"${SCRIPT_OUTPUT_FILE_0}\"\n";
			showEnvVarsInLog = 0;
		};
		F0AAEA8B5622887B0E1DCB39 /* [CP-User] Fabric */ = {
			isa = PBXShellScriptBuildPhase;
			buildActionMask = 2147483647;
			files = (
			);
			inputFileListPaths = (
			);
			inputPaths = (
				"$(BUILT_PRODUCTS_DIR)/$(INFOPLIST_PATH)",
			);
			name = "[CP-User] Fabric";
			outputFileListPaths = (
			);
			outputPaths = (
			);
			runOnlyForDeploymentPostprocessing = 0;
			shellPath = /bin/sh;
			shellScript = "\"${PODS_ROOT}/Fabric/run\"";
			showEnvVarsInLog = 0;
		};
/* End PBXShellScriptBuildPhase section */

/* Begin PBXSourcesBuildPhase section */
		5F49F1032126029D0071DB49 /* Sources */ = {
			isa = PBXSourcesBuildPhase;
			buildActionMask = 2147483647;
			files = (
				5FE238C6212617D100F2AB9A /* Theme.swift in Sources */,
				5F5654C421B5950800908612 /* Layout.swift in Sources */,
				5F43F8CC2129311C00BD62CC /* HackerNewsService.swift in Sources */,
				5FE6B1F421BDB784006D144D /* PostConfigAssembly.swift in Sources */,
				5F457C6C21485DCC00409DF6 /* ImageLoaderType.swift in Sources */,
				5FE6FD51214D99A800E596C3 /* Images.swift in Sources */,
				5F56F3F721E3241500EDD306 /* SettingsViewController.swift in Sources */,
				5F77B3F321F6E83A0045ACE6 /* UIViewController+Rx.swift in Sources */,
				5F655E3D219BF3D2003E0B27 /* Formatter.swift in Sources */,
				5FA8C1DA215974A700265046 /* HackerNewsAlgoliaService.swift in Sources */,
				5F3A0A0421C6E19F00F87598 /* SplashSkeletonCellView.swift in Sources */,
				5F461129219EEEF40007AEC2 /* OpenSourceViewController.swift in Sources */,
				5FAB2AFF2262FFC10021F75A /* Dates.swift in Sources */,
				5F23C184212B58FB0030199A /* MercuryWebParserScraperService.swift in Sources */,
				5F43F8D3212935C700BD62CC /* TestAppDelegate.swift in Sources */,
				5FCAB98422475B520097A614 /* SwiftLinkPreviewScraperService.swift in Sources */,
				5F43F8D1212934E800BD62CC /* HackerNewsHTTPService.swift in Sources */,
				5FE6B1F221BDB6E1006D144D /* PreConfigAssembly.swift in Sources */,
				5FCC620121283583004B0B29 /* TopNewsCellView.swift in Sources */,
				5FCC61FD21277AEF004B0B29 /* TopNewsViewModel.swift in Sources */,
				5F6ABF85212CABB200060690 /* DatabaseFactory.swift in Sources */,
				5F43F8D52129360100BD62CC /* main.swift in Sources */,
				5F461126219EEBD50007AEC2 /* Icons.swift in Sources */,
				5F92004D212C2FFB00E824E7 /* MoyaProviderFactory.swift in Sources */,
				5F49F10B2126029D0071DB49 /* AppDelegate.swift in Sources */,
				5F6ABF87212CAC4100060690 /* DatabaseMigrations.swift in Sources */,
				5F84856E219755B0001B94D2 /* Router.swift in Sources */,
				5F6ABF83212C9A6E00060690 /* NewsItemRecord.swift in Sources */,
				5F02237421AB27ED00802796 /* NewsItemMoreMenuViewController.swift in Sources */,
				5F577215212DE742009C9E37 /* Environment.swift in Sources */,
				5F7A5AA0212EC36A00E49054 /* Injector.swift in Sources */,
				5FC8AF9721B5011C00BCB73C /* FirebaseRemoteConfig.swift in Sources */,
				5FC574C32128B04100A49664 /* CardImageView.swift in Sources */,
				5F23C182212B55D00030199A /* ScraperService.swift in Sources */,
				5F8FDAC021AED51B0068E1EF /* AnalyticsService.swift in Sources */,
				5F8485712197FC8D001B94D2 /* NewsItemViewController.swift in Sources */,
				5F0FCD5D21260B4F002A289F /* TopNewsViewController.swift in Sources */,
				5FABFA3C224824EF009B204E /* KannaScraperService.swift in Sources */,
				5F8FDAC621AFB6120068E1EF /* AnalyticsEvent.swift in Sources */,
				5FC38028212D3E82003E1F4B /* NewsItemsDatabase.swift in Sources */,
				5FD6CDB821E71F2D0053DAD1 /* BuildIdentityService.swift in Sources */,
				5F1C957D21B1DE2600175F07 /* SplashViewController.swift in Sources */,
				5F87E17421E5C56000715B44 /* SettingsViewModel.swift in Sources */,
			);
			runOnlyForDeploymentPostprocessing = 0;
		};
		5F49F1172126029F0071DB49 /* Sources */ = {
			isa = PBXSourcesBuildPhase;
			buildActionMask = 2147483647;
			files = (
				5F6ABF8A212CAD8000060690 /* NewsItemsGRDBDatabaseSpec.swift in Sources */,
				5F655E3F219BF639003E0B27 /* StubFormatter.swift in Sources */,
				5F7A5A9E212EC07700E49054 /* TopNewsViewModelSpec.swift in Sources */,
				5F9187A621E282F400D95CEA /* OpenSourceViewControllerSpec.swift in Sources */,
				5FD9C8F2224933E500BA581A /* KannaScraperServiceSpec.swift in Sources */,
				5F1C957A21B0768600175F07 /* StubAnalyticsService.swift in Sources */,
				5F8DC5ED21F27CBD0026A9F5 /* StubNewsItemsDatabaseType.swift in Sources */,
				5F1B31942148610600A18D03 /* StubImageLoader.swift in Sources */,
				5F457C6A21484C6600409DF6 /* TopNewsCellViewSpec.swift in Sources */,
				5FC8AF9421B4FE4900BCB73C /* StubRemoteConfig.swift in Sources */,
				5F23C186212B64630030199A /* MercuryWebParserScraperServiceSpec.swift in Sources */,
				5F7A5AA2212EC96A00E49054 /* Fixtures.swift in Sources */,
				5F13B35F2198B12E00FB1BF4 /* NewsItemViewControllerSpec.swift in Sources */,
				5FC8AF9221B4FDE100BCB73C /* StubRouter.swift in Sources */,
				5F77A2FA2144612600197926 /* TopNewsViewControllerSpec.swift in Sources */,
				5F457C6821484B3300409DF6 /* Device.swift in Sources */,
				5FC1F03721E4760000120F3D /* SettingsViewControllerSpec.swift in Sources */,
				5F7600E821597BFC0038E998 /* HackerNewsAlgoliaServiceSpec.swift in Sources */,
				5F43F8CF2129344200BD62CC /* HackerNewsHTTPServiceSpecs.swift in Sources */,
				5FC8AF9021B4FD7700BCB73C /* SplashViewControllerSpec.swift in Sources */,
			);
			runOnlyForDeploymentPostprocessing = 0;
		};
/* End PBXSourcesBuildPhase section */

/* Begin PBXTargetDependency section */
		5F49F11D2126029F0071DB49 /* PBXTargetDependency */ = {
			isa = PBXTargetDependency;
			target = 5F49F1062126029D0071DB49 /* MyMorningCoffee */;
			targetProxy = 5F49F11C2126029F0071DB49 /* PBXContainerItemProxy */;
		};
/* End PBXTargetDependency section */

/* Begin PBXVariantGroup section */
		5F49F1132126029F0071DB49 /* LaunchScreen.storyboard */ = {
			isa = PBXVariantGroup;
			children = (
				5F49F1142126029F0071DB49 /* Base */,
			);
			name = LaunchScreen.storyboard;
			path = .;
			sourceTree = "<group>";
		};
/* End PBXVariantGroup section */

/* Begin XCBuildConfiguration section */
		5F49F1222126029F0071DB49 /* Debug */ = {
			isa = XCBuildConfiguration;
			baseConfigurationReference = 5F00838E21CF597E00DF9ABA /* Project-Debug.xcconfig */;
			buildSettings = {
			};
			name = Debug;
		};
		5F49F1232126029F0071DB49 /* Release */ = {
			isa = XCBuildConfiguration;
			baseConfigurationReference = 5F00838A21CF597E00DF9ABA /* Project-Release.xcconfig */;
			buildSettings = {
			};
			name = Release;
		};
		5F49F1252126029F0071DB49 /* Debug */ = {
			isa = XCBuildConfiguration;
			baseConfigurationReference = 5F00838B21CF597E00DF9ABA /* MyMorningCoffee-Debug.xcconfig */;
			buildSettings = {
				ASSETCATALOG_COMPILER_APPICON_NAME = AppIcon;
				TARGETED_DEVICE_FAMILY = 1;
			};
			name = Debug;
		};
		5F49F1262126029F0071DB49 /* Release */ = {
			isa = XCBuildConfiguration;
			baseConfigurationReference = 5F00838F21CF597E00DF9ABA /* MyMorningCoffee-Release.xcconfig */;
			buildSettings = {
				ASSETCATALOG_COMPILER_APPICON_NAME = AppIcon;
				TARGETED_DEVICE_FAMILY = 1;
			};
			name = Release;
		};
		5F49F1282126029F0071DB49 /* Debug */ = {
			isa = XCBuildConfiguration;
			baseConfigurationReference = 5F00838821CF597E00DF9ABA /* MyMorningCoffeeTests-Debug.xcconfig */;
			buildSettings = {
			};
			name = Debug;
		};
		5F49F1292126029F0071DB49 /* Release */ = {
			isa = XCBuildConfiguration;
			baseConfigurationReference = 5F00838921CF597E00DF9ABA /* MyMorningCoffeeTests-Release.xcconfig */;
			buildSettings = {
			};
			name = Release;
		};
/* End XCBuildConfiguration section */

/* Begin XCConfigurationList section */
		5F49F1022126029D0071DB49 /* Build configuration list for PBXProject "MyMorningCoffee" */ = {
			isa = XCConfigurationList;
			buildConfigurations = (
				5F49F1222126029F0071DB49 /* Debug */,
				5F49F1232126029F0071DB49 /* Release */,
			);
			defaultConfigurationIsVisible = 0;
			defaultConfigurationName = Release;
		};
		5F49F1242126029F0071DB49 /* Build configuration list for PBXNativeTarget "MyMorningCoffee" */ = {
			isa = XCConfigurationList;
			buildConfigurations = (
				5F49F1252126029F0071DB49 /* Debug */,
				5F49F1262126029F0071DB49 /* Release */,
			);
			defaultConfigurationIsVisible = 0;
			defaultConfigurationName = Release;
		};
		5F49F1272126029F0071DB49 /* Build configuration list for PBXNativeTarget "MyMorningCoffeeTests" */ = {
			isa = XCConfigurationList;
			buildConfigurations = (
				5F49F1282126029F0071DB49 /* Debug */,
				5F49F1292126029F0071DB49 /* Release */,
			);
			defaultConfigurationIsVisible = 0;
			defaultConfigurationName = Release;
		};
/* End XCConfigurationList section */
	};
	rootObject = 5F49F0FF2126029D0071DB49 /* Project object */;
}
